
Microsoft Visual Studio Solution File, Format Version 10.00
# Visual Studio 2008
Project("{FAE04EC0-301F-11D3-BF4B-00C04F79EFBC}") = "dotNetRDF.Alexandria", "..\..\Trunk\Libraries\alexandria\dotNetRDF.Alexandria.csproj", "{6CDCEDB4-8D4F-4C51-B0CF-30B37D1518E3}"
EndProject
Project("{FAE04EC0-301F-11D3-BF4B-00C04F79EFBC}") = "alexandria-tests", "Testing\alexandria-tests\alexandria-tests.csproj", "{10CD378D-9490-4032-A615-20991215C7EC}"
EndProject
Project("{2150E333-8FDC-42A3-9474-1A3956D46DE8}") = "Solution Items", "Solution Items", "{9ABC0CFA-5FB1-4602-A2A7-53C243D59F89}"
	ProjectSection(SolutionItems) = preProject
		alexandria.testrunconfig = alexandria.testrunconfig
		dotNetRDF.Alexandria.vsmdi = dotNetRDF.Alexandria.vsmdi
		dotNetRDF.Experimental2.vsmdi = dotNetRDF.Experimental2.vsmdi
	EndProjectSection
EndProject
Project("{FAE04EC0-301F-11D3-BF4B-00C04F79EFBC}") = "dotNetRDF.Alexandria.MongoDB", "..\..\Trunk\Libraries\alexandria.mongodb\dotNetRDF.Alexandria.MongoDB.csproj", "{5976AA06-893B-4E0D-BDED-19A8515E809C}"
EndProject
Project("{FAE04EC0-301F-11D3-BF4B-00C04F79EFBC}") = "dotNetRDF", "..\..\Trunk\Libraries\core\dotNetRDF.csproj", "{BFBAC159-1E60-4D03-8ACA-D34E31EB83BF}"
EndProject
Project("{FAE04EC0-301F-11D3-BF4B-00C04F79EFBC}") = "mongodb-sparql-server", "Testing\mongodb-sparql-server\mongodb-sparql-server.csproj", "{16C2BF86-F81A-42E0-BAA1-CFFF4FB17B21}"
EndProject
Project("{FAE04EC0-301F-11D3-BF4B-00C04F79EFBC}") = "rdfLoader", "Utilities\rdfLoader\rdfLoader.csproj", "{92B6519E-4DD4-4A18-A6B1-F0ADCC4AA507}"
EndProject
Project("{FAE04EC0-301F-11D3-BF4B-00C04F79EFBC}") = "rdfDump", "Utilities\rdfDump\rdfDump.csproj", "{7F08E710-7ED8-4135-A5FF-AE6CD20C4D4B}"
EndProject
Project("{FAE04EC0-301F-11D3-BF4B-00C04F79EFBC}") = "dotNetRDF.Query.Spin", "Libraries\query.spin\dotNetRDF.Query.Spin.csproj", "{61A9BCCD-75A5-4292-BA42-E971214419A3}"
EndProject
Project("{FAE04EC0-301F-11D3-BF4B-00C04F79EFBC}") = "spin-tests", "Testing\spin-tests\spin-tests.csproj", "{9AD4F1E2-62C0-4D3F-9DE9-7989E8ABA66B}"
EndProject
Project("{FAE04EC0-301F-11D3-BF4B-00C04F79EFBC}") = "rdfPublisher", "Utilities\rdfPublisher\rdfPublisher.csproj", "{9B5281F6-C947-4619-9116-ED4DD806FF21}"
EndProject
Project("{FAE04EC0-301F-11D3-BF4B-00C04F79EFBC}") = "rdfServer", "Utilities\rdfServer\rdfServer.csproj", "{7DF4C47C-6CB5-4EC4-ABE1-956A74CB9D17}"
EndProject
Project("{FAE04EC0-301F-11D3-BF4B-00C04F79EFBC}") = "rdfServerGUI", "Utilities\rdfServerGUI\rdfServerGUI.csproj", "{BB0C0B98-00F9-4244-87DF-B4B808FF69F1}"
EndProject
Project("{FAE04EC0-301F-11D3-BF4B-00C04F79EFBC}") = "VDS.Web.Server", "Libraries\httpserver\VDS.Web.Server.csproj", "{EEDC2947-D637-4A46-BFBC-BB64BAEC4500}"
EndProject
Project("{FAE04EC0-301F-11D3-BF4B-00C04F79EFBC}") = "sparqlDown", "Utilities\sparqlDown\sparqlDown.csproj", "{FFD4CA16-FF47-40B4-9200-2FC53FEAC0E5}"
EndProject
Project("{2150E333-8FDC-42A3-9474-1A3956D46DE8}") = "Libraries", "Libraries", "{2523FCE4-CADB-492F-9F7F-28F108BA9BCE}"
EndProject
Project("{2150E333-8FDC-42A3-9474-1A3956D46DE8}") = "Testing", "Testing", "{2DF4013D-8291-43F4-B9FA-2E7116311002}"
EndProject
Project("{2150E333-8FDC-42A3-9474-1A3956D46DE8}") = "Utilities", "Utilities", "{622A9AAA-2C61-49E2-9469-0A7F61011EE0}"
EndProject
Project("{2150E333-8FDC-42A3-9474-1A3956D46DE8}") = "Misc", "Misc", "{7D622BE7-924F-4BBD-BA76-59D70B010AD6}"
EndProject
Project("{2150E333-8FDC-42A3-9474-1A3956D46DE8}") = "Data Libraries", "Data Libraries", "{E021F329-0B14-42DF-BA6A-E7912B9348BB}"
EndProject
Project("{2150E333-8FDC-42A3-9474-1A3956D46DE8}") = "Query Libraries", "Query Libraries", "{CAC0BB90-8C42-4A35-88A8-282F927036D1}"
EndProject
Project("{2150E333-8FDC-42A3-9474-1A3956D46DE8}") = "Other Libraries", "Other Libraries", "{70085857-AD75-4E8D-9E2B-CD5025DC0988}"
EndProject
Project("{2150E333-8FDC-42A3-9474-1A3956D46DE8}") = "GUI Libraries", "GUI Libraries", "{91B2267D-DF4B-4E26-9D36-AFD37C9C5BFF}"
EndProject
Project("{FAE04EC0-301F-11D3-BF4B-00C04F79EFBC}") = "rdfEditor.Core.WinForms", "Libraries\editor.winforms\rdfEditor.Core.WinForms.csproj", "{5A46BF04-125D-48DF-8E24-F7C733628E57}"
EndProject
Project("{FAE04EC0-301F-11D3-BF4B-00C04F79EFBC}") = "rdfEditor.Core", "Libraries\editor\rdfEditor.Core.csproj", "{D381CE62-3B23-4BFE-847B-912F7992075B}"
EndProject
Project("{FAE04EC0-301F-11D3-BF4B-00C04F79EFBC}") = "rdfEditor.WinForms", "Utilities\rdfEditor.WinForms\rdfEditor.WinForms.csproj", "{EDDDBEFD-D132-4908-BB0D-B49D89A4993D}"
EndProject
Project("{FAE04EC0-301F-11D3-BF4B-00C04F79EFBC}") = "dotNetRDF.WinForms", "..\..\Trunk\Libraries\gui.winforms\dotNetRDF.WinForms.csproj", "{0D1B8423-44F6-4ACE-8055-58D66E574F9D}"
EndProject
Project("{FAE04EC0-301F-11D3-BF4B-00C04F79EFBC}") = "dotNetRDF.Query.FullText", "Libraries\query.fulltext\dotNetRDF.Query.FullText.csproj", "{09097771-84FD-4DC8-A259-1CB0591714EA}"
EndProject
Project("{FAE04EC0-301F-11D3-BF4B-00C04F79EFBC}") = "dotNetRDF.Query.Geo", "Libraries\query.geo\dotNetRDF.Query.Geo.csproj", "{DF32A6A8-F459-4F7D-9B74-12C4852139C8}"
EndProject
Project("{FAE04EC0-301F-11D3-BF4B-00C04F79EFBC}") = "fulltext-tests", "Testing\fulltext-tests\fulltext-tests.csproj", "{9E89B88B-9F97-4BC7-B658-5AF24E6CBC43}"
EndProject
Project("{FAE04EC0-301F-11D3-BF4B-00C04F79EFBC}") = "dotNetRDF.Data.Sql", "..\..\Trunk\Libraries\data.sql\dotNetRDF.Data.Sql.csproj", "{9E1D685E-4E8F-4A9D-B073-51FF6C8D8661}"
EndProject
Project("{FAE04EC0-301F-11D3-BF4B-00C04F79EFBC}") = "dotNetRDF.Data.Virtuoso", "..\..\Trunk\Libraries\data.virtuoso\dotNetRDF.Data.Virtuoso.csproj", "{9088435D-24F9-4D53-BE71-9A9BFBAA34EE}"
EndProject
Global
	GlobalSection(TestCaseManagementSettings) = postSolution
		CategoryFile = dotNetRDF.Experimental2.vsmdi
	EndGlobalSection
	GlobalSection(SolutionConfigurationPlatforms) = preSolution
		Debug|Any CPU = Debug|Any CPU
		Release|Any CPU = Release|Any CPU
	EndGlobalSection
	GlobalSection(ProjectConfigurationPlatforms) = postSolution
		{6CDCEDB4-8D4F-4C51-B0CF-30B37D1518E3}.Debug|Any CPU.ActiveCfg = Debug|Any CPU
		{6CDCEDB4-8D4F-4C51-B0CF-30B37D1518E3}.Debug|Any CPU.Build.0 = Debug|Any CPU
		{6CDCEDB4-8D4F-4C51-B0CF-30B37D1518E3}.Release|Any CPU.ActiveCfg = Release|Any CPU
		{6CDCEDB4-8D4F-4C51-B0CF-30B37D1518E3}.Release|Any CPU.Build.0 = Release|Any CPU
		{10CD378D-9490-4032-A615-20991215C7EC}.Debug|Any CPU.ActiveCfg = Debug|Any CPU
		{10CD378D-9490-4032-A615-20991215C7EC}.Debug|Any CPU.Build.0 = Debug|Any CPU
		{10CD378D-9490-4032-A615-20991215C7EC}.Release|Any CPU.ActiveCfg = Release|Any CPU
		{10CD378D-9490-4032-A615-20991215C7EC}.Release|Any CPU.Build.0 = Release|Any CPU
		{5976AA06-893B-4E0D-BDED-19A8515E809C}.Debug|Any CPU.ActiveCfg = Debug|Any CPU
		{5976AA06-893B-4E0D-BDED-19A8515E809C}.Debug|Any CPU.Build.0 = Debug|Any CPU
		{5976AA06-893B-4E0D-BDED-19A8515E809C}.Release|Any CPU.ActiveCfg = Release|Any CPU
		{5976AA06-893B-4E0D-BDED-19A8515E809C}.Release|Any CPU.Build.0 = Release|Any CPU
		{BFBAC159-1E60-4D03-8ACA-D34E31EB83BF}.Debug|Any CPU.ActiveCfg = Debug|Any CPU
		{BFBAC159-1E60-4D03-8ACA-D34E31EB83BF}.Debug|Any CPU.Build.0 = Debug|Any CPU
		{BFBAC159-1E60-4D03-8ACA-D34E31EB83BF}.Release|Any CPU.ActiveCfg = Release|Any CPU
		{BFBAC159-1E60-4D03-8ACA-D34E31EB83BF}.Release|Any CPU.Build.0 = Release|Any CPU
		{16C2BF86-F81A-42E0-BAA1-CFFF4FB17B21}.Debug|Any CPU.ActiveCfg = Debug|Any CPU
		{16C2BF86-F81A-42E0-BAA1-CFFF4FB17B21}.Debug|Any CPU.Build.0 = Debug|Any CPU
		{16C2BF86-F81A-42E0-BAA1-CFFF4FB17B21}.Release|Any CPU.ActiveCfg = Release|Any CPU
		{16C2BF86-F81A-42E0-BAA1-CFFF4FB17B21}.Release|Any CPU.Build.0 = Release|Any CPU
		{92B6519E-4DD4-4A18-A6B1-F0ADCC4AA507}.Debug|Any CPU.ActiveCfg = Debug|Any CPU
		{92B6519E-4DD4-4A18-A6B1-F0ADCC4AA507}.Debug|Any CPU.Build.0 = Debug|Any CPU
		{92B6519E-4DD4-4A18-A6B1-F0ADCC4AA507}.Release|Any CPU.ActiveCfg = Release|Any CPU
		{92B6519E-4DD4-4A18-A6B1-F0ADCC4AA507}.Release|Any CPU.Build.0 = Release|Any CPU
		{7F08E710-7ED8-4135-A5FF-AE6CD20C4D4B}.Debug|Any CPU.ActiveCfg = Debug|Any CPU
		{7F08E710-7ED8-4135-A5FF-AE6CD20C4D4B}.Debug|Any CPU.Build.0 = Debug|Any CPU
		{7F08E710-7ED8-4135-A5FF-AE6CD20C4D4B}.Release|Any CPU.ActiveCfg = Release|Any CPU
		{7F08E710-7ED8-4135-A5FF-AE6CD20C4D4B}.Release|Any CPU.Build.0 = Release|Any CPU
		{61A9BCCD-75A5-4292-BA42-E971214419A3}.Debug|Any CPU.ActiveCfg = Debug|Any CPU
		{61A9BCCD-75A5-4292-BA42-E971214419A3}.Debug|Any CPU.Build.0 = Debug|Any CPU
		{61A9BCCD-75A5-4292-BA42-E971214419A3}.Release|Any CPU.ActiveCfg = Release|Any CPU
		{61A9BCCD-75A5-4292-BA42-E971214419A3}.Release|Any CPU.Build.0 = Release|Any CPU
		{9AD4F1E2-62C0-4D3F-9DE9-7989E8ABA66B}.Debug|Any CPU.ActiveCfg = Debug|Any CPU
		{9AD4F1E2-62C0-4D3F-9DE9-7989E8ABA66B}.Debug|Any CPU.Build.0 = Debug|Any CPU
		{9AD4F1E2-62C0-4D3F-9DE9-7989E8ABA66B}.Release|Any CPU.ActiveCfg = Release|Any CPU
		{9AD4F1E2-62C0-4D3F-9DE9-7989E8ABA66B}.Release|Any CPU.Build.0 = Release|Any CPU
		{9B5281F6-C947-4619-9116-ED4DD806FF21}.Debug|Any CPU.ActiveCfg = Debug|Any CPU
		{9B5281F6-C947-4619-9116-ED4DD806FF21}.Debug|Any CPU.Build.0 = Debug|Any CPU
		{9B5281F6-C947-4619-9116-ED4DD806FF21}.Release|Any CPU.ActiveCfg = Release|Any CPU
		{9B5281F6-C947-4619-9116-ED4DD806FF21}.Release|Any CPU.Build.0 = Release|Any CPU
		{7DF4C47C-6CB5-4EC4-ABE1-956A74CB9D17}.Debug|Any CPU.ActiveCfg = Debug|Any CPU
		{7DF4C47C-6CB5-4EC4-ABE1-956A74CB9D17}.Debug|Any CPU.Build.0 = Debug|Any CPU
		{7DF4C47C-6CB5-4EC4-ABE1-956A74CB9D17}.Release|Any CPU.ActiveCfg = Release|Any CPU
		{7DF4C47C-6CB5-4EC4-ABE1-956A74CB9D17}.Release|Any CPU.Build.0 = Release|Any CPU
		{BB0C0B98-00F9-4244-87DF-B4B808FF69F1}.Debug|Any CPU.ActiveCfg = Debug|Any CPU
		{BB0C0B98-00F9-4244-87DF-B4B808FF69F1}.Debug|Any CPU.Build.0 = Debug|Any CPU
		{BB0C0B98-00F9-4244-87DF-B4B808FF69F1}.Release|Any CPU.ActiveCfg = Release|Any CPU
		{BB0C0B98-00F9-4244-87DF-B4B808FF69F1}.Release|Any CPU.Build.0 = Release|Any CPU
		{EEDC2947-D637-4A46-BFBC-BB64BAEC4500}.Debug|Any CPU.ActiveCfg = Debug|Any CPU
		{EEDC2947-D637-4A46-BFBC-BB64BAEC4500}.Debug|Any CPU.Build.0 = Debug|Any CPU
		{EEDC2947-D637-4A46-BFBC-BB64BAEC4500}.Release|Any CPU.ActiveCfg = Release|Any CPU
		{EEDC2947-D637-4A46-BFBC-BB64BAEC4500}.Release|Any CPU.Build.0 = Release|Any CPU
		{FFD4CA16-FF47-40B4-9200-2FC53FEAC0E5}.Debug|Any CPU.ActiveCfg = Debug|Any CPU
		{FFD4CA16-FF47-40B4-9200-2FC53FEAC0E5}.Debug|Any CPU.Build.0 = Debug|Any CPU
		{FFD4CA16-FF47-40B4-9200-2FC53FEAC0E5}.Release|Any CPU.ActiveCfg = Release|Any CPU
		{FFD4CA16-FF47-40B4-9200-2FC53FEAC0E5}.Release|Any CPU.Build.0 = Release|Any CPU
		{5A46BF04-125D-48DF-8E24-F7C733628E57}.Debug|Any CPU.ActiveCfg = Debug|Any CPU
		{5A46BF04-125D-48DF-8E24-F7C733628E57}.Debug|Any CPU.Build.0 = Debug|Any CPU
		{5A46BF04-125D-48DF-8E24-F7C733628E57}.Release|Any CPU.ActiveCfg = Release|Any CPU
		{5A46BF04-125D-48DF-8E24-F7C733628E57}.Release|Any CPU.Build.0 = Release|Any CPU
		{D381CE62-3B23-4BFE-847B-912F7992075B}.Debug|Any CPU.ActiveCfg = Debug|Any CPU
		{D381CE62-3B23-4BFE-847B-912F7992075B}.Debug|Any CPU.Build.0 = Debug|Any CPU
		{D381CE62-3B23-4BFE-847B-912F7992075B}.Release|Any CPU.ActiveCfg = Release|Any CPU
		{D381CE62-3B23-4BFE-847B-912F7992075B}.Release|Any CPU.Build.0 = Release|Any CPU
		{EDDDBEFD-D132-4908-BB0D-B49D89A4993D}.Debug|Any CPU.ActiveCfg = Debug|Any CPU
		{EDDDBEFD-D132-4908-BB0D-B49D89A4993D}.Debug|Any CPU.Build.0 = Debug|Any CPU
		{EDDDBEFD-D132-4908-BB0D-B49D89A4993D}.Release|Any CPU.ActiveCfg = Release|Any CPU
		{EDDDBEFD-D132-4908-BB0D-B49D89A4993D}.Release|Any CPU.Build.0 = Release|Any CPU
		{0D1B8423-44F6-4ACE-8055-58D66E574F9D}.Debug|Any CPU.ActiveCfg = Debug|Any CPU
		{0D1B8423-44F6-4ACE-8055-58D66E574F9D}.Debug|Any CPU.Build.0 = Debug|Any CPU
		{0D1B8423-44F6-4ACE-8055-58D66E574F9D}.Release|Any CPU.ActiveCfg = Release|Any CPU
		{0D1B8423-44F6-4ACE-8055-58D66E574F9D}.Release|Any CPU.Build.0 = Release|Any CPU
		{09097771-84FD-4DC8-A259-1CB0591714EA}.Debug|Any CPU.ActiveCfg = Debug|Any CPU
		{09097771-84FD-4DC8-A259-1CB0591714EA}.Debug|Any CPU.Build.0 = Debug|Any CPU
		{09097771-84FD-4DC8-A259-1CB0591714EA}.Release|Any CPU.ActiveCfg = Release|Any CPU
		{09097771-84FD-4DC8-A259-1CB0591714EA}.Release|Any CPU.Build.0 = Release|Any CPU
		{DF32A6A8-F459-4F7D-9B74-12C4852139C8}.Debug|Any CPU.ActiveCfg = Debug|Any CPU
		{DF32A6A8-F459-4F7D-9B74-12C4852139C8}.Debug|Any CPU.Build.0 = Debug|Any CPU
		{DF32A6A8-F459-4F7D-9B74-12C4852139C8}.Release|Any CPU.ActiveCfg = Release|Any CPU
		{DF32A6A8-F459-4F7D-9B74-12C4852139C8}.Release|Any CPU.Build.0 = Release|Any CPU
		{9E89B88B-9F97-4BC7-B658-5AF24E6CBC43}.Debug|Any CPU.ActiveCfg = Debug|Any CPU
		{9E89B88B-9F97-4BC7-B658-5AF24E6CBC43}.Debug|Any CPU.Build.0 = Debug|Any CPU
		{9E89B88B-9F97-4BC7-B658-5AF24E6CBC43}.Release|Any CPU.ActiveCfg = Release|Any CPU
		{9E89B88B-9F97-4BC7-B658-5AF24E6CBC43}.Release|Any CPU.Build.0 = Release|Any CPU
		{9E1D685E-4E8F-4A9D-B073-51FF6C8D8661}.Debug|Any CPU.ActiveCfg = Debug|Any CPU
		{9E1D685E-4E8F-4A9D-B073-51FF6C8D8661}.Debug|Any CPU.Build.0 = Debug|Any CPU
		{9E1D685E-4E8F-4A9D-B073-51FF6C8D8661}.Release|Any CPU.ActiveCfg = Release|Any CPU
		{9E1D685E-4E8F-4A9D-B073-51FF6C8D8661}.Release|Any CPU.Build.0 = Release|Any CPU
		{9088435D-24F9-4D53-BE71-9A9BFBAA34EE}.Debug|Any CPU.ActiveCfg = Debug|Any CPU
		{9088435D-24F9-4D53-BE71-9A9BFBAA34EE}.Debug|Any CPU.Build.0 = Debug|Any CPU
		{9088435D-24F9-4D53-BE71-9A9BFBAA34EE}.Release|Any CPU.ActiveCfg = Release|Any CPU
		{9088435D-24F9-4D53-BE71-9A9BFBAA34EE}.Release|Any CPU.Build.0 = Release|Any CPU
	EndGlobalSection
	GlobalSection(SolutionProperties) = preSolution
		HideSolutionNode = FALSE
	EndGlobalSection
	GlobalSection(NestedProjects) = preSolution
		{E021F329-0B14-42DF-BA6A-E7912B9348BB} = {2523FCE4-CADB-492F-9F7F-28F108BA9BCE}
		{BFBAC159-1E60-4D03-8ACA-D34E31EB83BF} = {2523FCE4-CADB-492F-9F7F-28F108BA9BCE}
		{CAC0BB90-8C42-4A35-88A8-282F927036D1} = {2523FCE4-CADB-492F-9F7F-28F108BA9BCE}
		{70085857-AD75-4E8D-9E2B-CD5025DC0988} = {2523FCE4-CADB-492F-9F7F-28F108BA9BCE}
		{91B2267D-DF4B-4E26-9D36-AFD37C9C5BFF} = {2523FCE4-CADB-492F-9F7F-28F108BA9BCE}
		{16C2BF86-F81A-42E0-BAA1-CFFF4FB17B21} = {2DF4013D-8291-43F4-B9FA-2E7116311002}
		{9AD4F1E2-62C0-4D3F-9DE9-7989E8ABA66B} = {2DF4013D-8291-43F4-B9FA-2E7116311002}
		{10CD378D-9490-4032-A615-20991215C7EC} = {2DF4013D-8291-43F4-B9FA-2E7116311002}
		{9E89B88B-9F97-4BC7-B658-5AF24E6CBC43} = {2DF4013D-8291-43F4-B9FA-2E7116311002}
		{6CDCEDB4-8D4F-4C51-B0CF-30B37D1518E3} = {E021F329-0B14-42DF-BA6A-E7912B9348BB}
		{5976AA06-893B-4E0D-BDED-19A8515E809C} = {E021F329-0B14-42DF-BA6A-E7912B9348BB}
		{9E1D685E-4E8F-4A9D-B073-51FF6C8D8661} = {E021F329-0B14-42DF-BA6A-E7912B9348BB}
		{9088435D-24F9-4D53-BE71-9A9BFBAA34EE} = {E021F329-0B14-42DF-BA6A-E7912B9348BB}
		{7F08E710-7ED8-4135-A5FF-AE6CD20C4D4B} = {622A9AAA-2C61-49E2-9469-0A7F61011EE0}
		{9B5281F6-C947-4619-9116-ED4DD806FF21} = {622A9AAA-2C61-49E2-9469-0A7F61011EE0}
		{7DF4C47C-6CB5-4EC4-ABE1-956A74CB9D17} = {622A9AAA-2C61-49E2-9469-0A7F61011EE0}
		{BB0C0B98-00F9-4244-87DF-B4B808FF69F1} = {622A9AAA-2C61-49E2-9469-0A7F61011EE0}
		{92B6519E-4DD4-4A18-A6B1-F0ADCC4AA507} = {622A9AAA-2C61-49E2-9469-0A7F61011EE0}
		{EDDDBEFD-D132-4908-BB0D-B49D89A4993D} = {622A9AAA-2C61-49E2-9469-0A7F61011EE0}
		{61A9BCCD-75A5-4292-BA42-E971214419A3} = {CAC0BB90-8C42-4A35-88A8-282F927036D1}
		{09097771-84FD-4DC8-A259-1CB0591714EA} = {CAC0BB90-8C42-4A35-88A8-282F927036D1}
		{DF32A6A8-F459-4F7D-9B74-12C4852139C8} = {CAC0BB90-8C42-4A35-88A8-282F927036D1}
		{EEDC2947-D637-4A46-BFBC-BB64BAEC4500} = {70085857-AD75-4E8D-9E2B-CD5025DC0988}
		{FFD4CA16-FF47-40B4-9200-2FC53FEAC0E5} = {7D622BE7-924F-4BBD-BA76-59D70B010AD6}
		{5A46BF04-125D-48DF-8E24-F7C733628E57} = {91B2267D-DF4B-4E26-9D36-AFD37C9C5BFF}
		{D381CE62-3B23-4BFE-847B-912F7992075B} = {91B2267D-DF4B-4E26-9D36-AFD37C9C5BFF}
		{0D1B8423-44F6-4ACE-8055-58D66E574F9D} = {91B2267D-DF4B-4E26-9D36-AFD37C9C5BFF}
	EndGlobalSection
EndGlobal
