
Microsoft Visual Studio Solution File, Format Version 12.00
# Visual Studio 15
VisualStudioVersion = 15.0.27130.2024
MinimumVisualStudioVersion = 10.0.40219.1
Project("{9A19103F-16F7-4668-BE54-9A1E7A4F7556}") = "unittest", "Testing\unittest\unittest.csproj", "{B4F759B9-A588-4192-B835-787805C14537}"
EndProject
Project("{9A19103F-16F7-4668-BE54-9A1E7A4F7556}") = "dotNetRDF", "Libraries\dotNetRDF\dotNetRDF.csproj", "{E15FB081-7398-4ADB-906B-98C2D41B23D0}"
EndProject
Project("{2150E333-8FDC-42A3-9474-1A3956D46DE8}") = "Testing", "Testing", "{E07ACDDB-D5EB-4612-95D9-215EC400B1DA}"
EndProject
Project("{2150E333-8FDC-42A3-9474-1A3956D46DE8}") = "Libraries", "Libraries", "{7FF07182-2968-4B44-8392-6C6737331946}"
EndProject
Global
	GlobalSection(SolutionConfigurationPlatforms) = preSolution
		Debug|Any CPU = Debug|Any CPU
		Release|Any CPU = Release|Any CPU
	EndGlobalSection
	GlobalSection(ProjectConfigurationPlatforms) = postSolution
		{B4F759B9-A588-4192-B835-787805C14537}.Debug|Any CPU.ActiveCfg = Debug|Any CPU
		{B4F759B9-A588-4192-B835-787805C14537}.Debug|Any CPU.Build.0 = Debug|Any CPU
		{B4F759B9-A588-4192-B835-787805C14537}.Release|Any CPU.ActiveCfg = Release|Any CPU
		{B4F759B9-A588-4192-B835-787805C14537}.Release|Any CPU.Build.0 = Release|Any CPU
		{E15FB081-7398-4ADB-906B-98C2D41B23D0}.Debug|Any CPU.ActiveCfg = Debug|Any CPU
		{E15FB081-7398-4ADB-906B-98C2D41B23D0}.Debug|Any CPU.Build.0 = Debug|Any CPU
		{E15FB081-7398-4ADB-906B-98C2D41B23D0}.Release|Any CPU.ActiveCfg = Release|Any CPU
		{E15FB081-7398-4ADB-906B-98C2D41B23D0}.Release|Any CPU.Build.0 = Release|Any CPU
	EndGlobalSection
	GlobalSection(SolutionProperties) = preSolution
		HideSolutionNode = FALSE
	EndGlobalSection
	GlobalSection(NestedProjects) = preSolution
		{B4F759B9-A588-4192-B835-787805C14537} = {E07ACDDB-D5EB-4612-95D9-215EC400B1DA}
		{E15FB081-7398-4ADB-906B-98C2D41B23D0} = {7FF07182-2968-4B44-8392-6C6737331946}
	EndGlobalSection
	GlobalSection(ExtensibilityGlobals) = postSolution
		SolutionGuid = {4EF8067D-7AD9-497F-B632-05FE488653E0}
	EndGlobalSection
EndGlobal
