
Microsoft Visual Studio Solution File, Format Version 10.00
# Visual Studio 2008
Project("{FAE04EC0-301F-11D3-BF4B-00C04F79EFBC}") = "dotNetRDF.Linq", "Libraries\linq\dotNetRDF.Linq.csproj", "{DCB04931-F2F1-45CA-B857-233D7B0AC615}"
EndProject
Project("{FAE04EC0-301F-11D3-BF4B-00C04F79EFBC}") = "rdfMetal", "Utilities\rdfMetal\rdfMetal.csproj", "{C7765FC0-D249-47F4-9F99-7C7E8ADEA1FC}"
EndProject
Project("{FAE04EC0-301F-11D3-BF4B-00C04F79EFBC}") = "dotNetRDF", "Libraries\core\dotNetRDF.csproj", "{BFBAC159-1E60-4D03-8ACA-D34E31EB83BF}"
EndProject
Project("{FAE04EC0-301F-11D3-BF4B-00C04F79EFBC}") = "unit-tests", "Testing\linq-tests\unit-tests\linq-unit-tests.csproj", "{8BAC4EF7-87A2-4B85-B4ED-AFE9D38A8DB5}"
EndProject
Project("{FAE04EC0-301F-11D3-BF4B-00C04F79EFBC}") = "rdf-music", "Testing\linq-tests\rdf-music\rdf-music.csproj", "{C1B5CACB-CCC2-4440-ADE2-CE4FF9A5EFE1}"
EndProject
Project("{FAE04EC0-301F-11D3-BF4B-00C04F79EFBC}") = "linq-sparql-endpoint", "Testing\linq-tests\linq-sparql-endpoint\linq-sparql-endpoint.csproj", "{9AB047D1-4F00-449A-9EEB-AC82D22C26C0}"
EndProject
Global
	GlobalSection(SolutionConfigurationPlatforms) = preSolution
		Debug|Any CPU = Debug|Any CPU
		Release|Any CPU = Release|Any CPU
	EndGlobalSection
	GlobalSection(ProjectConfigurationPlatforms) = postSolution
		{DCB04931-F2F1-45CA-B857-233D7B0AC615}.Debug|Any CPU.ActiveCfg = Debug|Any CPU
		{DCB04931-F2F1-45CA-B857-233D7B0AC615}.Debug|Any CPU.Build.0 = Debug|Any CPU
		{DCB04931-F2F1-45CA-B857-233D7B0AC615}.Release|Any CPU.ActiveCfg = Release|Any CPU
		{DCB04931-F2F1-45CA-B857-233D7B0AC615}.Release|Any CPU.Build.0 = Release|Any CPU
		{C7765FC0-D249-47F4-9F99-7C7E8ADEA1FC}.Debug|Any CPU.ActiveCfg = Debug|Any CPU
		{C7765FC0-D249-47F4-9F99-7C7E8ADEA1FC}.Debug|Any CPU.Build.0 = Debug|Any CPU
		{C7765FC0-D249-47F4-9F99-7C7E8ADEA1FC}.Release|Any CPU.ActiveCfg = Release|Any CPU
		{C7765FC0-D249-47F4-9F99-7C7E8ADEA1FC}.Release|Any CPU.Build.0 = Release|Any CPU
		{BFBAC159-1E60-4D03-8ACA-D34E31EB83BF}.Debug|Any CPU.ActiveCfg = Debug|Any CPU
		{BFBAC159-1E60-4D03-8ACA-D34E31EB83BF}.Debug|Any CPU.Build.0 = Debug|Any CPU
		{BFBAC159-1E60-4D03-8ACA-D34E31EB83BF}.Release|Any CPU.ActiveCfg = Release|Any CPU
		{BFBAC159-1E60-4D03-8ACA-D34E31EB83BF}.Release|Any CPU.Build.0 = Release|Any CPU
		{8BAC4EF7-87A2-4B85-B4ED-AFE9D38A8DB5}.Debug|Any CPU.ActiveCfg = Debug|Any CPU
		{8BAC4EF7-87A2-4B85-B4ED-AFE9D38A8DB5}.Debug|Any CPU.Build.0 = Debug|Any CPU
		{8BAC4EF7-87A2-4B85-B4ED-AFE9D38A8DB5}.Release|Any CPU.ActiveCfg = Release|Any CPU
		{8BAC4EF7-87A2-4B85-B4ED-AFE9D38A8DB5}.Release|Any CPU.Build.0 = Release|Any CPU
		{C1B5CACB-CCC2-4440-ADE2-CE4FF9A5EFE1}.Debug|Any CPU.ActiveCfg = Debug|Any CPU
		{C1B5CACB-CCC2-4440-ADE2-CE4FF9A5EFE1}.Debug|Any CPU.Build.0 = Debug|Any CPU
		{C1B5CACB-CCC2-4440-ADE2-CE4FF9A5EFE1}.Release|Any CPU.ActiveCfg = Release|Any CPU
		{C1B5CACB-CCC2-4440-ADE2-CE4FF9A5EFE1}.Release|Any CPU.Build.0 = Release|Any CPU
		{9AB047D1-4F00-449A-9EEB-AC82D22C26C0}.Debug|Any CPU.ActiveCfg = Debug|Any CPU
		{9AB047D1-4F00-449A-9EEB-AC82D22C26C0}.Debug|Any CPU.Build.0 = Debug|Any CPU
		{9AB047D1-4F00-449A-9EEB-AC82D22C26C0}.Release|Any CPU.ActiveCfg = Release|Any CPU
		{9AB047D1-4F00-449A-9EEB-AC82D22C26C0}.Release|Any CPU.Build.0 = Release|Any CPU
	EndGlobalSection
	GlobalSection(SolutionProperties) = preSolution
		HideSolutionNode = FALSE
	EndGlobalSection
EndGlobal
