
Microsoft Visual Studio Solution File, Format Version 10.00
# Visual Studio 2008
Project("{FAE04EC0-301F-11D3-BF4B-00C04F79EFBC}") = "dotNetRDF", "Libraries\core\dotNetRDF.csproj", "{BFBAC159-1E60-4D03-8ACA-D34E31EB83BF}"
	ProjectSection(ProjectDependencies) = postProject
		{DD6CFF05-A475-4E32-8743-58A3C3FFC1FA} = {DD6CFF05-A475-4E32-8743-58A3C3FFC1FA}
	EndProjectSection
EndProject
Project("{FAE04EC0-301F-11D3-BF4B-00C04F79EFBC}") = "dotNetRDFTest", "Testing\testsuite\dotNetRDFTest.csproj", "{EBCF6F50-7879-4C91-9021-67E0DA05564C}"
EndProject
Project("{FAE04EC0-301F-11D3-BF4B-00C04F79EFBC}") = "SPARQLEndpointDemo", "Samples\sparqldemo\SPARQLEndpointDemo.csproj", "{476FD77E-8F98-4CB2-AB74-D24D4B805556}"
EndProject
Project("{FAE04EC0-301F-11D3-BF4B-00C04F79EFBC}") = "BSBM", "Utilities\bsbm\BSBM.csproj", "{38C7644F-11E4-4C98-A82B-63A9AC8D17AA}"
EndProject
Project("{FAE04EC0-301F-11D3-BF4B-00C04F79EFBC}") = "dotNetRDFUnitTests", "Testing\unittest\dotNetRDFUnitTests.csproj", "{BD80F826-56A3-4A88-B466-DDFA0691FFB8}"
EndProject
Project("{2150E333-8FDC-42A3-9474-1A3956D46DE8}") = "Solution Items", "Solution Items", "{8AF0B3BE-7B01-45FF-8EA5-CCF0C596F7E7}"
	ProjectSection(SolutionItems) = preProject
		Build\nant\dotnetrdf.build = Build\nant\dotnetrdf.build
		dotNetRDF.vsmdi = dotNetRDF.vsmdi
		Utilities\ReadMe.txt = Utilities\ReadMe.txt
		Tests.testrunconfig = Tests.testrunconfig
		Todo.txt = Todo.txt
	EndProjectSection
EndProject
Project("{FAE04EC0-301F-11D3-BF4B-00C04F79EFBC}") = "ParserGUI", "Utilities\parsergui\ParserGUI.csproj", "{8A8256F2-B441-41E1-B9E8-F2FCAEAD012A}"
EndProject
Project("{FAE04EC0-301F-11D3-BF4B-00C04F79EFBC}") = "StoreManager", "Utilities\storemanager\StoreManager.csproj", "{5B73EE4C-D365-437B-B3DC-8D8831BF74F3}"
EndProject
Project("{FAE04EC0-301F-11D3-BF4B-00C04F79EFBC}") = "VirtuosoSample", "Samples\virtuoso\VirtuosoSample.csproj", "{4904C1E6-851F-4910-B947-5A1C3B0E789B}"
EndProject
Project("{FAE04EC0-301F-11D3-BF4B-00C04F79EFBC}") = "SparqlGUI", "Utilities\SparqlGUI\SparqlGUI.csproj", "{BBD4CD30-FCB8-45B5-8AEF-F1D4192BC8B2}"
EndProject
Project("{FAE04EC0-301F-11D3-BF4B-00C04F79EFBC}") = "WebDemos", "Samples\WebDemos\WebDemos.csproj", "{A94A8072-04EB-4D9B-96A8-82C3C3CA21CD}"
EndProject
Project("{FAE04EC0-301F-11D3-BF4B-00C04F79EFBC}") = "dotNetRDF.LinkedData", "Libraries\linkeddata\dotNetRDF.LinkedData.csproj", "{D3674418-0210-4B0A-91F9-1A272C75A6D1}"
EndProject
Project("{FAE04EC0-301F-11D3-BF4B-00C04F79EFBC}") = "rdfConvert", "Utilities\rdfConvert\rdfConvert.csproj", "{A33041FF-1521-4CA0-BF53-AFB1C1BBF086}"
EndProject
Project("{FAE04EC0-301F-11D3-BF4B-00C04F79EFBC}") = "AllegroGraphIndexer", "Utilities\AllegroGraphIndexer\AllegroGraphIndexer.csproj", "{2517ED98-1B78-4B6E-93C1-8DFE58F01547}"
EndProject
Project("{FAE04EC0-301F-11D3-BF4B-00C04F79EFBC}") = "rdfQuery", "Utilities\rdfQuery\rdfQuery.csproj", "{E86A1442-C73E-415F-8C67-0F6D79BBB1C3}"
EndProject
Project("{FAE04EC0-301F-11D3-BF4B-00C04F79EFBC}") = "rdfWebDeploy", "Utilities\rdfWebDeploy\rdfWebDeploy.csproj", "{20AB4681-8D42-459E-84C4-729A9E72BF94}"
EndProject
Project("{FAE04EC0-301F-11D3-BF4B-00C04F79EFBC}") = "rdfEditor", "Utilities\rdfEditor\rdfEditor.csproj", "{F8006AE8-6107-4297-9E19-C2E55303FCC6}"
EndProject
Project("{FAE04EC0-301F-11D3-BF4B-00C04F79EFBC}") = "ExportCoreContentsToTemplate", "Build\ExportCoreContentsToTemplate\ExportCoreContentsToTemplate.csproj", "{DD6CFF05-A475-4E32-8743-58A3C3FFC1FA}"
EndProject
Project("{FAE04EC0-301F-11D3-BF4B-00C04F79EFBC}") = "dotNetRDF.Linq", "Libraries\linq\dotNetRDF.Linq.csproj", "{DCB04931-F2F1-45CA-B857-233D7B0AC615}"
EndProject
Project("{FAE04EC0-301F-11D3-BF4B-00C04F79EFBC}") = "rdfMetal", "Utilities\RdfMetal\rdfMetal.csproj", "{C7765FC0-D249-47F4-9F99-7C7E8ADEA1FC}"
EndProject
Project("{FAE04EC0-301F-11D3-BF4B-00C04F79EFBC}") = "linq-sparql-endpoint", "Testing\linq-tests\linq-sparql-endpoint\linq-sparql-endpoint.csproj", "{9AB047D1-4F00-449A-9EEB-AC82D22C26C0}"
EndProject
Project("{FAE04EC0-301F-11D3-BF4B-00C04F79EFBC}") = "rdf-music", "Testing\linq-tests\rdf-music\rdf-music.csproj", "{C1B5CACB-CCC2-4440-ADE2-CE4FF9A5EFE1}"
EndProject
Project("{FAE04EC0-301F-11D3-BF4B-00C04F79EFBC}") = "linq-unit-tests", "Testing\linq-tests\unit-tests\linq-unit-tests.csproj", "{8BAC4EF7-87A2-4B85-B4ED-AFE9D38A8DB5}"
EndProject
Project("{FAE04EC0-301F-11D3-BF4B-00C04F79EFBC}") = "dotNetRDF.Interop.SemWeb", "Libraries\interop.semweb\dotNetRDF.Interop.SemWeb.csproj", "{21512DB9-2795-4ED0-B3DB-910499A9D8AC}"
EndProject
Project("{FAE04EC0-301F-11D3-BF4B-00C04F79EFBC}") = "dotNetRDF.Interop.Jena", "Libraries\interop.jena\dotNetRDF.Interop.Jena.csproj", "{5DF56038-7FEE-40DA-92D5-49932924A32A}"
EndProject
Project("{FAE04EC0-301F-11D3-BF4B-00C04F79EFBC}") = "dotNetRDF.Interop.Intellidimension", "Libraries\interop.intellidimension\dotNetRDF.Interop.Intellidimension.csproj", "{75FA7643-E296-4ACB-A66B-DEE6C296CCF8}"
EndProject
Project("{FAE04EC0-301F-11D3-BF4B-00C04F79EFBC}") = "dotNetRDF.Interop.Sesame", "Libraries\interop.sesame\dotNetRDF.Interop.Sesame.csproj", "{9DA322E0-8DEC-4C47-B109-66773478BB61}"
EndProject
Project("{FAE04EC0-301F-11D3-BF4B-00C04F79EFBC}") = "dotNetRDF.Alexandria", "Libraries\alexandria\dotNetRDF.Alexandria.csproj", "{6CDCEDB4-8D4F-4C51-B0CF-30B37D1518E3}"
EndProject
Project("{FAE04EC0-301F-11D3-BF4B-00C04F79EFBC}") = "dotNetRDF.Alexandria.MongoDB", "Libraries\alexandria.mongodb\dotNetRDF.Alexandria.MongoDB.csproj", "{5976AA06-893B-4E0D-BDED-19A8515E809C}"
EndProject
Project("{FAE04EC0-301F-11D3-BF4B-00C04F79EFBC}") = "soh", "Utilities\soh\soh.csproj", "{158872DD-31B7-4DF7-8950-A9547CC220C2}"
EndProject
Global
	GlobalSection(SolutionConfigurationPlatforms) = preSolution
		Debug|Any CPU = Debug|Any CPU
		Release|Any CPU = Release|Any CPU
	EndGlobalSection
	GlobalSection(ProjectConfigurationPlatforms) = postSolution
		{BFBAC159-1E60-4D03-8ACA-D34E31EB83BF}.Debug|Any CPU.ActiveCfg = Debug|Any CPU
		{BFBAC159-1E60-4D03-8ACA-D34E31EB83BF}.Debug|Any CPU.Build.0 = Debug|Any CPU
		{BFBAC159-1E60-4D03-8ACA-D34E31EB83BF}.Release|Any CPU.ActiveCfg = Release|Any CPU
		{BFBAC159-1E60-4D03-8ACA-D34E31EB83BF}.Release|Any CPU.Build.0 = Release|Any CPU
		{EBCF6F50-7879-4C91-9021-67E0DA05564C}.Debug|Any CPU.ActiveCfg = Debug|Any CPU
		{EBCF6F50-7879-4C91-9021-67E0DA05564C}.Debug|Any CPU.Build.0 = Debug|Any CPU
		{EBCF6F50-7879-4C91-9021-67E0DA05564C}.Release|Any CPU.ActiveCfg = Release|Any CPU
		{EBCF6F50-7879-4C91-9021-67E0DA05564C}.Release|Any CPU.Build.0 = Release|Any CPU
		{476FD77E-8F98-4CB2-AB74-D24D4B805556}.Debug|Any CPU.ActiveCfg = Debug|Any CPU
		{476FD77E-8F98-4CB2-AB74-D24D4B805556}.Debug|Any CPU.Build.0 = Debug|Any CPU
		{476FD77E-8F98-4CB2-AB74-D24D4B805556}.Release|Any CPU.ActiveCfg = Release|Any CPU
		{476FD77E-8F98-4CB2-AB74-D24D4B805556}.Release|Any CPU.Build.0 = Release|Any CPU
		{38C7644F-11E4-4C98-A82B-63A9AC8D17AA}.Debug|Any CPU.ActiveCfg = Debug|Any CPU
		{38C7644F-11E4-4C98-A82B-63A9AC8D17AA}.Debug|Any CPU.Build.0 = Debug|Any CPU
		{38C7644F-11E4-4C98-A82B-63A9AC8D17AA}.Release|Any CPU.ActiveCfg = Release|Any CPU
		{38C7644F-11E4-4C98-A82B-63A9AC8D17AA}.Release|Any CPU.Build.0 = Release|Any CPU
		{BD80F826-56A3-4A88-B466-DDFA0691FFB8}.Debug|Any CPU.ActiveCfg = Debug|Any CPU
		{BD80F826-56A3-4A88-B466-DDFA0691FFB8}.Debug|Any CPU.Build.0 = Debug|Any CPU
		{BD80F826-56A3-4A88-B466-DDFA0691FFB8}.Release|Any CPU.ActiveCfg = Release|Any CPU
		{BD80F826-56A3-4A88-B466-DDFA0691FFB8}.Release|Any CPU.Build.0 = Release|Any CPU
		{8A8256F2-B441-41E1-B9E8-F2FCAEAD012A}.Debug|Any CPU.ActiveCfg = Debug|Any CPU
		{8A8256F2-B441-41E1-B9E8-F2FCAEAD012A}.Debug|Any CPU.Build.0 = Debug|Any CPU
		{8A8256F2-B441-41E1-B9E8-F2FCAEAD012A}.Release|Any CPU.ActiveCfg = Release|Any CPU
		{8A8256F2-B441-41E1-B9E8-F2FCAEAD012A}.Release|Any CPU.Build.0 = Release|Any CPU
		{5B73EE4C-D365-437B-B3DC-8D8831BF74F3}.Debug|Any CPU.ActiveCfg = Debug|Any CPU
		{5B73EE4C-D365-437B-B3DC-8D8831BF74F3}.Debug|Any CPU.Build.0 = Debug|Any CPU
		{5B73EE4C-D365-437B-B3DC-8D8831BF74F3}.Release|Any CPU.ActiveCfg = Release|Any CPU
		{5B73EE4C-D365-437B-B3DC-8D8831BF74F3}.Release|Any CPU.Build.0 = Release|Any CPU
		{4904C1E6-851F-4910-B947-5A1C3B0E789B}.Debug|Any CPU.ActiveCfg = Debug|Any CPU
		{4904C1E6-851F-4910-B947-5A1C3B0E789B}.Debug|Any CPU.Build.0 = Debug|Any CPU
		{4904C1E6-851F-4910-B947-5A1C3B0E789B}.Release|Any CPU.ActiveCfg = Release|Any CPU
		{4904C1E6-851F-4910-B947-5A1C3B0E789B}.Release|Any CPU.Build.0 = Release|Any CPU
		{BBD4CD30-FCB8-45B5-8AEF-F1D4192BC8B2}.Debug|Any CPU.ActiveCfg = Debug|Any CPU
		{BBD4CD30-FCB8-45B5-8AEF-F1D4192BC8B2}.Debug|Any CPU.Build.0 = Debug|Any CPU
		{BBD4CD30-FCB8-45B5-8AEF-F1D4192BC8B2}.Release|Any CPU.ActiveCfg = Release|Any CPU
		{BBD4CD30-FCB8-45B5-8AEF-F1D4192BC8B2}.Release|Any CPU.Build.0 = Release|Any CPU
		{A94A8072-04EB-4D9B-96A8-82C3C3CA21CD}.Debug|Any CPU.ActiveCfg = Debug|Any CPU
		{A94A8072-04EB-4D9B-96A8-82C3C3CA21CD}.Debug|Any CPU.Build.0 = Debug|Any CPU
		{A94A8072-04EB-4D9B-96A8-82C3C3CA21CD}.Release|Any CPU.ActiveCfg = Release|Any CPU
		{A94A8072-04EB-4D9B-96A8-82C3C3CA21CD}.Release|Any CPU.Build.0 = Release|Any CPU
		{D3674418-0210-4B0A-91F9-1A272C75A6D1}.Debug|Any CPU.ActiveCfg = Debug|Any CPU
		{D3674418-0210-4B0A-91F9-1A272C75A6D1}.Debug|Any CPU.Build.0 = Debug|Any CPU
		{D3674418-0210-4B0A-91F9-1A272C75A6D1}.Release|Any CPU.ActiveCfg = Release|Any CPU
		{D3674418-0210-4B0A-91F9-1A272C75A6D1}.Release|Any CPU.Build.0 = Release|Any CPU
		{A33041FF-1521-4CA0-BF53-AFB1C1BBF086}.Debug|Any CPU.ActiveCfg = Debug|Any CPU
		{A33041FF-1521-4CA0-BF53-AFB1C1BBF086}.Debug|Any CPU.Build.0 = Debug|Any CPU
		{A33041FF-1521-4CA0-BF53-AFB1C1BBF086}.Release|Any CPU.ActiveCfg = Release|Any CPU
		{A33041FF-1521-4CA0-BF53-AFB1C1BBF086}.Release|Any CPU.Build.0 = Release|Any CPU
		{2517ED98-1B78-4B6E-93C1-8DFE58F01547}.Debug|Any CPU.ActiveCfg = Debug|Any CPU
		{2517ED98-1B78-4B6E-93C1-8DFE58F01547}.Debug|Any CPU.Build.0 = Debug|Any CPU
		{2517ED98-1B78-4B6E-93C1-8DFE58F01547}.Release|Any CPU.ActiveCfg = Release|Any CPU
		{2517ED98-1B78-4B6E-93C1-8DFE58F01547}.Release|Any CPU.Build.0 = Release|Any CPU
		{E86A1442-C73E-415F-8C67-0F6D79BBB1C3}.Debug|Any CPU.ActiveCfg = Debug|Any CPU
		{E86A1442-C73E-415F-8C67-0F6D79BBB1C3}.Debug|Any CPU.Build.0 = Debug|Any CPU
		{E86A1442-C73E-415F-8C67-0F6D79BBB1C3}.Release|Any CPU.ActiveCfg = Release|Any CPU
		{E86A1442-C73E-415F-8C67-0F6D79BBB1C3}.Release|Any CPU.Build.0 = Release|Any CPU
		{20AB4681-8D42-459E-84C4-729A9E72BF94}.Debug|Any CPU.ActiveCfg = Debug|Any CPU
		{20AB4681-8D42-459E-84C4-729A9E72BF94}.Debug|Any CPU.Build.0 = Debug|Any CPU
		{20AB4681-8D42-459E-84C4-729A9E72BF94}.Release|Any CPU.ActiveCfg = Release|Any CPU
		{20AB4681-8D42-459E-84C4-729A9E72BF94}.Release|Any CPU.Build.0 = Release|Any CPU
		{F8006AE8-6107-4297-9E19-C2E55303FCC6}.Debug|Any CPU.ActiveCfg = Debug|Any CPU
		{F8006AE8-6107-4297-9E19-C2E55303FCC6}.Debug|Any CPU.Build.0 = Debug|Any CPU
		{F8006AE8-6107-4297-9E19-C2E55303FCC6}.Release|Any CPU.ActiveCfg = Release|Any CPU
		{F8006AE8-6107-4297-9E19-C2E55303FCC6}.Release|Any CPU.Build.0 = Release|Any CPU
		{DD6CFF05-A475-4E32-8743-58A3C3FFC1FA}.Debug|Any CPU.ActiveCfg = Debug|Any CPU
		{DD6CFF05-A475-4E32-8743-58A3C3FFC1FA}.Debug|Any CPU.Build.0 = Debug|Any CPU
		{DD6CFF05-A475-4E32-8743-58A3C3FFC1FA}.Release|Any CPU.ActiveCfg = Release|Any CPU
		{DD6CFF05-A475-4E32-8743-58A3C3FFC1FA}.Release|Any CPU.Build.0 = Release|Any CPU
		{DCB04931-F2F1-45CA-B857-233D7B0AC615}.Debug|Any CPU.ActiveCfg = Debug|Any CPU
		{DCB04931-F2F1-45CA-B857-233D7B0AC615}.Debug|Any CPU.Build.0 = Debug|Any CPU
		{DCB04931-F2F1-45CA-B857-233D7B0AC615}.Release|Any CPU.ActiveCfg = Release|Any CPU
		{DCB04931-F2F1-45CA-B857-233D7B0AC615}.Release|Any CPU.Build.0 = Release|Any CPU
		{C7765FC0-D249-47F4-9F99-7C7E8ADEA1FC}.Debug|Any CPU.ActiveCfg = Debug|Any CPU
		{C7765FC0-D249-47F4-9F99-7C7E8ADEA1FC}.Debug|Any CPU.Build.0 = Debug|Any CPU
		{C7765FC0-D249-47F4-9F99-7C7E8ADEA1FC}.Release|Any CPU.ActiveCfg = Release|Any CPU
		{C7765FC0-D249-47F4-9F99-7C7E8ADEA1FC}.Release|Any CPU.Build.0 = Release|Any CPU
		{9AB047D1-4F00-449A-9EEB-AC82D22C26C0}.Debug|Any CPU.ActiveCfg = Debug|Any CPU
		{9AB047D1-4F00-449A-9EEB-AC82D22C26C0}.Debug|Any CPU.Build.0 = Debug|Any CPU
		{9AB047D1-4F00-449A-9EEB-AC82D22C26C0}.Release|Any CPU.ActiveCfg = Release|Any CPU
		{9AB047D1-4F00-449A-9EEB-AC82D22C26C0}.Release|Any CPU.Build.0 = Release|Any CPU
		{C1B5CACB-CCC2-4440-ADE2-CE4FF9A5EFE1}.Debug|Any CPU.ActiveCfg = Debug|Any CPU
		{C1B5CACB-CCC2-4440-ADE2-CE4FF9A5EFE1}.Debug|Any CPU.Build.0 = Debug|Any CPU
		{C1B5CACB-CCC2-4440-ADE2-CE4FF9A5EFE1}.Release|Any CPU.ActiveCfg = Release|Any CPU
		{C1B5CACB-CCC2-4440-ADE2-CE4FF9A5EFE1}.Release|Any CPU.Build.0 = Release|Any CPU
		{8BAC4EF7-87A2-4B85-B4ED-AFE9D38A8DB5}.Debug|Any CPU.ActiveCfg = Debug|Any CPU
		{8BAC4EF7-87A2-4B85-B4ED-AFE9D38A8DB5}.Debug|Any CPU.Build.0 = Debug|Any CPU
		{8BAC4EF7-87A2-4B85-B4ED-AFE9D38A8DB5}.Release|Any CPU.ActiveCfg = Release|Any CPU
		{8BAC4EF7-87A2-4B85-B4ED-AFE9D38A8DB5}.Release|Any CPU.Build.0 = Release|Any CPU
		{21512DB9-2795-4ED0-B3DB-910499A9D8AC}.Debug|Any CPU.ActiveCfg = Debug|Any CPU
		{21512DB9-2795-4ED0-B3DB-910499A9D8AC}.Debug|Any CPU.Build.0 = Debug|Any CPU
		{21512DB9-2795-4ED0-B3DB-910499A9D8AC}.Release|Any CPU.ActiveCfg = Release|Any CPU
		{21512DB9-2795-4ED0-B3DB-910499A9D8AC}.Release|Any CPU.Build.0 = Release|Any CPU
		{5DF56038-7FEE-40DA-92D5-49932924A32A}.Debug|Any CPU.ActiveCfg = Debug|Any CPU
		{5DF56038-7FEE-40DA-92D5-49932924A32A}.Debug|Any CPU.Build.0 = Debug|Any CPU
		{5DF56038-7FEE-40DA-92D5-49932924A32A}.Release|Any CPU.ActiveCfg = Release|Any CPU
		{5DF56038-7FEE-40DA-92D5-49932924A32A}.Release|Any CPU.Build.0 = Release|Any CPU
		{75FA7643-E296-4ACB-A66B-DEE6C296CCF8}.Debug|Any CPU.ActiveCfg = Debug|Any CPU
		{75FA7643-E296-4ACB-A66B-DEE6C296CCF8}.Debug|Any CPU.Build.0 = Debug|Any CPU
		{75FA7643-E296-4ACB-A66B-DEE6C296CCF8}.Release|Any CPU.ActiveCfg = Release|Any CPU
		{75FA7643-E296-4ACB-A66B-DEE6C296CCF8}.Release|Any CPU.Build.0 = Release|Any CPU
		{9DA322E0-8DEC-4C47-B109-66773478BB61}.Debug|Any CPU.ActiveCfg = Debug|Any CPU
		{9DA322E0-8DEC-4C47-B109-66773478BB61}.Debug|Any CPU.Build.0 = Debug|Any CPU
		{9DA322E0-8DEC-4C47-B109-66773478BB61}.Release|Any CPU.ActiveCfg = Release|Any CPU
		{9DA322E0-8DEC-4C47-B109-66773478BB61}.Release|Any CPU.Build.0 = Release|Any CPU
		{6CDCEDB4-8D4F-4C51-B0CF-30B37D1518E3}.Debug|Any CPU.ActiveCfg = Debug|Any CPU
		{6CDCEDB4-8D4F-4C51-B0CF-30B37D1518E3}.Debug|Any CPU.Build.0 = Debug|Any CPU
		{6CDCEDB4-8D4F-4C51-B0CF-30B37D1518E3}.Release|Any CPU.ActiveCfg = Release|Any CPU
		{6CDCEDB4-8D4F-4C51-B0CF-30B37D1518E3}.Release|Any CPU.Build.0 = Release|Any CPU
		{5976AA06-893B-4E0D-BDED-19A8515E809C}.Debug|Any CPU.ActiveCfg = Debug|Any CPU
		{5976AA06-893B-4E0D-BDED-19A8515E809C}.Debug|Any CPU.Build.0 = Debug|Any CPU
		{5976AA06-893B-4E0D-BDED-19A8515E809C}.Release|Any CPU.ActiveCfg = Release|Any CPU
		{5976AA06-893B-4E0D-BDED-19A8515E809C}.Release|Any CPU.Build.0 = Release|Any CPU
		{158872DD-31B7-4DF7-8950-A9547CC220C2}.Debug|Any CPU.ActiveCfg = Debug|Any CPU
		{158872DD-31B7-4DF7-8950-A9547CC220C2}.Debug|Any CPU.Build.0 = Debug|Any CPU
		{158872DD-31B7-4DF7-8950-A9547CC220C2}.Release|Any CPU.ActiveCfg = Release|Any CPU
		{158872DD-31B7-4DF7-8950-A9547CC220C2}.Release|Any CPU.Build.0 = Release|Any CPU
	EndGlobalSection
	GlobalSection(SolutionProperties) = preSolution
		HideSolutionNode = FALSE
	EndGlobalSection
EndGlobal
