
Microsoft Visual Studio Solution File, Format Version 11.00
# Visual Studio 2010
Project("{2150E333-8FDC-42A3-9474-1A3956D46DE8}") = "Solution Items", "Solution Items", "{8AF0B3BE-7B01-45FF-8EA5-CCF0C596F7E7}"
	ProjectSection(SolutionItems) = preProject
		dotNetRDF.vsmdi = dotNetRDF.vsmdi
		Tests.testrunconfig = Tests.testrunconfig
		Todo.txt = Todo.txt
	EndProjectSection
EndProject
Project("{2150E333-8FDC-42A3-9474-1A3956D46DE8}") = "Build", "Build", "{3CDA014A-AA30-48E7-84C6-44BA1AA0C7DD}"
	ProjectSection(SolutionItems) = preProject
		Build\Build and Release Process.txt = Build\Build and Release Process.txt
	EndProjectSection
EndProject
Project("{2150E333-8FDC-42A3-9474-1A3956D46DE8}") = "Documentation", "Documentation", "{05FF69EA-EC65-4CD6-AC82-12D110E6D626}"
	ProjectSection(SolutionItems) = preProject
		..\Acknowledgments.txt = ..\Acknowledgments.txt
		..\license-boilerplate.txt = ..\license-boilerplate.txt
	EndProjectSection
EndProject
Project("{2150E333-8FDC-42A3-9474-1A3956D46DE8}") = "Core Library", "Core Library", "{D0EBD311-D634-4254-B787-3573CE8E808C}"
	ProjectSection(SolutionItems) = preProject
		Libraries\core\net40\ChangeLog.txt = Libraries\core\net40\ChangeLog.txt
		Libraries\core\net40\Compiler Symbols.txt = Libraries\core\net40\Compiler Symbols.txt
		Libraries\core\net40\Compiling.txt = Libraries\core\net40\Compiling.txt
		Libraries\core\net40\ReadMe.txt = Libraries\core\net40\ReadMe.txt
		Libraries\core\net40\ReleaseNotes.txt = Libraries\core\net40\ReleaseNotes.txt
	EndProjectSection
EndProject
Project("{2150E333-8FDC-42A3-9474-1A3956D46DE8}") = "NDoc", "NDoc", "{BF556CC4-9192-4D6B-9BA4-CDFF06FD0E53}"
	ProjectSection(SolutionItems) = preProject
		Build\ndoc3\Overview.html = Build\ndoc3\Overview.html
	EndProjectSection
EndProject
Project("{2150E333-8FDC-42A3-9474-1A3956D46DE8}") = "Libraries", "Libraries", "{6F7FE654-1B71-4433-B008-6DA0AB0FCBE0}"
EndProject
Project("{2150E333-8FDC-42A3-9474-1A3956D46DE8}") = "Testing", "Testing", "{F80E132E-28EE-4CC6-B11C-1683ED75B1FC}"
EndProject
Project("{2150E333-8FDC-42A3-9474-1A3956D46DE8}") = "Build Tools", "Build Tools", "{6DF9D872-BD7D-468D-A8A5-655F4839816E}"
EndProject
Project("{2150E333-8FDC-42A3-9474-1A3956D46DE8}") = "Data Libraries", "Data Libraries", "{3B5E2EA1-394B-4137-9F62-062F0163CD9D}"
EndProject
Project("{2150E333-8FDC-42A3-9474-1A3956D46DE8}") = "NuGet", "NuGet", "{99E6AA95-7905-4997-A593-F21E11BDD2DB}"
	ProjectSection(SolutionItems) = preProject
		Build\nuget\Data.Virtuoso\dotNetRDF.Data.Virtuoso.nuspec = Build\nuget\Data.Virtuoso\dotNetRDF.Data.Virtuoso.nuspec
		Build\nuget\Core\dotNetRDF.nuspec = Build\nuget\Core\dotNetRDF.nuspec
		Build\nuget\Query.FullText\dotNetRDF.Query.FullText.nuspec = Build\nuget\Query.FullText\dotNetRDF.Query.FullText.nuspec
	EndProjectSection
EndProject
Project("{2150E333-8FDC-42A3-9474-1A3956D46DE8}") = "NAnt", "NAnt", "{D763DA6C-5FA1-4A50-B8F8-2117C11CF2C4}"
	ProjectSection(SolutionItems) = preProject
		Build\nant\dotnetrdf.build = Build\nant\dotnetrdf.build
	EndProjectSection
EndProject
Project("{2150E333-8FDC-42A3-9474-1A3956D46DE8}") = "Templates", "Templates", "{1456B530-FB7E-41E2-9831-80691A61B85A}"
EndProject
Project("{2150E333-8FDC-42A3-9474-1A3956D46DE8}") = "Client Profile 4", "Client Profile 4", "{1A8E3A21-D934-4BA4-8147-5FDAB29D175E}"
	ProjectSection(SolutionItems) = preProject
		Libraries\core\net40-client\Properties\AssemblyInfo.cs = Libraries\core\net40-client\Properties\AssemblyInfo.cs
		Libraries\core\net40-client\dotNetRDF.ClientProfile.csproj.template = Libraries\core\net40-client\dotNetRDF.ClientProfile.csproj.template
	EndProjectSection
EndProject
Project("{2150E333-8FDC-42A3-9474-1A3956D46DE8}") = "Silverlight 4", "Silverlight 4", "{158759E3-877B-41FD-BEE9-87D182A8FCD4}"
	ProjectSection(SolutionItems) = preProject
		Libraries\core.silverlight\Properties\AssemblyInfo.cs = Libraries\core.silverlight\Properties\AssemblyInfo.cs
		Libraries\core.silverlight\dotNetRDF.Silverlight.2010.csproj.template = Libraries\core.silverlight\dotNetRDF.Silverlight.2010.csproj.template
	EndProjectSection
EndProject
Project("{2150E333-8FDC-42A3-9474-1A3956D46DE8}") = "Windows Phone 7", "Windows Phone 7", "{CCF5858F-3452-4EFB-849B-5928008EDFF9}"
	ProjectSection(SolutionItems) = preProject
		Libraries\core.windowsphone\Properties\AssemblyInfo.cs = Libraries\core.windowsphone\Properties\AssemblyInfo.cs
		Libraries\core.windowsphone\dotNetRDF.WindowsPhone.2010.csproj.template = Libraries\core.windowsphone\dotNetRDF.WindowsPhone.2010.csproj.template
	EndProjectSection
EndProject
Project("{2150E333-8FDC-42A3-9474-1A3956D46DE8}") = "Query Libraries", "Query Libraries", "{A0F95852-74DF-46F9-9848-F934F62C0D70}"
EndProject
Project("{2150E333-8FDC-42A3-9474-1A3956D46DE8}") = "Full 3.5", "Full 3.5", "{A871941C-629E-4DCC-8C88-5AD31ED09995}"
	ProjectSection(SolutionItems) = preProject
		Libraries\core.net35\Properties\AssemblyInfo.cs = Libraries\core.net35\Properties\AssemblyInfo.cs
		Libraries\core.net35\dotNetRDF.Net35.csproj.template = Libraries\core.net35\dotNetRDF.Net35.csproj.template
	EndProjectSection
EndProject
Project("{2150E333-8FDC-42A3-9474-1A3956D46DE8}") = "Full 3.5", "Full 3.5", "{954B6783-7ECC-4FC0-9022-76A618D6F5B8}"
	ProjectSection(SolutionItems) = preProject
		Libraries\Query\FullText\net35\Properties\AssemblyInfo.cs = Libraries\Query\FullText\net35\Properties\AssemblyInfo.cs
		Libraries\Query\FullText\net35\dotNetRDF.Query.FullText.Net35.csproj.template = Libraries\Query\FullText\net35\dotNetRDF.Query.FullText.Net35.csproj.template
	EndProjectSection
EndProject
Project("{2150E333-8FDC-42A3-9474-1A3956D46DE8}") = "Client Profile 3.5", "Client Profile 3.5", "{DFDEC2E1-E5DB-4587-A152-A2A0A8D84A5D}"
	ProjectSection(SolutionItems) = preProject
		Libraries\core\net35-client\Properties\AssemblyInfo.cs = Libraries\core\net35-client\Properties\AssemblyInfo.cs
		Libraries\core\net35-client\dotNetRDF.ClientProfile.Net35.csproj.template = Libraries\core\net35-client\dotNetRDF.ClientProfile.Net35.csproj.template
	EndProjectSection
EndProject
Project("{FAE04EC0-301F-11D3-BF4B-00C04F79EFBC}") = "dotNetRDF", "Libraries\core\net40\dotNetRDF.csproj", "{BFBAC159-1E60-4D03-8ACA-D34E31EB83BF}"
	ProjectSection(ProjectDependencies) = postProject
		{DD6CFF05-A475-4E32-8743-58A3C3FFC1FA} = {DD6CFF05-A475-4E32-8743-58A3C3FFC1FA}
	EndProjectSection
EndProject
Project("{FAE04EC0-301F-11D3-BF4B-00C04F79EFBC}") = "dotNetRDFTest", "Testing\testsuite\dotNetRDFTest.csproj", "{EBCF6F50-7879-4C91-9021-67E0DA05564C}"
EndProject
Project("{FAE04EC0-301F-11D3-BF4B-00C04F79EFBC}") = "dotNetRDFUnitTests", "Testing\unittest\dotNetRDFUnitTests.csproj", "{BD80F826-56A3-4A88-B466-DDFA0691FFB8}"
EndProject
Project("{FAE04EC0-301F-11D3-BF4B-00C04F79EFBC}") = "ExportCoreContentsToTemplate", "Build\ExportCoreContentsToTemplate\ExportCoreContentsToTemplate.csproj", "{DD6CFF05-A475-4E32-8743-58A3C3FFC1FA}"
EndProject
Project("{FAE04EC0-301F-11D3-BF4B-00C04F79EFBC}") = "dotNetRDF.Data.Virtuoso", "Libraries\Data\Virtuoso\net40\dotNetRDF.Data.Virtuoso.csproj", "{9088435D-24F9-4D53-BE71-9A9BFBAA34EE}"
EndProject
Project("{FAE04EC0-301F-11D3-BF4B-00C04F79EFBC}") = "dotNetRDF.Query.FullText", "Libraries\Query\FullText\net40\dotNetRDF.Query.FullText.csproj", "{09097771-84FD-4DC8-A259-1CB0591714EA}"
EndProject
Project("{FAE04EC0-301F-11D3-BF4B-00C04F79EFBC}") = "sparqlDawgTester", "Testing\sparqlDawgTests\sparqlDawgTester.csproj", "{D54B96E7-46EB-4183-9C5D-898BE5DEBE2B}"
EndProject
Project("{2150E333-8FDC-42A3-9474-1A3956D46DE8}") = "Full 3.5", "Full 3.5", "{1702A1F1-6A2C-447B-AB9A-756E71C3BF37}"
	ProjectSection(SolutionItems) = preProject
		Libraries\Data\Virtuoso\net35\Properties\AssemblyInfo.cs = Libraries\Data\Virtuoso\net35\Properties\AssemblyInfo.cs
		Libraries\Data\Virtuoso\net35\dotNetRDF.Data.Virtuoso.Net35.csproj.template = Libraries\Data\Virtuoso\net35\dotNetRDF.Data.Virtuoso.Net35.csproj.template
	EndProjectSection
EndProject
Project("{2150E333-8FDC-42A3-9474-1A3956D46DE8}") = "Core", "Core", "{B4901633-122A-44ED-AC2C-F033328C4A8D}"
EndProject
Project("{2150E333-8FDC-42A3-9474-1A3956D46DE8}") = "Data.Virtuoso", "Data.Virtuoso", "{0A5EE09C-FCFD-4040-990A-CB0ED6EF00D5}"
EndProject
Project("{2150E333-8FDC-42A3-9474-1A3956D46DE8}") = "Query.FullText", "Query.FullText", "{43561F44-F82E-4C58-9BF2-D36858EBE857}"
EndProject
Project("{2150E333-8FDC-42A3-9474-1A3956D46DE8}") = "Client Profile 4.0", "Client Profile 4.0", "{E7CCB195-F53E-474A-8DC5-E6C38963D0B9}"
	ProjectSection(SolutionItems) = preProject
		Libraries\Data\Virtuoso\net40-client\Properties\AssemblyInfo.cs = Libraries\Data\Virtuoso\net40-client\Properties\AssemblyInfo.cs
		Libraries\Data\Virtuoso\net40-client\dotNetRDF.Data.Virtuoso.ClientProfile.csproj.template = Libraries\Data\Virtuoso\net40-client\dotNetRDF.Data.Virtuoso.ClientProfile.csproj.template
	EndProjectSection
EndProject
Project("{2150E333-8FDC-42A3-9474-1A3956D46DE8}") = "Client Profile 3.5", "Client Profile 3.5", "{5926AC3F-AA16-45A0-AD18-590C28BB91F8}"
	ProjectSection(SolutionItems) = preProject
		Libraries\Data\Virtuoso\net35-client\Properties\AssemblyInfo.cs = Libraries\Data\Virtuoso\net35-client\Properties\AssemblyInfo.cs
		Libraries\Data\Virtuoso\net35-client\dotNetRDF.Data.Virtuoso.ClientProfile.Net35.csproj.template = Libraries\Data\Virtuoso\net35-client\dotNetRDF.Data.Virtuoso.ClientProfile.Net35.csproj.template
	EndProjectSection
EndProject
Project("{2150E333-8FDC-42A3-9474-1A3956D46DE8}") = "Client Profile 4.0", "Client Profile 4.0", "{DED37B23-101C-42B4-B7FE-919E4CE41AFE}"
	ProjectSection(SolutionItems) = preProject
		Libraries\Query\FullText\net40-client\Properties\AssemblyInfo.cs = Libraries\Query\FullText\net40-client\Properties\AssemblyInfo.cs
		Libraries\Query\FullText\net40-client\dotNetRDF.Query.FullText.ClientProfile.csproj.template = Libraries\Query\FullText\net40-client\dotNetRDF.Query.FullText.ClientProfile.csproj.template
	EndProjectSection
EndProject
Project("{2150E333-8FDC-42A3-9474-1A3956D46DE8}") = "Client Profile 3.5", "Client Profile 3.5", "{BCDF787B-D49E-4511-A036-1F49CCCEC279}"
	ProjectSection(SolutionItems) = preProject
		Libraries\Query\FullText\net35-client\Properties\AssemblyInfo.cs = Libraries\Query\FullText\net35-client\Properties\AssemblyInfo.cs
		Libraries\Query\FullText\net35-client\dotNetRDF.Query.FullText.ClientProfile.Net35.csproj.template = Libraries\Query\FullText\net35-client\dotNetRDF.Query.FullText.ClientProfile.Net35.csproj.template
	EndProjectSection
EndProject
Project("{FAE04EC0-301F-11D3-BF4B-00C04F79EFBC}") = "LicenseChecker", "Build\LicenseChecker\LicenseChecker.csproj", "{B5C5E154-B17E-4A4A-B670-108553391A29}"
EndProject
Project("{FAE04EC0-301F-11D3-BF4B-00C04F79EFBC}") = "WebDemos", "Samples\WebDemos\WebDemos.csproj", "{A94A8072-04EB-4D9B-96A8-82C3C3CA21CD}"
EndProject
Global
	GlobalSection(TestCaseManagementSettings) = postSolution
		CategoryFile = dotNetRDF.vsmdi
	EndGlobalSection
	GlobalSection(SolutionConfigurationPlatforms) = preSolution
		Debug|Any CPU = Debug|Any CPU
		Debug|Mixed Platforms = Debug|Mixed Platforms
		Debug|x64 = Debug|x64
		Debug|x86 = Debug|x86
		Release|Any CPU = Release|Any CPU
		Release|Mixed Platforms = Release|Mixed Platforms
		Release|x64 = Release|x64
		Release|x86 = Release|x86
	EndGlobalSection
	GlobalSection(ProjectConfigurationPlatforms) = postSolution
		{BFBAC159-1E60-4D03-8ACA-D34E31EB83BF}.Debug|Any CPU.ActiveCfg = Debug|Any CPU
		{BFBAC159-1E60-4D03-8ACA-D34E31EB83BF}.Debug|Any CPU.Build.0 = Debug|Any CPU
		{BFBAC159-1E60-4D03-8ACA-D34E31EB83BF}.Debug|Mixed Platforms.ActiveCfg = Debug|Any CPU
		{BFBAC159-1E60-4D03-8ACA-D34E31EB83BF}.Debug|Mixed Platforms.Build.0 = Debug|Any CPU
		{BFBAC159-1E60-4D03-8ACA-D34E31EB83BF}.Debug|x64.ActiveCfg = Debug|Any CPU
		{BFBAC159-1E60-4D03-8ACA-D34E31EB83BF}.Debug|x86.ActiveCfg = Debug|Any CPU
		{BFBAC159-1E60-4D03-8ACA-D34E31EB83BF}.Release|Any CPU.ActiveCfg = Release|Any CPU
		{BFBAC159-1E60-4D03-8ACA-D34E31EB83BF}.Release|Any CPU.Build.0 = Release|Any CPU
		{BFBAC159-1E60-4D03-8ACA-D34E31EB83BF}.Release|Mixed Platforms.ActiveCfg = Release|Any CPU
		{BFBAC159-1E60-4D03-8ACA-D34E31EB83BF}.Release|Mixed Platforms.Build.0 = Release|Any CPU
		{BFBAC159-1E60-4D03-8ACA-D34E31EB83BF}.Release|x64.ActiveCfg = Release|Any CPU
		{BFBAC159-1E60-4D03-8ACA-D34E31EB83BF}.Release|x86.ActiveCfg = Release|Any CPU
		{EBCF6F50-7879-4C91-9021-67E0DA05564C}.Debug|Any CPU.ActiveCfg = Debug|Any CPU
		{EBCF6F50-7879-4C91-9021-67E0DA05564C}.Debug|Any CPU.Build.0 = Debug|Any CPU
		{EBCF6F50-7879-4C91-9021-67E0DA05564C}.Debug|Mixed Platforms.ActiveCfg = Debug|Any CPU
		{EBCF6F50-7879-4C91-9021-67E0DA05564C}.Debug|Mixed Platforms.Build.0 = Debug|Any CPU
		{EBCF6F50-7879-4C91-9021-67E0DA05564C}.Debug|x64.ActiveCfg = Debug|Any CPU
		{EBCF6F50-7879-4C91-9021-67E0DA05564C}.Debug|x86.ActiveCfg = Debug|Any CPU
		{EBCF6F50-7879-4C91-9021-67E0DA05564C}.Release|Any CPU.ActiveCfg = Release|Any CPU
		{EBCF6F50-7879-4C91-9021-67E0DA05564C}.Release|Any CPU.Build.0 = Release|Any CPU
		{EBCF6F50-7879-4C91-9021-67E0DA05564C}.Release|Mixed Platforms.ActiveCfg = Release|Any CPU
		{EBCF6F50-7879-4C91-9021-67E0DA05564C}.Release|Mixed Platforms.Build.0 = Release|Any CPU
		{EBCF6F50-7879-4C91-9021-67E0DA05564C}.Release|x64.ActiveCfg = Release|Any CPU
		{EBCF6F50-7879-4C91-9021-67E0DA05564C}.Release|x86.ActiveCfg = Release|Any CPU
		{BD80F826-56A3-4A88-B466-DDFA0691FFB8}.Debug|Any CPU.ActiveCfg = Debug|Any CPU
		{BD80F826-56A3-4A88-B466-DDFA0691FFB8}.Debug|Any CPU.Build.0 = Debug|Any CPU
		{BD80F826-56A3-4A88-B466-DDFA0691FFB8}.Debug|Mixed Platforms.ActiveCfg = Debug|Any CPU
		{BD80F826-56A3-4A88-B466-DDFA0691FFB8}.Debug|Mixed Platforms.Build.0 = Debug|Any CPU
		{BD80F826-56A3-4A88-B466-DDFA0691FFB8}.Debug|x64.ActiveCfg = Debug|Any CPU
		{BD80F826-56A3-4A88-B466-DDFA0691FFB8}.Debug|x86.ActiveCfg = Debug|Any CPU
		{BD80F826-56A3-4A88-B466-DDFA0691FFB8}.Release|Any CPU.ActiveCfg = Release|Any CPU
		{BD80F826-56A3-4A88-B466-DDFA0691FFB8}.Release|Any CPU.Build.0 = Release|Any CPU
		{BD80F826-56A3-4A88-B466-DDFA0691FFB8}.Release|Mixed Platforms.ActiveCfg = Release|Any CPU
		{BD80F826-56A3-4A88-B466-DDFA0691FFB8}.Release|Mixed Platforms.Build.0 = Release|Any CPU
		{BD80F826-56A3-4A88-B466-DDFA0691FFB8}.Release|x64.ActiveCfg = Release|Any CPU
		{BD80F826-56A3-4A88-B466-DDFA0691FFB8}.Release|x86.ActiveCfg = Release|Any CPU
		{DD6CFF05-A475-4E32-8743-58A3C3FFC1FA}.Debug|Any CPU.ActiveCfg = Debug|Any CPU
		{DD6CFF05-A475-4E32-8743-58A3C3FFC1FA}.Debug|Any CPU.Build.0 = Debug|Any CPU
		{DD6CFF05-A475-4E32-8743-58A3C3FFC1FA}.Debug|Mixed Platforms.ActiveCfg = Debug|Any CPU
		{DD6CFF05-A475-4E32-8743-58A3C3FFC1FA}.Debug|Mixed Platforms.Build.0 = Debug|Any CPU
		{DD6CFF05-A475-4E32-8743-58A3C3FFC1FA}.Debug|x64.ActiveCfg = Debug|Any CPU
		{DD6CFF05-A475-4E32-8743-58A3C3FFC1FA}.Debug|x86.ActiveCfg = Debug|Any CPU
		{DD6CFF05-A475-4E32-8743-58A3C3FFC1FA}.Release|Any CPU.ActiveCfg = Release|Any CPU
		{DD6CFF05-A475-4E32-8743-58A3C3FFC1FA}.Release|Any CPU.Build.0 = Release|Any CPU
		{DD6CFF05-A475-4E32-8743-58A3C3FFC1FA}.Release|Mixed Platforms.ActiveCfg = Release|Any CPU
		{DD6CFF05-A475-4E32-8743-58A3C3FFC1FA}.Release|Mixed Platforms.Build.0 = Release|Any CPU
		{DD6CFF05-A475-4E32-8743-58A3C3FFC1FA}.Release|x64.ActiveCfg = Release|Any CPU
		{DD6CFF05-A475-4E32-8743-58A3C3FFC1FA}.Release|x86.ActiveCfg = Release|Any CPU
		{9088435D-24F9-4D53-BE71-9A9BFBAA34EE}.Debug|Any CPU.ActiveCfg = Debug|Any CPU
		{9088435D-24F9-4D53-BE71-9A9BFBAA34EE}.Debug|Any CPU.Build.0 = Debug|Any CPU
		{9088435D-24F9-4D53-BE71-9A9BFBAA34EE}.Debug|Mixed Platforms.ActiveCfg = Debug|Any CPU
		{9088435D-24F9-4D53-BE71-9A9BFBAA34EE}.Debug|Mixed Platforms.Build.0 = Debug|Any CPU
		{9088435D-24F9-4D53-BE71-9A9BFBAA34EE}.Debug|x64.ActiveCfg = Debug|Any CPU
		{9088435D-24F9-4D53-BE71-9A9BFBAA34EE}.Debug|x86.ActiveCfg = Debug|Any CPU
		{9088435D-24F9-4D53-BE71-9A9BFBAA34EE}.Release|Any CPU.ActiveCfg = Release|Any CPU
		{9088435D-24F9-4D53-BE71-9A9BFBAA34EE}.Release|Any CPU.Build.0 = Release|Any CPU
		{9088435D-24F9-4D53-BE71-9A9BFBAA34EE}.Release|Mixed Platforms.ActiveCfg = Release|Any CPU
		{9088435D-24F9-4D53-BE71-9A9BFBAA34EE}.Release|Mixed Platforms.Build.0 = Release|Any CPU
		{9088435D-24F9-4D53-BE71-9A9BFBAA34EE}.Release|x64.ActiveCfg = Release|Any CPU
		{9088435D-24F9-4D53-BE71-9A9BFBAA34EE}.Release|x86.ActiveCfg = Release|Any CPU
		{09097771-84FD-4DC8-A259-1CB0591714EA}.Debug|Any CPU.ActiveCfg = Debug|Any CPU
		{09097771-84FD-4DC8-A259-1CB0591714EA}.Debug|Any CPU.Build.0 = Debug|Any CPU
		{09097771-84FD-4DC8-A259-1CB0591714EA}.Debug|Mixed Platforms.ActiveCfg = Debug|Any CPU
		{09097771-84FD-4DC8-A259-1CB0591714EA}.Debug|Mixed Platforms.Build.0 = Debug|Any CPU
		{09097771-84FD-4DC8-A259-1CB0591714EA}.Debug|x64.ActiveCfg = Debug|Any CPU
		{09097771-84FD-4DC8-A259-1CB0591714EA}.Debug|x86.ActiveCfg = Debug|Any CPU
		{09097771-84FD-4DC8-A259-1CB0591714EA}.Release|Any CPU.ActiveCfg = Release|Any CPU
		{09097771-84FD-4DC8-A259-1CB0591714EA}.Release|Any CPU.Build.0 = Release|Any CPU
		{09097771-84FD-4DC8-A259-1CB0591714EA}.Release|Mixed Platforms.ActiveCfg = Release|Any CPU
		{09097771-84FD-4DC8-A259-1CB0591714EA}.Release|Mixed Platforms.Build.0 = Release|Any CPU
		{09097771-84FD-4DC8-A259-1CB0591714EA}.Release|x64.ActiveCfg = Release|Any CPU
		{09097771-84FD-4DC8-A259-1CB0591714EA}.Release|x86.ActiveCfg = Release|Any CPU
		{D54B96E7-46EB-4183-9C5D-898BE5DEBE2B}.Debug|Any CPU.ActiveCfg = Debug|Any CPU
		{D54B96E7-46EB-4183-9C5D-898BE5DEBE2B}.Debug|Any CPU.Build.0 = Debug|Any CPU
		{D54B96E7-46EB-4183-9C5D-898BE5DEBE2B}.Debug|Mixed Platforms.ActiveCfg = Debug|Any CPU
		{D54B96E7-46EB-4183-9C5D-898BE5DEBE2B}.Debug|Mixed Platforms.Build.0 = Debug|Any CPU
		{D54B96E7-46EB-4183-9C5D-898BE5DEBE2B}.Debug|x64.ActiveCfg = Debug|Any CPU
		{D54B96E7-46EB-4183-9C5D-898BE5DEBE2B}.Debug|x86.ActiveCfg = Debug|Any CPU
		{D54B96E7-46EB-4183-9C5D-898BE5DEBE2B}.Release|Any CPU.ActiveCfg = Release|Any CPU
		{D54B96E7-46EB-4183-9C5D-898BE5DEBE2B}.Release|Any CPU.Build.0 = Release|Any CPU
		{D54B96E7-46EB-4183-9C5D-898BE5DEBE2B}.Release|Mixed Platforms.ActiveCfg = Release|Any CPU
		{D54B96E7-46EB-4183-9C5D-898BE5DEBE2B}.Release|Mixed Platforms.Build.0 = Release|Any CPU
		{D54B96E7-46EB-4183-9C5D-898BE5DEBE2B}.Release|x64.ActiveCfg = Release|Any CPU
		{D54B96E7-46EB-4183-9C5D-898BE5DEBE2B}.Release|x86.ActiveCfg = Release|Any CPU
		{B5C5E154-B17E-4A4A-B670-108553391A29}.Debug|Any CPU.ActiveCfg = Debug|x86
		{B5C5E154-B17E-4A4A-B670-108553391A29}.Debug|Mixed Platforms.ActiveCfg = Debug|x86
		{B5C5E154-B17E-4A4A-B670-108553391A29}.Debug|Mixed Platforms.Build.0 = Debug|x86
		{B5C5E154-B17E-4A4A-B670-108553391A29}.Debug|x64.ActiveCfg = Debug|x86
		{B5C5E154-B17E-4A4A-B670-108553391A29}.Debug|x86.ActiveCfg = Debug|x86
		{B5C5E154-B17E-4A4A-B670-108553391A29}.Debug|x86.Build.0 = Debug|x86
		{B5C5E154-B17E-4A4A-B670-108553391A29}.Release|Any CPU.ActiveCfg = Release|x86
		{B5C5E154-B17E-4A4A-B670-108553391A29}.Release|Mixed Platforms.ActiveCfg = Release|x86
		{B5C5E154-B17E-4A4A-B670-108553391A29}.Release|Mixed Platforms.Build.0 = Release|x86
		{B5C5E154-B17E-4A4A-B670-108553391A29}.Release|x64.ActiveCfg = Release|x86
		{B5C5E154-B17E-4A4A-B670-108553391A29}.Release|x86.ActiveCfg = Release|x86
		{B5C5E154-B17E-4A4A-B670-108553391A29}.Release|x86.Build.0 = Release|x86
		{A94A8072-04EB-4D9B-96A8-82C3C3CA21CD}.Debug|Any CPU.ActiveCfg = Debug|Any CPU
		{A94A8072-04EB-4D9B-96A8-82C3C3CA21CD}.Debug|Any CPU.Build.0 = Debug|Any CPU
		{A94A8072-04EB-4D9B-96A8-82C3C3CA21CD}.Debug|Mixed Platforms.ActiveCfg = Debug|Any CPU
		{A94A8072-04EB-4D9B-96A8-82C3C3CA21CD}.Debug|Mixed Platforms.Build.0 = Debug|Any CPU
		{A94A8072-04EB-4D9B-96A8-82C3C3CA21CD}.Debug|x64.ActiveCfg = Debug|Any CPU
		{A94A8072-04EB-4D9B-96A8-82C3C3CA21CD}.Debug|x86.ActiveCfg = Debug|Any CPU
		{A94A8072-04EB-4D9B-96A8-82C3C3CA21CD}.Release|Any CPU.ActiveCfg = Release|Any CPU
		{A94A8072-04EB-4D9B-96A8-82C3C3CA21CD}.Release|Any CPU.Build.0 = Release|Any CPU
		{A94A8072-04EB-4D9B-96A8-82C3C3CA21CD}.Release|Mixed Platforms.ActiveCfg = Release|Any CPU
		{A94A8072-04EB-4D9B-96A8-82C3C3CA21CD}.Release|Mixed Platforms.Build.0 = Release|Any CPU
		{A94A8072-04EB-4D9B-96A8-82C3C3CA21CD}.Release|x64.ActiveCfg = Release|Any CPU
		{A94A8072-04EB-4D9B-96A8-82C3C3CA21CD}.Release|x86.ActiveCfg = Release|Any CPU
	EndGlobalSection
	GlobalSection(SolutionProperties) = preSolution
		HideSolutionNode = FALSE
	EndGlobalSection
	GlobalSection(NestedProjects) = preSolution
		{3CDA014A-AA30-48E7-84C6-44BA1AA0C7DD} = {8AF0B3BE-7B01-45FF-8EA5-CCF0C596F7E7}
		{05FF69EA-EC65-4CD6-AC82-12D110E6D626} = {8AF0B3BE-7B01-45FF-8EA5-CCF0C596F7E7}
		{99E6AA95-7905-4997-A593-F21E11BDD2DB} = {3CDA014A-AA30-48E7-84C6-44BA1AA0C7DD}
		{D763DA6C-5FA1-4A50-B8F8-2117C11CF2C4} = {3CDA014A-AA30-48E7-84C6-44BA1AA0C7DD}
		{1456B530-FB7E-41E2-9831-80691A61B85A} = {3CDA014A-AA30-48E7-84C6-44BA1AA0C7DD}
		{D0EBD311-D634-4254-B787-3573CE8E808C} = {05FF69EA-EC65-4CD6-AC82-12D110E6D626}
		{BF556CC4-9192-4D6B-9BA4-CDFF06FD0E53} = {D0EBD311-D634-4254-B787-3573CE8E808C}
		{3B5E2EA1-394B-4137-9F62-062F0163CD9D} = {6F7FE654-1B71-4433-B008-6DA0AB0FCBE0}
		{A0F95852-74DF-46F9-9848-F934F62C0D70} = {6F7FE654-1B71-4433-B008-6DA0AB0FCBE0}
		{BFBAC159-1E60-4D03-8ACA-D34E31EB83BF} = {6F7FE654-1B71-4433-B008-6DA0AB0FCBE0}
		{EBCF6F50-7879-4C91-9021-67E0DA05564C} = {F80E132E-28EE-4CC6-B11C-1683ED75B1FC}
		{BD80F826-56A3-4A88-B466-DDFA0691FFB8} = {F80E132E-28EE-4CC6-B11C-1683ED75B1FC}
		{D54B96E7-46EB-4183-9C5D-898BE5DEBE2B} = {F80E132E-28EE-4CC6-B11C-1683ED75B1FC}
		{A94A8072-04EB-4D9B-96A8-82C3C3CA21CD} = {F80E132E-28EE-4CC6-B11C-1683ED75B1FC}
		{DD6CFF05-A475-4E32-8743-58A3C3FFC1FA} = {6DF9D872-BD7D-468D-A8A5-655F4839816E}
		{B5C5E154-B17E-4A4A-B670-108553391A29} = {6DF9D872-BD7D-468D-A8A5-655F4839816E}
		{9088435D-24F9-4D53-BE71-9A9BFBAA34EE} = {3B5E2EA1-394B-4137-9F62-062F0163CD9D}
		{B4901633-122A-44ED-AC2C-F033328C4A8D} = {1456B530-FB7E-41E2-9831-80691A61B85A}
		{43561F44-F82E-4C58-9BF2-D36858EBE857} = {1456B530-FB7E-41E2-9831-80691A61B85A}
		{0A5EE09C-FCFD-4040-990A-CB0ED6EF00D5} = {1456B530-FB7E-41E2-9831-80691A61B85A}
		{158759E3-877B-41FD-BEE9-87D182A8FCD4} = {B4901633-122A-44ED-AC2C-F033328C4A8D}
		{CCF5858F-3452-4EFB-849B-5928008EDFF9} = {B4901633-122A-44ED-AC2C-F033328C4A8D}
		{A871941C-629E-4DCC-8C88-5AD31ED09995} = {B4901633-122A-44ED-AC2C-F033328C4A8D}
		{DFDEC2E1-E5DB-4587-A152-A2A0A8D84A5D} = {B4901633-122A-44ED-AC2C-F033328C4A8D}
		{1A8E3A21-D934-4BA4-8147-5FDAB29D175E} = {B4901633-122A-44ED-AC2C-F033328C4A8D}
		{09097771-84FD-4DC8-A259-1CB0591714EA} = {A0F95852-74DF-46F9-9848-F934F62C0D70}
		{954B6783-7ECC-4FC0-9022-76A618D6F5B8} = {43561F44-F82E-4C58-9BF2-D36858EBE857}
		{DED37B23-101C-42B4-B7FE-919E4CE41AFE} = {43561F44-F82E-4C58-9BF2-D36858EBE857}
		{BCDF787B-D49E-4511-A036-1F49CCCEC279} = {43561F44-F82E-4C58-9BF2-D36858EBE857}
		{1702A1F1-6A2C-447B-AB9A-756E71C3BF37} = {0A5EE09C-FCFD-4040-990A-CB0ED6EF00D5}
		{E7CCB195-F53E-474A-8DC5-E6C38963D0B9} = {0A5EE09C-FCFD-4040-990A-CB0ED6EF00D5}
		{5926AC3F-AA16-45A0-AD18-590C28BB91F8} = {0A5EE09C-FCFD-4040-990A-CB0ED6EF00D5}
	EndGlobalSection
EndGlobal
