
Microsoft Visual Studio Solution File, Format Version 11.00
# Visual Studio 2010
Project("{FAE04EC0-301F-11D3-BF4B-00C04F79EFBC}") = "wp7-tests", "Testing\wp7-tests\wp7-tests.csproj", "{8F3D4C0F-B2AC-42E3-B00C-4DA683839278}"
EndProject
Project("{FAE04EC0-301F-11D3-BF4B-00C04F79EFBC}") = "dotNetRDF.WindowsPhone.2010", "Libraries\core.windowsphone\dotNetRDF.WindowsPhone.2010.csproj", "{1809BF65-1837-4D4C-A65C-0B7C1D111548}"
EndProject
Project("{2150E333-8FDC-42A3-9474-1A3956D46DE8}") = "Solution Items", "Solution Items", "{6590E1B8-A3BD-4F8E-A3BF-8D7C66B24903}"
	ProjectSection(SolutionItems) = preProject
		2010 Solution ReadMe.txt = 2010 Solution ReadMe.txt
	EndProjectSection
EndProject
Project("{FAE04EC0-301F-11D3-BF4B-00C04F79EFBC}") = "dotNetRDF.Silverlight.2010", "Libraries\core.silverlight\dotNetRDF.Silverlight.2010.csproj", "{854A789B-BA35-4A1B-9449-CAD40953F0E5}"
EndProject
Project("{FAE04EC0-301F-11D3-BF4B-00C04F79EFBC}") = "slv-tests", "Testing\slv-tests\slv-tests.csproj", "{BC34E699-8A80-4D18-8757-8F4C19F3C63F}"
EndProject
Global
	GlobalSection(SolutionConfigurationPlatforms) = preSolution
		Debug|Any CPU = Debug|Any CPU
		Release|Any CPU = Release|Any CPU
	EndGlobalSection
	GlobalSection(ProjectConfigurationPlatforms) = postSolution
		{8F3D4C0F-B2AC-42E3-B00C-4DA683839278}.Debug|Any CPU.ActiveCfg = Debug|Any CPU
		{8F3D4C0F-B2AC-42E3-B00C-4DA683839278}.Debug|Any CPU.Build.0 = Debug|Any CPU
		{8F3D4C0F-B2AC-42E3-B00C-4DA683839278}.Debug|Any CPU.Deploy.0 = Debug|Any CPU
		{8F3D4C0F-B2AC-42E3-B00C-4DA683839278}.Release|Any CPU.ActiveCfg = Release|Any CPU
		{8F3D4C0F-B2AC-42E3-B00C-4DA683839278}.Release|Any CPU.Build.0 = Release|Any CPU
		{8F3D4C0F-B2AC-42E3-B00C-4DA683839278}.Release|Any CPU.Deploy.0 = Release|Any CPU
		{1809BF65-1837-4D4C-A65C-0B7C1D111548}.Debug|Any CPU.ActiveCfg = Debug|Any CPU
		{1809BF65-1837-4D4C-A65C-0B7C1D111548}.Debug|Any CPU.Build.0 = Debug|Any CPU
		{1809BF65-1837-4D4C-A65C-0B7C1D111548}.Release|Any CPU.ActiveCfg = Release|Any CPU
		{1809BF65-1837-4D4C-A65C-0B7C1D111548}.Release|Any CPU.Build.0 = Release|Any CPU
		{854A789B-BA35-4A1B-9449-CAD40953F0E5}.Debug|Any CPU.ActiveCfg = Debug|Any CPU
		{854A789B-BA35-4A1B-9449-CAD40953F0E5}.Debug|Any CPU.Build.0 = Debug|Any CPU
		{854A789B-BA35-4A1B-9449-CAD40953F0E5}.Release|Any CPU.ActiveCfg = Release|Any CPU
		{854A789B-BA35-4A1B-9449-CAD40953F0E5}.Release|Any CPU.Build.0 = Release|Any CPU
		{BC34E699-8A80-4D18-8757-8F4C19F3C63F}.Debug|Any CPU.ActiveCfg = Debug|Any CPU
		{BC34E699-8A80-4D18-8757-8F4C19F3C63F}.Debug|Any CPU.Build.0 = Debug|Any CPU
		{BC34E699-8A80-4D18-8757-8F4C19F3C63F}.Release|Any CPU.ActiveCfg = Release|Any CPU
		{BC34E699-8A80-4D18-8757-8F4C19F3C63F}.Release|Any CPU.Build.0 = Release|Any CPU
	EndGlobalSection
	GlobalSection(SolutionProperties) = preSolution
		HideSolutionNode = FALSE
	EndGlobalSection
EndGlobal
