
Microsoft Visual Studio Solution File, Format Version 10.00
# Visual Studio 2008
Project("{FAE04EC0-301F-11D3-BF4B-00C04F79EFBC}") = "dotNetRDF.Alexandria", "Libraries\alexandria\dotNetRDF.Alexandria.csproj", "{6CDCEDB4-8D4F-4C51-B0CF-30B37D1518E3}"
EndProject
Project("{FAE04EC0-301F-11D3-BF4B-00C04F79EFBC}") = "dotNetRDF", "..\..\Trunk\Libraries\core\dotNetRDF.csproj", "{BFBAC159-1E60-4D03-8ACA-D34E31EB83BF}"
EndProject
Project("{FAE04EC0-301F-11D3-BF4B-00C04F79EFBC}") = "alexandria-tests", "Testing\alexandria-tests\alexandria-tests.csproj", "{10CD378D-9490-4032-A615-20991215C7EC}"
EndProject
Project("{2150E333-8FDC-42A3-9474-1A3956D46DE8}") = "Solution Items", "Solution Items", "{9ABC0CFA-5FB1-4602-A2A7-53C243D59F89}"
	ProjectSection(SolutionItems) = preProject
		alexandria.testrunconfig = alexandria.testrunconfig
		dotNetRDF.Alexandria.vsmdi = dotNetRDF.Alexandria.vsmdi
		dotNetRDF.Alexandria1.vsmdi = dotNetRDF.Alexandria1.vsmdi
	EndProjectSection
EndProject
Global
	GlobalSection(TestCaseManagementSettings) = postSolution
		CategoryFile = dotNetRDF.Alexandria1.vsmdi
	EndGlobalSection
	GlobalSection(SolutionConfigurationPlatforms) = preSolution
		Debug|Any CPU = Debug|Any CPU
		Release|Any CPU = Release|Any CPU
	EndGlobalSection
	GlobalSection(ProjectConfigurationPlatforms) = postSolution
		{6CDCEDB4-8D4F-4C51-B0CF-30B37D1518E3}.Debug|Any CPU.ActiveCfg = Debug|Any CPU
		{6CDCEDB4-8D4F-4C51-B0CF-30B37D1518E3}.Debug|Any CPU.Build.0 = Debug|Any CPU
		{6CDCEDB4-8D4F-4C51-B0CF-30B37D1518E3}.Release|Any CPU.ActiveCfg = Release|Any CPU
		{6CDCEDB4-8D4F-4C51-B0CF-30B37D1518E3}.Release|Any CPU.Build.0 = Release|Any CPU
		{BFBAC159-1E60-4D03-8ACA-D34E31EB83BF}.Debug|Any CPU.ActiveCfg = Debug|Any CPU
		{BFBAC159-1E60-4D03-8ACA-D34E31EB83BF}.Debug|Any CPU.Build.0 = Debug|Any CPU
		{BFBAC159-1E60-4D03-8ACA-D34E31EB83BF}.Release|Any CPU.ActiveCfg = Release|Any CPU
		{BFBAC159-1E60-4D03-8ACA-D34E31EB83BF}.Release|Any CPU.Build.0 = Release|Any CPU
		{10CD378D-9490-4032-A615-20991215C7EC}.Debug|Any CPU.ActiveCfg = Debug|Any CPU
		{10CD378D-9490-4032-A615-20991215C7EC}.Debug|Any CPU.Build.0 = Debug|Any CPU
		{10CD378D-9490-4032-A615-20991215C7EC}.Release|Any CPU.ActiveCfg = Release|Any CPU
		{10CD378D-9490-4032-A615-20991215C7EC}.Release|Any CPU.Build.0 = Release|Any CPU
	EndGlobalSection
	GlobalSection(SolutionProperties) = preSolution
		HideSolutionNode = FALSE
	EndGlobalSection
EndGlobal
