
Microsoft Visual Studio Solution File, Format Version 12.00
# Visual Studio 14
VisualStudioVersion = 14.0.25420.1
MinimumVisualStudioVersion = 10.0.40219.1
Project("{2150E333-8FDC-42A3-9474-1A3956D46DE8}") = "Solution Items", "Solution Items", "{8AF0B3BE-7B01-45FF-8EA5-CCF0C596F7E7}"
	ProjectSection(SolutionItems) = preProject
		Build\dotNetRDF.snk = Build\dotNetRDF.snk
		dotNetRDF.vsmdi = dotNetRDF.vsmdi
		global.json = global.json
		Todo.txt = Todo.txt
	EndProjectSection
EndProject
Project("{2150E333-8FDC-42A3-9474-1A3956D46DE8}") = "Build", "Build", "{3CDA014A-AA30-48E7-84C6-44BA1AA0C7DD}"
	ProjectSection(SolutionItems) = preProject
		Build\Build and Release Process.txt = Build\Build and Release Process.txt
	EndProjectSection
EndProject
Project("{2150E333-8FDC-42A3-9474-1A3956D46DE8}") = "Documentation", "Documentation", "{05FF69EA-EC65-4CD6-AC82-12D110E6D626}"
	ProjectSection(SolutionItems) = preProject
		Acknowledgments.txt = Acknowledgments.txt
	EndProjectSection
EndProject
Project("{2150E333-8FDC-42A3-9474-1A3956D46DE8}") = "Core Library", "Core Library", "{D0EBD311-D634-4254-B787-3573CE8E808C}"
	ProjectSection(SolutionItems) = preProject
		Libraries\ChangeLog.txt = Libraries\ChangeLog.txt
		Libraries\core\net40\Compiler Symbols.txt = Libraries\core\net40\Compiler Symbols.txt
		Libraries\core\net40\Compiling.txt = Libraries\core\net40\Compiling.txt
		Libraries\ReadMe.txt = Libraries\ReadMe.txt
		Libraries\ReleaseNotes.txt = Libraries\ReleaseNotes.txt
	EndProjectSection
EndProject
Project("{2150E333-8FDC-42A3-9474-1A3956D46DE8}") = "NDoc", "NDoc", "{BF556CC4-9192-4D6B-9BA4-CDFF06FD0E53}"
	ProjectSection(SolutionItems) = preProject
		Build\ndoc3\Overview.html = Build\ndoc3\Overview.html
	EndProjectSection
EndProject
Project("{2150E333-8FDC-42A3-9474-1A3956D46DE8}") = "Toolkit", "Toolkit", "{C5B85D93-6717-4270-9C36-79EFC18441C5}"
	ProjectSection(SolutionItems) = preProject
		Utilities\ChangeLog.txt = Utilities\ChangeLog.txt
		Utilities\ReadMe.txt = Utilities\ReadMe.txt
	EndProjectSection
EndProject
Project("{2150E333-8FDC-42A3-9474-1A3956D46DE8}") = "Libraries", "Libraries", "{6F7FE654-1B71-4433-B008-6DA0AB0FCBE0}"
EndProject
Project("{2150E333-8FDC-42A3-9474-1A3956D46DE8}") = "Testing", "Testing", "{F80E132E-28EE-4CC6-B11C-1683ED75B1FC}"
EndProject
Project("{2150E333-8FDC-42A3-9474-1A3956D46DE8}") = "Distribution", "Distribution", "{6DF9D872-BD7D-468D-A8A5-655F4839816E}"
EndProject
Project("{2150E333-8FDC-42A3-9474-1A3956D46DE8}") = "Benchmarking", "Benchmarking", "{4F5A0512-21FC-45E3-BCC7-D21D3CE73053}"
EndProject
Project("{2150E333-8FDC-42A3-9474-1A3956D46DE8}") = "Demos", "Demos", "{94A60DC9-ED76-4BB2-941B-681D08F3F548}"
EndProject
Project("{2150E333-8FDC-42A3-9474-1A3956D46DE8}") = "Utilities", "Utilities", "{DF7AB4DD-581E-4785-ACB6-BE22AC36B064}"
EndProject
Project("{2150E333-8FDC-42A3-9474-1A3956D46DE8}") = "Toolkit", "Toolkit", "{AC3DD973-B41A-4C1F-BF02-D6BE3214FC2D}"
EndProject
Project("{2150E333-8FDC-42A3-9474-1A3956D46DE8}") = "GUI Libraries", "GUI Libraries", "{B89D7860-CC8A-4E2B-97AD-42E03FD97766}"
EndProject
Project("{2150E333-8FDC-42A3-9474-1A3956D46DE8}") = "NuGet", "NuGet", "{99E6AA95-7905-4997-A593-F21E11BDD2DB}"
	ProjectSection(SolutionItems) = preProject
		Build\nuget\Data.Virtuoso\dotNetRDF.Data.Virtuoso.nuspec = Build\nuget\Data.Virtuoso\dotNetRDF.Data.Virtuoso.nuspec
		Build\nuget\Core\dotNetRDF.nuspec = Build\nuget\Core\dotNetRDF.nuspec
		Build\nuget\Query.FullText\dotNetRDF.Query.FullText.nuspec = Build\nuget\Query.FullText\dotNetRDF.Query.FullText.nuspec
		Build\nuget\Core\readme.txt = Build\nuget\Core\readme.txt
	EndProjectSection
EndProject
Project("{2150E333-8FDC-42A3-9474-1A3956D46DE8}") = "NAnt", "NAnt", "{D763DA6C-5FA1-4A50-B8F8-2117C11CF2C4}"
	ProjectSection(SolutionItems) = preProject
		Build\nant\dotnetrdf.build = Build\nant\dotnetrdf.build
		Build\nant\patch-nuspec.xsl = Build\nant\patch-nuspec.xsl
	EndProjectSection
EndProject
Project("{2150E333-8FDC-42A3-9474-1A3956D46DE8}") = "Query Libraries", "Query Libraries", "{A0F95852-74DF-46F9-9848-F934F62C0D70}"
EndProject
Project("{FAE04EC0-301F-11D3-BF4B-00C04F79EFBC}") = "BSBM", "Samples\bsbm\BSBM.csproj", "{38C7644F-11E4-4C98-A82B-63A9AC8D17AA}"
EndProject
Project("{FAE04EC0-301F-11D3-BF4B-00C04F79EFBC}") = "dotNetRDF.Test", "Testing\unittest\dotNetRDF.Test.csproj", "{BD80F826-56A3-4A88-B466-DDFA0691FFB8}"
EndProject
Project("{FAE04EC0-301F-11D3-BF4B-00C04F79EFBC}") = "StoreManager", "Utilities\storemanager\StoreManager.csproj", "{5B73EE4C-D365-437B-B3DC-8D8831BF74F3}"
EndProject
Project("{FAE04EC0-301F-11D3-BF4B-00C04F79EFBC}") = "VirtuosoSample", "Samples\virtuoso\VirtuosoSample.csproj", "{4904C1E6-851F-4910-B947-5A1C3B0E789B}"
EndProject
Project("{FAE04EC0-301F-11D3-BF4B-00C04F79EFBC}") = "SparqlGUI", "Utilities\SparqlGUI\SparqlGUI.csproj", "{BBD4CD30-FCB8-45B5-8AEF-F1D4192BC8B2}"
EndProject
Project("{FAE04EC0-301F-11D3-BF4B-00C04F79EFBC}") = "WebDemos", "Samples\WebDemos\WebDemos.csproj", "{A94A8072-04EB-4D9B-96A8-82C3C3CA21CD}"
EndProject
Project("{FAE04EC0-301F-11D3-BF4B-00C04F79EFBC}") = "rdfConvert", "Utilities\rdfConvert\rdfConvert.csproj", "{A33041FF-1521-4CA0-BF53-AFB1C1BBF086}"
EndProject
Project("{FAE04EC0-301F-11D3-BF4B-00C04F79EFBC}") = "rdfQuery", "Utilities\rdfQuery\rdfQuery.csproj", "{E86A1442-C73E-415F-8C67-0F6D79BBB1C3}"
EndProject
Project("{FAE04EC0-301F-11D3-BF4B-00C04F79EFBC}") = "rdfWebDeploy", "Utilities\rdfWebDeploy\rdfWebDeploy.csproj", "{20AB4681-8D42-459E-84C4-729A9E72BF94}"
EndProject
Project("{FAE04EC0-301F-11D3-BF4B-00C04F79EFBC}") = "soh", "Utilities\soh\soh.csproj", "{158872DD-31B7-4DF7-8950-A9547CC220C2}"
EndProject
Project("{FAE04EC0-301F-11D3-BF4B-00C04F79EFBC}") = "dotNetRDF.WinForms", "Libraries\gui.winforms\dotNetRDF.WinForms.csproj", "{0D1B8423-44F6-4ACE-8055-58D66E574F9D}"
EndProject
Project("{FAE04EC0-301F-11D3-BF4B-00C04F79EFBC}") = "rdfOptStats", "Utilities\rdfOptStats\rdfOptStats.csproj", "{7F8C8890-F2EB-479B-94ED-74377045FCB6}"
EndProject
Project("{FAE04EC0-301F-11D3-BF4B-00C04F79EFBC}") = "GraphBenchmarker", "Testing\GraphBenchmarker\GraphBenchmarker.csproj", "{456524B8-7F2A-45B9-9642-5CD4737D051F}"
EndProject
Project("{FAE04EC0-301F-11D3-BF4B-00C04F79EFBC}") = "rdfEditor.Wpf", "Utilities\rdfEditor.Wpf\rdfEditor.Wpf.csproj", "{F8006AE8-6107-4297-9E19-C2E55303FCC6}"
EndProject
Project("{FAE04EC0-301F-11D3-BF4B-00C04F79EFBC}") = "dotNetRDF.Query.FullText", "Libraries\Query\FullText\net40\dotNetRDF.Query.FullText.csproj", "{09097771-84FD-4DC8-A259-1CB0591714EA}"
EndProject
Project("{FAE04EC0-301F-11D3-BF4B-00C04F79EFBC}") = "rdfEditor.Core", "Libraries\editor\rdfEditor.Core.csproj", "{D381CE62-3B23-4BFE-847B-912F7992075B}"
EndProject
Project("{FAE04EC0-301F-11D3-BF4B-00C04F79EFBC}") = "rdfEditor.Core.Wpf", "Libraries\editor.wpf\rdfEditor.Core.Wpf.csproj", "{C06AF971-A922-4070-A335-1C5D6A16A6CE}"
EndProject
Project("{FAE04EC0-301F-11D3-BF4B-00C04F79EFBC}") = "sparqlDawgTester", "Testing\sparqlDawgTests\sparqlDawgTester.csproj", "{D54B96E7-46EB-4183-9C5D-898BE5DEBE2B}"
EndProject
Project("{FAE04EC0-301F-11D3-BF4B-00C04F79EFBC}") = "rdfServer", "Utilities\rdfServer\rdfServer.csproj", "{7DF4C47C-6CB5-4EC4-ABE1-956A74CB9D17}"
EndProject
Project("{FAE04EC0-301F-11D3-BF4B-00C04F79EFBC}") = "rdfServerGUI", "Utilities\rdfServerGUI\rdfServerGUI.csproj", "{BB0C0B98-00F9-4244-87DF-B4B808FF69F1}"
EndProject
Project("{FAE04EC0-301F-11D3-BF4B-00C04F79EFBC}") = "sp2b", "Samples\sp2b\sp2b.csproj", "{DD0E9EC4-C176-481A-88FD-45CFD5BCAF4C}"
EndProject
Project("{FAE04EC0-301F-11D3-BF4B-00C04F79EFBC}") = "Tutorials", "Samples\Tutorials\Tutorials.csproj", "{9BC05484-06DA-42E0-A36E-BDCBACACE4A1}"
EndProject
Project("{FAE04EC0-301F-11D3-BF4B-00C04F79EFBC}") = "StoreManager.Core", "Libraries\storemanager.core\StoreManager.Core.csproj", "{396210A4-AEDA-4352-8458-1788083E336F}"
EndProject
Project("{FAE04EC0-301F-11D3-BF4B-00C04F79EFBC}") = "rdfDBStudio", "Utilities\rdfDBStudio\rdfDBStudio.csproj", "{03E26EC4-4663-41FB-8467-4BEDBB5A99E9}"
EndProject
Project("{2150E333-8FDC-42A3-9474-1A3956D46DE8}") = ".nuget", ".nuget", "{75DB141F-849F-498C-820E-DB13C3EC433D}"
	ProjectSection(SolutionItems) = preProject
		.nuget\NuGet.Config = .nuget\NuGet.Config
	EndProjectSection
EndProject
Project("{FAE04EC0-301F-11D3-BF4B-00C04F79EFBC}") = "dotNetRDF.Query.FullText.Net35", "Libraries\Query\FullText\net35\dotNetRDF.Query.FullText.Net35.csproj", "{158615D0-3BE8-4B7D-A903-89A35D83A82F}"
EndProject
Project("{FAE04EC0-301F-11D3-BF4B-00C04F79EFBC}") = "dotNetRDF.Query.FullText.ClientProfile.Net35", "Libraries\Query\FullText\net35-client\dotNetRDF.Query.FullText.ClientProfile.Net35.csproj", "{FF53C8F1-884D-4174-8168-5302DF628600}"
EndProject
Project("{FAE04EC0-301F-11D3-BF4B-00C04F79EFBC}") = "dotNetRDF.Query.FullText.ClientProfile", "Libraries\Query\FullText\net40-client\dotNetRDF.Query.FullText.ClientProfile.csproj", "{B86E07CA-12B0-4E40-AA07-0CDDCA659FE4}"
EndProject
Project("{FAE04EC0-301F-11D3-BF4B-00C04F79EFBC}") = "dotNetRDF.Portable.Test", "Testing\portable\dotNetRDF.Portable.Test\dotNetRDF.Portable.Test.csproj", "{A2F3A026-4BE2-41F1-A9AB-77B8CB11B50C}"
EndProject
Project("{930C7802-8A8C-48F9-8165-68863BCCD9DD}") = "ToolkitInstaller", "Build\ToolkitInstaller\ToolkitInstaller.wixproj", "{5BF10FA7-95B7-42B4-8F17-65AE02AA65FE}"
	ProjectSection(ProjectDependencies) = postProject
		{BBD4CD30-FCB8-45B5-8AEF-F1D4192BC8B2} = {BBD4CD30-FCB8-45B5-8AEF-F1D4192BC8B2}
		{E86A1442-C73E-415F-8C67-0F6D79BBB1C3} = {E86A1442-C73E-415F-8C67-0F6D79BBB1C3}
		{5B73EE4C-D365-437B-B3DC-8D8831BF74F3} = {5B73EE4C-D365-437B-B3DC-8D8831BF74F3}
		{7DF4C47C-6CB5-4EC4-ABE1-956A74CB9D17} = {7DF4C47C-6CB5-4EC4-ABE1-956A74CB9D17}
		{20AB4681-8D42-459E-84C4-729A9E72BF94} = {20AB4681-8D42-459E-84C4-729A9E72BF94}
		{7F8C8890-F2EB-479B-94ED-74377045FCB6} = {7F8C8890-F2EB-479B-94ED-74377045FCB6}
		{BB0C0B98-00F9-4244-87DF-B4B808FF69F1} = {BB0C0B98-00F9-4244-87DF-B4B808FF69F1}
		{158872DD-31B7-4DF7-8950-A9547CC220C2} = {158872DD-31B7-4DF7-8950-A9547CC220C2}
		{F8006AE8-6107-4297-9E19-C2E55303FCC6} = {F8006AE8-6107-4297-9E19-C2E55303FCC6}
		{A33041FF-1521-4CA0-BF53-AFB1C1BBF086} = {A33041FF-1521-4CA0-BF53-AFB1C1BBF086}
	EndProjectSection
EndProject
Project("{8BB2217D-0F2D-49D1-97BC-3654ED321F3B}") = "dotNetRDF", "Libraries\core\dotNetRDF.xproj", "{D5496E79-469F-49BC-952C-817D78FB4CD5}"
EndProject
Project("{8BB2217D-0F2D-49D1-97BC-3654ED321F3B}") = "dotNetRDF.Data.Virtuoso", "Libraries\Data\Virtuoso\dotNetRDF.Data.Virtuoso.xproj", "{6532382C-3FCC-49FD-A662-4409F903D070}"
EndProject
Global
	GlobalSection(SolutionConfigurationPlatforms) = preSolution
		Debug|Any CPU = Debug|Any CPU
		Debug|Mixed Platforms = Debug|Mixed Platforms
		Debug|x64 = Debug|x64
		Debug|x86 = Debug|x86
		Release|Any CPU = Release|Any CPU
		Release|Mixed Platforms = Release|Mixed Platforms
		Release|x64 = Release|x64
		Release|x86 = Release|x86
	EndGlobalSection
	GlobalSection(ProjectConfigurationPlatforms) = postSolution
		{38C7644F-11E4-4C98-A82B-63A9AC8D17AA}.Debug|Any CPU.ActiveCfg = Debug|Any CPU
		{38C7644F-11E4-4C98-A82B-63A9AC8D17AA}.Debug|Any CPU.Build.0 = Debug|Any CPU
		{38C7644F-11E4-4C98-A82B-63A9AC8D17AA}.Debug|Mixed Platforms.ActiveCfg = Debug|Any CPU
		{38C7644F-11E4-4C98-A82B-63A9AC8D17AA}.Debug|x64.ActiveCfg = Debug|Any CPU
		{38C7644F-11E4-4C98-A82B-63A9AC8D17AA}.Debug|x86.ActiveCfg = Debug|Any CPU
		{38C7644F-11E4-4C98-A82B-63A9AC8D17AA}.Release|Any CPU.ActiveCfg = Release|Any CPU
		{38C7644F-11E4-4C98-A82B-63A9AC8D17AA}.Release|Any CPU.Build.0 = Release|Any CPU
		{38C7644F-11E4-4C98-A82B-63A9AC8D17AA}.Release|Mixed Platforms.ActiveCfg = Release|Any CPU
		{38C7644F-11E4-4C98-A82B-63A9AC8D17AA}.Release|Mixed Platforms.Build.0 = Release|Any CPU
		{38C7644F-11E4-4C98-A82B-63A9AC8D17AA}.Release|x64.ActiveCfg = Release|Any CPU
		{38C7644F-11E4-4C98-A82B-63A9AC8D17AA}.Release|x86.ActiveCfg = Release|Any CPU
		{BD80F826-56A3-4A88-B466-DDFA0691FFB8}.Debug|Any CPU.ActiveCfg = Debug|Any CPU
		{BD80F826-56A3-4A88-B466-DDFA0691FFB8}.Debug|Any CPU.Build.0 = Debug|Any CPU
		{BD80F826-56A3-4A88-B466-DDFA0691FFB8}.Debug|Mixed Platforms.ActiveCfg = Debug|Any CPU
		{BD80F826-56A3-4A88-B466-DDFA0691FFB8}.Debug|Mixed Platforms.Build.0 = Debug|Any CPU
		{BD80F826-56A3-4A88-B466-DDFA0691FFB8}.Debug|x64.ActiveCfg = Debug|Any CPU
		{BD80F826-56A3-4A88-B466-DDFA0691FFB8}.Debug|x86.ActiveCfg = Debug|Any CPU
		{BD80F826-56A3-4A88-B466-DDFA0691FFB8}.Release|Any CPU.ActiveCfg = Release|Any CPU
		{BD80F826-56A3-4A88-B466-DDFA0691FFB8}.Release|Any CPU.Build.0 = Release|Any CPU
		{BD80F826-56A3-4A88-B466-DDFA0691FFB8}.Release|Mixed Platforms.ActiveCfg = Release|Any CPU
		{BD80F826-56A3-4A88-B466-DDFA0691FFB8}.Release|Mixed Platforms.Build.0 = Release|Any CPU
		{BD80F826-56A3-4A88-B466-DDFA0691FFB8}.Release|x64.ActiveCfg = Release|Any CPU
		{BD80F826-56A3-4A88-B466-DDFA0691FFB8}.Release|x86.ActiveCfg = Release|Any CPU
		{5B73EE4C-D365-437B-B3DC-8D8831BF74F3}.Debug|Any CPU.ActiveCfg = Debug|Any CPU
		{5B73EE4C-D365-437B-B3DC-8D8831BF74F3}.Debug|Any CPU.Build.0 = Debug|Any CPU
		{5B73EE4C-D365-437B-B3DC-8D8831BF74F3}.Debug|Mixed Platforms.ActiveCfg = Debug|Any CPU
		{5B73EE4C-D365-437B-B3DC-8D8831BF74F3}.Debug|Mixed Platforms.Build.0 = Debug|Any CPU
		{5B73EE4C-D365-437B-B3DC-8D8831BF74F3}.Debug|x64.ActiveCfg = Debug|Any CPU
		{5B73EE4C-D365-437B-B3DC-8D8831BF74F3}.Debug|x86.ActiveCfg = Debug|Any CPU
		{5B73EE4C-D365-437B-B3DC-8D8831BF74F3}.Release|Any CPU.ActiveCfg = Release|Any CPU
		{5B73EE4C-D365-437B-B3DC-8D8831BF74F3}.Release|Any CPU.Build.0 = Release|Any CPU
		{5B73EE4C-D365-437B-B3DC-8D8831BF74F3}.Release|Mixed Platforms.ActiveCfg = Release|Any CPU
		{5B73EE4C-D365-437B-B3DC-8D8831BF74F3}.Release|Mixed Platforms.Build.0 = Release|Any CPU
		{5B73EE4C-D365-437B-B3DC-8D8831BF74F3}.Release|x64.ActiveCfg = Release|Any CPU
		{5B73EE4C-D365-437B-B3DC-8D8831BF74F3}.Release|x86.ActiveCfg = Release|Any CPU
		{4904C1E6-851F-4910-B947-5A1C3B0E789B}.Debug|Any CPU.ActiveCfg = Debug|Any CPU
		{4904C1E6-851F-4910-B947-5A1C3B0E789B}.Debug|Any CPU.Build.0 = Debug|Any CPU
		{4904C1E6-851F-4910-B947-5A1C3B0E789B}.Debug|Mixed Platforms.ActiveCfg = Debug|Any CPU
		{4904C1E6-851F-4910-B947-5A1C3B0E789B}.Debug|Mixed Platforms.Build.0 = Debug|Any CPU
		{4904C1E6-851F-4910-B947-5A1C3B0E789B}.Debug|x64.ActiveCfg = Debug|Any CPU
		{4904C1E6-851F-4910-B947-5A1C3B0E789B}.Debug|x86.ActiveCfg = Debug|Any CPU
		{4904C1E6-851F-4910-B947-5A1C3B0E789B}.Release|Any CPU.ActiveCfg = Release|Any CPU
		{4904C1E6-851F-4910-B947-5A1C3B0E789B}.Release|Any CPU.Build.0 = Release|Any CPU
		{4904C1E6-851F-4910-B947-5A1C3B0E789B}.Release|Mixed Platforms.ActiveCfg = Release|Any CPU
		{4904C1E6-851F-4910-B947-5A1C3B0E789B}.Release|Mixed Platforms.Build.0 = Release|Any CPU
		{4904C1E6-851F-4910-B947-5A1C3B0E789B}.Release|x64.ActiveCfg = Release|Any CPU
		{4904C1E6-851F-4910-B947-5A1C3B0E789B}.Release|x86.ActiveCfg = Release|Any CPU
		{BBD4CD30-FCB8-45B5-8AEF-F1D4192BC8B2}.Debug|Any CPU.ActiveCfg = Debug|Any CPU
		{BBD4CD30-FCB8-45B5-8AEF-F1D4192BC8B2}.Debug|Any CPU.Build.0 = Debug|Any CPU
		{BBD4CD30-FCB8-45B5-8AEF-F1D4192BC8B2}.Debug|Mixed Platforms.ActiveCfg = Debug|Any CPU
		{BBD4CD30-FCB8-45B5-8AEF-F1D4192BC8B2}.Debug|Mixed Platforms.Build.0 = Debug|Any CPU
		{BBD4CD30-FCB8-45B5-8AEF-F1D4192BC8B2}.Debug|x64.ActiveCfg = Debug|Any CPU
		{BBD4CD30-FCB8-45B5-8AEF-F1D4192BC8B2}.Debug|x86.ActiveCfg = Debug|Any CPU
		{BBD4CD30-FCB8-45B5-8AEF-F1D4192BC8B2}.Release|Any CPU.ActiveCfg = Release|Any CPU
		{BBD4CD30-FCB8-45B5-8AEF-F1D4192BC8B2}.Release|Any CPU.Build.0 = Release|Any CPU
		{BBD4CD30-FCB8-45B5-8AEF-F1D4192BC8B2}.Release|Mixed Platforms.ActiveCfg = Release|Any CPU
		{BBD4CD30-FCB8-45B5-8AEF-F1D4192BC8B2}.Release|Mixed Platforms.Build.0 = Release|Any CPU
		{BBD4CD30-FCB8-45B5-8AEF-F1D4192BC8B2}.Release|x64.ActiveCfg = Release|Any CPU
		{BBD4CD30-FCB8-45B5-8AEF-F1D4192BC8B2}.Release|x86.ActiveCfg = Release|Any CPU
		{A94A8072-04EB-4D9B-96A8-82C3C3CA21CD}.Debug|Any CPU.ActiveCfg = Debug|Any CPU
		{A94A8072-04EB-4D9B-96A8-82C3C3CA21CD}.Debug|Any CPU.Build.0 = Debug|Any CPU
		{A94A8072-04EB-4D9B-96A8-82C3C3CA21CD}.Debug|Mixed Platforms.ActiveCfg = Debug|Any CPU
		{A94A8072-04EB-4D9B-96A8-82C3C3CA21CD}.Debug|Mixed Platforms.Build.0 = Debug|Any CPU
		{A94A8072-04EB-4D9B-96A8-82C3C3CA21CD}.Debug|x64.ActiveCfg = Debug|Any CPU
		{A94A8072-04EB-4D9B-96A8-82C3C3CA21CD}.Debug|x86.ActiveCfg = Debug|Any CPU
		{A94A8072-04EB-4D9B-96A8-82C3C3CA21CD}.Release|Any CPU.ActiveCfg = Release|Any CPU
		{A94A8072-04EB-4D9B-96A8-82C3C3CA21CD}.Release|Any CPU.Build.0 = Release|Any CPU
		{A94A8072-04EB-4D9B-96A8-82C3C3CA21CD}.Release|Mixed Platforms.ActiveCfg = Release|Any CPU
		{A94A8072-04EB-4D9B-96A8-82C3C3CA21CD}.Release|Mixed Platforms.Build.0 = Release|Any CPU
		{A94A8072-04EB-4D9B-96A8-82C3C3CA21CD}.Release|x64.ActiveCfg = Release|Any CPU
		{A94A8072-04EB-4D9B-96A8-82C3C3CA21CD}.Release|x86.ActiveCfg = Release|Any CPU
		{A33041FF-1521-4CA0-BF53-AFB1C1BBF086}.Debug|Any CPU.ActiveCfg = Debug|Any CPU
		{A33041FF-1521-4CA0-BF53-AFB1C1BBF086}.Debug|Any CPU.Build.0 = Debug|Any CPU
		{A33041FF-1521-4CA0-BF53-AFB1C1BBF086}.Debug|Mixed Platforms.ActiveCfg = Debug|Any CPU
		{A33041FF-1521-4CA0-BF53-AFB1C1BBF086}.Debug|Mixed Platforms.Build.0 = Debug|Any CPU
		{A33041FF-1521-4CA0-BF53-AFB1C1BBF086}.Debug|x64.ActiveCfg = Debug|Any CPU
		{A33041FF-1521-4CA0-BF53-AFB1C1BBF086}.Debug|x86.ActiveCfg = Debug|Any CPU
		{A33041FF-1521-4CA0-BF53-AFB1C1BBF086}.Release|Any CPU.ActiveCfg = Release|Any CPU
		{A33041FF-1521-4CA0-BF53-AFB1C1BBF086}.Release|Any CPU.Build.0 = Release|Any CPU
		{A33041FF-1521-4CA0-BF53-AFB1C1BBF086}.Release|Mixed Platforms.ActiveCfg = Release|Any CPU
		{A33041FF-1521-4CA0-BF53-AFB1C1BBF086}.Release|Mixed Platforms.Build.0 = Release|Any CPU
		{A33041FF-1521-4CA0-BF53-AFB1C1BBF086}.Release|x64.ActiveCfg = Release|Any CPU
		{A33041FF-1521-4CA0-BF53-AFB1C1BBF086}.Release|x86.ActiveCfg = Release|Any CPU
		{E86A1442-C73E-415F-8C67-0F6D79BBB1C3}.Debug|Any CPU.ActiveCfg = Debug|Any CPU
		{E86A1442-C73E-415F-8C67-0F6D79BBB1C3}.Debug|Any CPU.Build.0 = Debug|Any CPU
		{E86A1442-C73E-415F-8C67-0F6D79BBB1C3}.Debug|Mixed Platforms.ActiveCfg = Debug|Any CPU
		{E86A1442-C73E-415F-8C67-0F6D79BBB1C3}.Debug|Mixed Platforms.Build.0 = Debug|Any CPU
		{E86A1442-C73E-415F-8C67-0F6D79BBB1C3}.Debug|x64.ActiveCfg = Debug|Any CPU
		{E86A1442-C73E-415F-8C67-0F6D79BBB1C3}.Debug|x86.ActiveCfg = Debug|Any CPU
		{E86A1442-C73E-415F-8C67-0F6D79BBB1C3}.Release|Any CPU.ActiveCfg = Release|Any CPU
		{E86A1442-C73E-415F-8C67-0F6D79BBB1C3}.Release|Any CPU.Build.0 = Release|Any CPU
		{E86A1442-C73E-415F-8C67-0F6D79BBB1C3}.Release|Mixed Platforms.ActiveCfg = Release|Any CPU
		{E86A1442-C73E-415F-8C67-0F6D79BBB1C3}.Release|Mixed Platforms.Build.0 = Release|Any CPU
		{E86A1442-C73E-415F-8C67-0F6D79BBB1C3}.Release|x64.ActiveCfg = Release|Any CPU
		{E86A1442-C73E-415F-8C67-0F6D79BBB1C3}.Release|x86.ActiveCfg = Release|Any CPU
		{20AB4681-8D42-459E-84C4-729A9E72BF94}.Debug|Any CPU.ActiveCfg = Debug|Any CPU
		{20AB4681-8D42-459E-84C4-729A9E72BF94}.Debug|Any CPU.Build.0 = Debug|Any CPU
		{20AB4681-8D42-459E-84C4-729A9E72BF94}.Debug|Mixed Platforms.ActiveCfg = Debug|Any CPU
		{20AB4681-8D42-459E-84C4-729A9E72BF94}.Debug|Mixed Platforms.Build.0 = Debug|Any CPU
		{20AB4681-8D42-459E-84C4-729A9E72BF94}.Debug|x64.ActiveCfg = Debug|Any CPU
		{20AB4681-8D42-459E-84C4-729A9E72BF94}.Debug|x86.ActiveCfg = Debug|Any CPU
		{20AB4681-8D42-459E-84C4-729A9E72BF94}.Release|Any CPU.ActiveCfg = Release|Any CPU
		{20AB4681-8D42-459E-84C4-729A9E72BF94}.Release|Any CPU.Build.0 = Release|Any CPU
		{20AB4681-8D42-459E-84C4-729A9E72BF94}.Release|Mixed Platforms.ActiveCfg = Release|Any CPU
		{20AB4681-8D42-459E-84C4-729A9E72BF94}.Release|Mixed Platforms.Build.0 = Release|Any CPU
		{20AB4681-8D42-459E-84C4-729A9E72BF94}.Release|x64.ActiveCfg = Release|Any CPU
		{20AB4681-8D42-459E-84C4-729A9E72BF94}.Release|x86.ActiveCfg = Release|Any CPU
		{158872DD-31B7-4DF7-8950-A9547CC220C2}.Debug|Any CPU.ActiveCfg = Debug|Any CPU
		{158872DD-31B7-4DF7-8950-A9547CC220C2}.Debug|Any CPU.Build.0 = Debug|Any CPU
		{158872DD-31B7-4DF7-8950-A9547CC220C2}.Debug|Mixed Platforms.ActiveCfg = Debug|Any CPU
		{158872DD-31B7-4DF7-8950-A9547CC220C2}.Debug|Mixed Platforms.Build.0 = Debug|Any CPU
		{158872DD-31B7-4DF7-8950-A9547CC220C2}.Debug|x64.ActiveCfg = Debug|Any CPU
		{158872DD-31B7-4DF7-8950-A9547CC220C2}.Debug|x86.ActiveCfg = Debug|Any CPU
		{158872DD-31B7-4DF7-8950-A9547CC220C2}.Release|Any CPU.ActiveCfg = Release|Any CPU
		{158872DD-31B7-4DF7-8950-A9547CC220C2}.Release|Any CPU.Build.0 = Release|Any CPU
		{158872DD-31B7-4DF7-8950-A9547CC220C2}.Release|Mixed Platforms.ActiveCfg = Release|Any CPU
		{158872DD-31B7-4DF7-8950-A9547CC220C2}.Release|Mixed Platforms.Build.0 = Release|Any CPU
		{158872DD-31B7-4DF7-8950-A9547CC220C2}.Release|x64.ActiveCfg = Release|Any CPU
		{158872DD-31B7-4DF7-8950-A9547CC220C2}.Release|x86.ActiveCfg = Release|Any CPU
		{0D1B8423-44F6-4ACE-8055-58D66E574F9D}.Debug|Any CPU.ActiveCfg = Debug|Any CPU
		{0D1B8423-44F6-4ACE-8055-58D66E574F9D}.Debug|Any CPU.Build.0 = Debug|Any CPU
		{0D1B8423-44F6-4ACE-8055-58D66E574F9D}.Debug|Mixed Platforms.ActiveCfg = Debug|Any CPU
		{0D1B8423-44F6-4ACE-8055-58D66E574F9D}.Debug|Mixed Platforms.Build.0 = Debug|Any CPU
		{0D1B8423-44F6-4ACE-8055-58D66E574F9D}.Debug|x64.ActiveCfg = Debug|Any CPU
		{0D1B8423-44F6-4ACE-8055-58D66E574F9D}.Debug|x86.ActiveCfg = Debug|Any CPU
		{0D1B8423-44F6-4ACE-8055-58D66E574F9D}.Release|Any CPU.ActiveCfg = Release|Any CPU
		{0D1B8423-44F6-4ACE-8055-58D66E574F9D}.Release|Any CPU.Build.0 = Release|Any CPU
		{0D1B8423-44F6-4ACE-8055-58D66E574F9D}.Release|Mixed Platforms.ActiveCfg = Release|Any CPU
		{0D1B8423-44F6-4ACE-8055-58D66E574F9D}.Release|Mixed Platforms.Build.0 = Release|Any CPU
		{0D1B8423-44F6-4ACE-8055-58D66E574F9D}.Release|x64.ActiveCfg = Release|Any CPU
		{0D1B8423-44F6-4ACE-8055-58D66E574F9D}.Release|x86.ActiveCfg = Release|Any CPU
		{7F8C8890-F2EB-479B-94ED-74377045FCB6}.Debug|Any CPU.ActiveCfg = Debug|Any CPU
		{7F8C8890-F2EB-479B-94ED-74377045FCB6}.Debug|Any CPU.Build.0 = Debug|Any CPU
		{7F8C8890-F2EB-479B-94ED-74377045FCB6}.Debug|Mixed Platforms.ActiveCfg = Debug|Any CPU
		{7F8C8890-F2EB-479B-94ED-74377045FCB6}.Debug|Mixed Platforms.Build.0 = Debug|Any CPU
		{7F8C8890-F2EB-479B-94ED-74377045FCB6}.Debug|x64.ActiveCfg = Debug|Any CPU
		{7F8C8890-F2EB-479B-94ED-74377045FCB6}.Debug|x86.ActiveCfg = Debug|Any CPU
		{7F8C8890-F2EB-479B-94ED-74377045FCB6}.Release|Any CPU.ActiveCfg = Release|Any CPU
		{7F8C8890-F2EB-479B-94ED-74377045FCB6}.Release|Any CPU.Build.0 = Release|Any CPU
		{7F8C8890-F2EB-479B-94ED-74377045FCB6}.Release|Mixed Platforms.ActiveCfg = Release|Any CPU
		{7F8C8890-F2EB-479B-94ED-74377045FCB6}.Release|Mixed Platforms.Build.0 = Release|Any CPU
		{7F8C8890-F2EB-479B-94ED-74377045FCB6}.Release|x64.ActiveCfg = Release|Any CPU
		{7F8C8890-F2EB-479B-94ED-74377045FCB6}.Release|x86.ActiveCfg = Release|Any CPU
		{456524B8-7F2A-45B9-9642-5CD4737D051F}.Debug|Any CPU.ActiveCfg = Debug|Any CPU
		{456524B8-7F2A-45B9-9642-5CD4737D051F}.Debug|Any CPU.Build.0 = Debug|Any CPU
		{456524B8-7F2A-45B9-9642-5CD4737D051F}.Debug|Mixed Platforms.ActiveCfg = Debug|Any CPU
		{456524B8-7F2A-45B9-9642-5CD4737D051F}.Debug|Mixed Platforms.Build.0 = Debug|Any CPU
		{456524B8-7F2A-45B9-9642-5CD4737D051F}.Debug|x64.ActiveCfg = Debug|Any CPU
		{456524B8-7F2A-45B9-9642-5CD4737D051F}.Debug|x86.ActiveCfg = Debug|Any CPU
		{456524B8-7F2A-45B9-9642-5CD4737D051F}.Release|Any CPU.ActiveCfg = Release|Any CPU
		{456524B8-7F2A-45B9-9642-5CD4737D051F}.Release|Any CPU.Build.0 = Release|Any CPU
		{456524B8-7F2A-45B9-9642-5CD4737D051F}.Release|Mixed Platforms.ActiveCfg = Release|Any CPU
		{456524B8-7F2A-45B9-9642-5CD4737D051F}.Release|Mixed Platforms.Build.0 = Release|Any CPU
		{456524B8-7F2A-45B9-9642-5CD4737D051F}.Release|x64.ActiveCfg = Release|Any CPU
		{456524B8-7F2A-45B9-9642-5CD4737D051F}.Release|x86.ActiveCfg = Release|Any CPU
		{F8006AE8-6107-4297-9E19-C2E55303FCC6}.Debug|Any CPU.ActiveCfg = Debug|Any CPU
		{F8006AE8-6107-4297-9E19-C2E55303FCC6}.Debug|Any CPU.Build.0 = Debug|Any CPU
		{F8006AE8-6107-4297-9E19-C2E55303FCC6}.Debug|Mixed Platforms.ActiveCfg = Debug|Any CPU
		{F8006AE8-6107-4297-9E19-C2E55303FCC6}.Debug|Mixed Platforms.Build.0 = Debug|Any CPU
		{F8006AE8-6107-4297-9E19-C2E55303FCC6}.Debug|x64.ActiveCfg = Debug|Any CPU
		{F8006AE8-6107-4297-9E19-C2E55303FCC6}.Debug|x86.ActiveCfg = Debug|Any CPU
		{F8006AE8-6107-4297-9E19-C2E55303FCC6}.Release|Any CPU.ActiveCfg = Release|Any CPU
		{F8006AE8-6107-4297-9E19-C2E55303FCC6}.Release|Any CPU.Build.0 = Release|Any CPU
		{F8006AE8-6107-4297-9E19-C2E55303FCC6}.Release|Mixed Platforms.ActiveCfg = Release|Any CPU
		{F8006AE8-6107-4297-9E19-C2E55303FCC6}.Release|Mixed Platforms.Build.0 = Release|Any CPU
		{F8006AE8-6107-4297-9E19-C2E55303FCC6}.Release|x64.ActiveCfg = Release|Any CPU
		{F8006AE8-6107-4297-9E19-C2E55303FCC6}.Release|x86.ActiveCfg = Release|Any CPU
		{09097771-84FD-4DC8-A259-1CB0591714EA}.Debug|Any CPU.ActiveCfg = Debug|Any CPU
		{09097771-84FD-4DC8-A259-1CB0591714EA}.Debug|Any CPU.Build.0 = Debug|Any CPU
		{09097771-84FD-4DC8-A259-1CB0591714EA}.Debug|Mixed Platforms.ActiveCfg = Debug|Any CPU
		{09097771-84FD-4DC8-A259-1CB0591714EA}.Debug|Mixed Platforms.Build.0 = Debug|Any CPU
		{09097771-84FD-4DC8-A259-1CB0591714EA}.Debug|x64.ActiveCfg = Debug|Any CPU
		{09097771-84FD-4DC8-A259-1CB0591714EA}.Debug|x86.ActiveCfg = Debug|Any CPU
		{09097771-84FD-4DC8-A259-1CB0591714EA}.Release|Any CPU.ActiveCfg = Release|Any CPU
		{09097771-84FD-4DC8-A259-1CB0591714EA}.Release|Any CPU.Build.0 = Release|Any CPU
		{09097771-84FD-4DC8-A259-1CB0591714EA}.Release|Mixed Platforms.ActiveCfg = Release|Any CPU
		{09097771-84FD-4DC8-A259-1CB0591714EA}.Release|Mixed Platforms.Build.0 = Release|Any CPU
		{09097771-84FD-4DC8-A259-1CB0591714EA}.Release|x64.ActiveCfg = Release|Any CPU
		{09097771-84FD-4DC8-A259-1CB0591714EA}.Release|x86.ActiveCfg = Release|Any CPU
		{D381CE62-3B23-4BFE-847B-912F7992075B}.Debug|Any CPU.ActiveCfg = Debug|Any CPU
		{D381CE62-3B23-4BFE-847B-912F7992075B}.Debug|Any CPU.Build.0 = Debug|Any CPU
		{D381CE62-3B23-4BFE-847B-912F7992075B}.Debug|Mixed Platforms.ActiveCfg = Debug|Any CPU
		{D381CE62-3B23-4BFE-847B-912F7992075B}.Debug|Mixed Platforms.Build.0 = Debug|Any CPU
		{D381CE62-3B23-4BFE-847B-912F7992075B}.Debug|x64.ActiveCfg = Debug|Any CPU
		{D381CE62-3B23-4BFE-847B-912F7992075B}.Debug|x86.ActiveCfg = Debug|Any CPU
		{D381CE62-3B23-4BFE-847B-912F7992075B}.Release|Any CPU.ActiveCfg = Release|Any CPU
		{D381CE62-3B23-4BFE-847B-912F7992075B}.Release|Any CPU.Build.0 = Release|Any CPU
		{D381CE62-3B23-4BFE-847B-912F7992075B}.Release|Mixed Platforms.ActiveCfg = Release|Any CPU
		{D381CE62-3B23-4BFE-847B-912F7992075B}.Release|Mixed Platforms.Build.0 = Release|Any CPU
		{D381CE62-3B23-4BFE-847B-912F7992075B}.Release|x64.ActiveCfg = Release|Any CPU
		{D381CE62-3B23-4BFE-847B-912F7992075B}.Release|x86.ActiveCfg = Release|Any CPU
		{C06AF971-A922-4070-A335-1C5D6A16A6CE}.Debug|Any CPU.ActiveCfg = Debug|Any CPU
		{C06AF971-A922-4070-A335-1C5D6A16A6CE}.Debug|Any CPU.Build.0 = Debug|Any CPU
		{C06AF971-A922-4070-A335-1C5D6A16A6CE}.Debug|Mixed Platforms.ActiveCfg = Debug|Any CPU
		{C06AF971-A922-4070-A335-1C5D6A16A6CE}.Debug|Mixed Platforms.Build.0 = Debug|Any CPU
		{C06AF971-A922-4070-A335-1C5D6A16A6CE}.Debug|x64.ActiveCfg = Debug|Any CPU
		{C06AF971-A922-4070-A335-1C5D6A16A6CE}.Debug|x86.ActiveCfg = Debug|Any CPU
		{C06AF971-A922-4070-A335-1C5D6A16A6CE}.Release|Any CPU.ActiveCfg = Release|Any CPU
		{C06AF971-A922-4070-A335-1C5D6A16A6CE}.Release|Any CPU.Build.0 = Release|Any CPU
		{C06AF971-A922-4070-A335-1C5D6A16A6CE}.Release|Mixed Platforms.ActiveCfg = Release|Any CPU
		{C06AF971-A922-4070-A335-1C5D6A16A6CE}.Release|Mixed Platforms.Build.0 = Release|Any CPU
		{C06AF971-A922-4070-A335-1C5D6A16A6CE}.Release|x64.ActiveCfg = Release|Any CPU
		{C06AF971-A922-4070-A335-1C5D6A16A6CE}.Release|x86.ActiveCfg = Release|Any CPU
		{D54B96E7-46EB-4183-9C5D-898BE5DEBE2B}.Debug|Any CPU.ActiveCfg = Debug|Any CPU
		{D54B96E7-46EB-4183-9C5D-898BE5DEBE2B}.Debug|Any CPU.Build.0 = Debug|Any CPU
		{D54B96E7-46EB-4183-9C5D-898BE5DEBE2B}.Debug|Mixed Platforms.ActiveCfg = Debug|Any CPU
		{D54B96E7-46EB-4183-9C5D-898BE5DEBE2B}.Debug|Mixed Platforms.Build.0 = Debug|Any CPU
		{D54B96E7-46EB-4183-9C5D-898BE5DEBE2B}.Debug|x64.ActiveCfg = Debug|Any CPU
		{D54B96E7-46EB-4183-9C5D-898BE5DEBE2B}.Debug|x86.ActiveCfg = Debug|Any CPU
		{D54B96E7-46EB-4183-9C5D-898BE5DEBE2B}.Release|Any CPU.ActiveCfg = Release|Any CPU
		{D54B96E7-46EB-4183-9C5D-898BE5DEBE2B}.Release|Any CPU.Build.0 = Release|Any CPU
		{D54B96E7-46EB-4183-9C5D-898BE5DEBE2B}.Release|Mixed Platforms.ActiveCfg = Release|Any CPU
		{D54B96E7-46EB-4183-9C5D-898BE5DEBE2B}.Release|Mixed Platforms.Build.0 = Release|Any CPU
		{D54B96E7-46EB-4183-9C5D-898BE5DEBE2B}.Release|x64.ActiveCfg = Release|Any CPU
		{D54B96E7-46EB-4183-9C5D-898BE5DEBE2B}.Release|x86.ActiveCfg = Release|Any CPU
		{7DF4C47C-6CB5-4EC4-ABE1-956A74CB9D17}.Debug|Any CPU.ActiveCfg = Debug|Any CPU
		{7DF4C47C-6CB5-4EC4-ABE1-956A74CB9D17}.Debug|Any CPU.Build.0 = Debug|Any CPU
		{7DF4C47C-6CB5-4EC4-ABE1-956A74CB9D17}.Debug|Mixed Platforms.ActiveCfg = Debug|Any CPU
		{7DF4C47C-6CB5-4EC4-ABE1-956A74CB9D17}.Debug|Mixed Platforms.Build.0 = Debug|Any CPU
		{7DF4C47C-6CB5-4EC4-ABE1-956A74CB9D17}.Debug|x64.ActiveCfg = Debug|Any CPU
		{7DF4C47C-6CB5-4EC4-ABE1-956A74CB9D17}.Debug|x86.ActiveCfg = Debug|Any CPU
		{7DF4C47C-6CB5-4EC4-ABE1-956A74CB9D17}.Release|Any CPU.ActiveCfg = Release|Any CPU
		{7DF4C47C-6CB5-4EC4-ABE1-956A74CB9D17}.Release|Any CPU.Build.0 = Release|Any CPU
		{7DF4C47C-6CB5-4EC4-ABE1-956A74CB9D17}.Release|Mixed Platforms.ActiveCfg = Release|Any CPU
		{7DF4C47C-6CB5-4EC4-ABE1-956A74CB9D17}.Release|Mixed Platforms.Build.0 = Release|Any CPU
		{7DF4C47C-6CB5-4EC4-ABE1-956A74CB9D17}.Release|x64.ActiveCfg = Release|Any CPU
		{7DF4C47C-6CB5-4EC4-ABE1-956A74CB9D17}.Release|x86.ActiveCfg = Release|Any CPU
		{BB0C0B98-00F9-4244-87DF-B4B808FF69F1}.Debug|Any CPU.ActiveCfg = Debug|Any CPU
		{BB0C0B98-00F9-4244-87DF-B4B808FF69F1}.Debug|Any CPU.Build.0 = Debug|Any CPU
		{BB0C0B98-00F9-4244-87DF-B4B808FF69F1}.Debug|Mixed Platforms.ActiveCfg = Debug|Any CPU
		{BB0C0B98-00F9-4244-87DF-B4B808FF69F1}.Debug|Mixed Platforms.Build.0 = Debug|Any CPU
		{BB0C0B98-00F9-4244-87DF-B4B808FF69F1}.Debug|x64.ActiveCfg = Debug|Any CPU
		{BB0C0B98-00F9-4244-87DF-B4B808FF69F1}.Debug|x86.ActiveCfg = Debug|Any CPU
		{BB0C0B98-00F9-4244-87DF-B4B808FF69F1}.Release|Any CPU.ActiveCfg = Release|Any CPU
		{BB0C0B98-00F9-4244-87DF-B4B808FF69F1}.Release|Any CPU.Build.0 = Release|Any CPU
		{BB0C0B98-00F9-4244-87DF-B4B808FF69F1}.Release|Mixed Platforms.ActiveCfg = Release|Any CPU
		{BB0C0B98-00F9-4244-87DF-B4B808FF69F1}.Release|Mixed Platforms.Build.0 = Release|Any CPU
		{BB0C0B98-00F9-4244-87DF-B4B808FF69F1}.Release|x64.ActiveCfg = Release|Any CPU
		{BB0C0B98-00F9-4244-87DF-B4B808FF69F1}.Release|x86.ActiveCfg = Release|Any CPU
		{DD0E9EC4-C176-481A-88FD-45CFD5BCAF4C}.Debug|Any CPU.ActiveCfg = Debug|Any CPU
		{DD0E9EC4-C176-481A-88FD-45CFD5BCAF4C}.Debug|Any CPU.Build.0 = Debug|Any CPU
		{DD0E9EC4-C176-481A-88FD-45CFD5BCAF4C}.Debug|Mixed Platforms.ActiveCfg = Debug|Any CPU
		{DD0E9EC4-C176-481A-88FD-45CFD5BCAF4C}.Debug|Mixed Platforms.Build.0 = Debug|Any CPU
		{DD0E9EC4-C176-481A-88FD-45CFD5BCAF4C}.Debug|x64.ActiveCfg = Debug|Any CPU
		{DD0E9EC4-C176-481A-88FD-45CFD5BCAF4C}.Debug|x86.ActiveCfg = Debug|Any CPU
		{DD0E9EC4-C176-481A-88FD-45CFD5BCAF4C}.Release|Any CPU.ActiveCfg = Release|Any CPU
		{DD0E9EC4-C176-481A-88FD-45CFD5BCAF4C}.Release|Any CPU.Build.0 = Release|Any CPU
		{DD0E9EC4-C176-481A-88FD-45CFD5BCAF4C}.Release|Mixed Platforms.ActiveCfg = Release|Any CPU
		{DD0E9EC4-C176-481A-88FD-45CFD5BCAF4C}.Release|Mixed Platforms.Build.0 = Release|Any CPU
		{DD0E9EC4-C176-481A-88FD-45CFD5BCAF4C}.Release|x64.ActiveCfg = Release|Any CPU
		{DD0E9EC4-C176-481A-88FD-45CFD5BCAF4C}.Release|x86.ActiveCfg = Release|Any CPU
		{9BC05484-06DA-42E0-A36E-BDCBACACE4A1}.Debug|Any CPU.ActiveCfg = Debug|x86
		{9BC05484-06DA-42E0-A36E-BDCBACACE4A1}.Debug|Mixed Platforms.ActiveCfg = Debug|x86
		{9BC05484-06DA-42E0-A36E-BDCBACACE4A1}.Debug|Mixed Platforms.Build.0 = Debug|x86
		{9BC05484-06DA-42E0-A36E-BDCBACACE4A1}.Debug|x64.ActiveCfg = Debug|x86
		{9BC05484-06DA-42E0-A36E-BDCBACACE4A1}.Debug|x86.ActiveCfg = Debug|x86
		{9BC05484-06DA-42E0-A36E-BDCBACACE4A1}.Debug|x86.Build.0 = Debug|x86
		{9BC05484-06DA-42E0-A36E-BDCBACACE4A1}.Release|Any CPU.ActiveCfg = Release|x86
		{9BC05484-06DA-42E0-A36E-BDCBACACE4A1}.Release|Mixed Platforms.ActiveCfg = Release|x86
		{9BC05484-06DA-42E0-A36E-BDCBACACE4A1}.Release|Mixed Platforms.Build.0 = Release|x86
		{9BC05484-06DA-42E0-A36E-BDCBACACE4A1}.Release|x64.ActiveCfg = Release|x86
		{9BC05484-06DA-42E0-A36E-BDCBACACE4A1}.Release|x86.ActiveCfg = Release|x86
		{9BC05484-06DA-42E0-A36E-BDCBACACE4A1}.Release|x86.Build.0 = Release|x86
		{396210A4-AEDA-4352-8458-1788083E336F}.Debug|Any CPU.ActiveCfg = Debug|Any CPU
		{396210A4-AEDA-4352-8458-1788083E336F}.Debug|Any CPU.Build.0 = Debug|Any CPU
		{396210A4-AEDA-4352-8458-1788083E336F}.Debug|Mixed Platforms.ActiveCfg = Debug|Any CPU
		{396210A4-AEDA-4352-8458-1788083E336F}.Debug|Mixed Platforms.Build.0 = Debug|Any CPU
		{396210A4-AEDA-4352-8458-1788083E336F}.Debug|x64.ActiveCfg = Debug|Any CPU
		{396210A4-AEDA-4352-8458-1788083E336F}.Debug|x86.ActiveCfg = Debug|Any CPU
		{396210A4-AEDA-4352-8458-1788083E336F}.Release|Any CPU.ActiveCfg = Release|Any CPU
		{396210A4-AEDA-4352-8458-1788083E336F}.Release|Any CPU.Build.0 = Release|Any CPU
		{396210A4-AEDA-4352-8458-1788083E336F}.Release|Mixed Platforms.ActiveCfg = Release|Any CPU
		{396210A4-AEDA-4352-8458-1788083E336F}.Release|Mixed Platforms.Build.0 = Release|Any CPU
		{396210A4-AEDA-4352-8458-1788083E336F}.Release|x64.ActiveCfg = Release|Any CPU
		{396210A4-AEDA-4352-8458-1788083E336F}.Release|x86.ActiveCfg = Release|Any CPU
		{03E26EC4-4663-41FB-8467-4BEDBB5A99E9}.Debug|Any CPU.ActiveCfg = Debug|x86
		{03E26EC4-4663-41FB-8467-4BEDBB5A99E9}.Debug|Mixed Platforms.ActiveCfg = Debug|x86
		{03E26EC4-4663-41FB-8467-4BEDBB5A99E9}.Debug|Mixed Platforms.Build.0 = Debug|x86
		{03E26EC4-4663-41FB-8467-4BEDBB5A99E9}.Debug|x64.ActiveCfg = Debug|x86
		{03E26EC4-4663-41FB-8467-4BEDBB5A99E9}.Debug|x86.ActiveCfg = Debug|x86
		{03E26EC4-4663-41FB-8467-4BEDBB5A99E9}.Debug|x86.Build.0 = Debug|x86
		{03E26EC4-4663-41FB-8467-4BEDBB5A99E9}.Release|Any CPU.ActiveCfg = Release|x86
		{03E26EC4-4663-41FB-8467-4BEDBB5A99E9}.Release|Mixed Platforms.ActiveCfg = Release|x86
		{03E26EC4-4663-41FB-8467-4BEDBB5A99E9}.Release|Mixed Platforms.Build.0 = Release|x86
		{03E26EC4-4663-41FB-8467-4BEDBB5A99E9}.Release|x64.ActiveCfg = Release|x86
		{03E26EC4-4663-41FB-8467-4BEDBB5A99E9}.Release|x86.ActiveCfg = Release|x86
		{03E26EC4-4663-41FB-8467-4BEDBB5A99E9}.Release|x86.Build.0 = Release|x86
		{158615D0-3BE8-4B7D-A903-89A35D83A82F}.Debug|Any CPU.ActiveCfg = Debug|Any CPU
		{158615D0-3BE8-4B7D-A903-89A35D83A82F}.Debug|Any CPU.Build.0 = Debug|Any CPU
		{158615D0-3BE8-4B7D-A903-89A35D83A82F}.Debug|Mixed Platforms.ActiveCfg = Debug|Any CPU
		{158615D0-3BE8-4B7D-A903-89A35D83A82F}.Debug|Mixed Platforms.Build.0 = Debug|Any CPU
		{158615D0-3BE8-4B7D-A903-89A35D83A82F}.Debug|x64.ActiveCfg = Debug|Any CPU
		{158615D0-3BE8-4B7D-A903-89A35D83A82F}.Debug|x86.ActiveCfg = Debug|Any CPU
		{158615D0-3BE8-4B7D-A903-89A35D83A82F}.Release|Any CPU.ActiveCfg = Release|Any CPU
		{158615D0-3BE8-4B7D-A903-89A35D83A82F}.Release|Any CPU.Build.0 = Release|Any CPU
		{158615D0-3BE8-4B7D-A903-89A35D83A82F}.Release|Mixed Platforms.ActiveCfg = Release|Any CPU
		{158615D0-3BE8-4B7D-A903-89A35D83A82F}.Release|Mixed Platforms.Build.0 = Release|Any CPU
		{158615D0-3BE8-4B7D-A903-89A35D83A82F}.Release|x64.ActiveCfg = Release|Any CPU
		{158615D0-3BE8-4B7D-A903-89A35D83A82F}.Release|x86.ActiveCfg = Release|Any CPU
		{FF53C8F1-884D-4174-8168-5302DF628600}.Debug|Any CPU.ActiveCfg = Debug|Any CPU
		{FF53C8F1-884D-4174-8168-5302DF628600}.Debug|Any CPU.Build.0 = Debug|Any CPU
		{FF53C8F1-884D-4174-8168-5302DF628600}.Debug|Mixed Platforms.ActiveCfg = Debug|Any CPU
		{FF53C8F1-884D-4174-8168-5302DF628600}.Debug|Mixed Platforms.Build.0 = Debug|Any CPU
		{FF53C8F1-884D-4174-8168-5302DF628600}.Debug|x64.ActiveCfg = Debug|Any CPU
		{FF53C8F1-884D-4174-8168-5302DF628600}.Debug|x86.ActiveCfg = Debug|Any CPU
		{FF53C8F1-884D-4174-8168-5302DF628600}.Release|Any CPU.ActiveCfg = Release|Any CPU
		{FF53C8F1-884D-4174-8168-5302DF628600}.Release|Any CPU.Build.0 = Release|Any CPU
		{FF53C8F1-884D-4174-8168-5302DF628600}.Release|Mixed Platforms.ActiveCfg = Release|Any CPU
		{FF53C8F1-884D-4174-8168-5302DF628600}.Release|Mixed Platforms.Build.0 = Release|Any CPU
		{FF53C8F1-884D-4174-8168-5302DF628600}.Release|x64.ActiveCfg = Release|Any CPU
		{FF53C8F1-884D-4174-8168-5302DF628600}.Release|x86.ActiveCfg = Release|Any CPU
		{B86E07CA-12B0-4E40-AA07-0CDDCA659FE4}.Debug|Any CPU.ActiveCfg = Debug|Any CPU
		{B86E07CA-12B0-4E40-AA07-0CDDCA659FE4}.Debug|Any CPU.Build.0 = Debug|Any CPU
		{B86E07CA-12B0-4E40-AA07-0CDDCA659FE4}.Debug|Mixed Platforms.ActiveCfg = Debug|Any CPU
		{B86E07CA-12B0-4E40-AA07-0CDDCA659FE4}.Debug|Mixed Platforms.Build.0 = Debug|Any CPU
		{B86E07CA-12B0-4E40-AA07-0CDDCA659FE4}.Debug|x64.ActiveCfg = Debug|Any CPU
		{B86E07CA-12B0-4E40-AA07-0CDDCA659FE4}.Debug|x86.ActiveCfg = Debug|Any CPU
		{B86E07CA-12B0-4E40-AA07-0CDDCA659FE4}.Release|Any CPU.ActiveCfg = Release|Any CPU
		{B86E07CA-12B0-4E40-AA07-0CDDCA659FE4}.Release|Any CPU.Build.0 = Release|Any CPU
		{B86E07CA-12B0-4E40-AA07-0CDDCA659FE4}.Release|Mixed Platforms.ActiveCfg = Release|Any CPU
		{B86E07CA-12B0-4E40-AA07-0CDDCA659FE4}.Release|Mixed Platforms.Build.0 = Release|Any CPU
		{B86E07CA-12B0-4E40-AA07-0CDDCA659FE4}.Release|x64.ActiveCfg = Release|Any CPU
		{B86E07CA-12B0-4E40-AA07-0CDDCA659FE4}.Release|x86.ActiveCfg = Release|Any CPU
		{A2F3A026-4BE2-41F1-A9AB-77B8CB11B50C}.Debug|Any CPU.ActiveCfg = Debug|Any CPU
		{A2F3A026-4BE2-41F1-A9AB-77B8CB11B50C}.Debug|Any CPU.Build.0 = Debug|Any CPU
		{A2F3A026-4BE2-41F1-A9AB-77B8CB11B50C}.Debug|Mixed Platforms.ActiveCfg = Debug|Any CPU
		{A2F3A026-4BE2-41F1-A9AB-77B8CB11B50C}.Debug|Mixed Platforms.Build.0 = Debug|Any CPU
		{A2F3A026-4BE2-41F1-A9AB-77B8CB11B50C}.Debug|x64.ActiveCfg = Debug|Any CPU
		{A2F3A026-4BE2-41F1-A9AB-77B8CB11B50C}.Debug|x86.ActiveCfg = Debug|Any CPU
		{A2F3A026-4BE2-41F1-A9AB-77B8CB11B50C}.Release|Any CPU.ActiveCfg = Release|Any CPU
		{A2F3A026-4BE2-41F1-A9AB-77B8CB11B50C}.Release|Any CPU.Build.0 = Release|Any CPU
		{A2F3A026-4BE2-41F1-A9AB-77B8CB11B50C}.Release|Mixed Platforms.ActiveCfg = Release|Any CPU
		{A2F3A026-4BE2-41F1-A9AB-77B8CB11B50C}.Release|Mixed Platforms.Build.0 = Release|Any CPU
		{A2F3A026-4BE2-41F1-A9AB-77B8CB11B50C}.Release|x64.ActiveCfg = Release|Any CPU
		{A2F3A026-4BE2-41F1-A9AB-77B8CB11B50C}.Release|x86.ActiveCfg = Release|Any CPU
		{5BF10FA7-95B7-42B4-8F17-65AE02AA65FE}.Debug|Any CPU.ActiveCfg = Debug|x86
		{5BF10FA7-95B7-42B4-8F17-65AE02AA65FE}.Debug|Mixed Platforms.ActiveCfg = Debug|x86
		{5BF10FA7-95B7-42B4-8F17-65AE02AA65FE}.Debug|Mixed Platforms.Build.0 = Debug|x86
		{5BF10FA7-95B7-42B4-8F17-65AE02AA65FE}.Debug|x64.ActiveCfg = Debug|x86
		{5BF10FA7-95B7-42B4-8F17-65AE02AA65FE}.Debug|x86.ActiveCfg = Debug|x86
		{5BF10FA7-95B7-42B4-8F17-65AE02AA65FE}.Debug|x86.Build.0 = Debug|x86
		{5BF10FA7-95B7-42B4-8F17-65AE02AA65FE}.Release|Any CPU.ActiveCfg = Release|x86
		{5BF10FA7-95B7-42B4-8F17-65AE02AA65FE}.Release|Mixed Platforms.ActiveCfg = Release|x86
		{5BF10FA7-95B7-42B4-8F17-65AE02AA65FE}.Release|Mixed Platforms.Build.0 = Release|x86
		{5BF10FA7-95B7-42B4-8F17-65AE02AA65FE}.Release|x64.ActiveCfg = Release|x86
		{5BF10FA7-95B7-42B4-8F17-65AE02AA65FE}.Release|x86.ActiveCfg = Release|x86
		{5BF10FA7-95B7-42B4-8F17-65AE02AA65FE}.Release|x86.Build.0 = Release|x86
		{D5496E79-469F-49BC-952C-817D78FB4CD5}.Debug|Any CPU.ActiveCfg = Debug|Any CPU
		{D5496E79-469F-49BC-952C-817D78FB4CD5}.Debug|Any CPU.Build.0 = Debug|Any CPU
		{D5496E79-469F-49BC-952C-817D78FB4CD5}.Debug|Mixed Platforms.ActiveCfg = Debug|Any CPU
		{D5496E79-469F-49BC-952C-817D78FB4CD5}.Debug|Mixed Platforms.Build.0 = Debug|Any CPU
		{D5496E79-469F-49BC-952C-817D78FB4CD5}.Debug|x64.ActiveCfg = Debug|Any CPU
		{D5496E79-469F-49BC-952C-817D78FB4CD5}.Debug|x64.Build.0 = Debug|Any CPU
		{D5496E79-469F-49BC-952C-817D78FB4CD5}.Debug|x86.ActiveCfg = Debug|Any CPU
		{D5496E79-469F-49BC-952C-817D78FB4CD5}.Debug|x86.Build.0 = Debug|Any CPU
		{D5496E79-469F-49BC-952C-817D78FB4CD5}.Release|Any CPU.ActiveCfg = Release|Any CPU
		{D5496E79-469F-49BC-952C-817D78FB4CD5}.Release|Any CPU.Build.0 = Release|Any CPU
		{D5496E79-469F-49BC-952C-817D78FB4CD5}.Release|Mixed Platforms.ActiveCfg = Release|Any CPU
		{D5496E79-469F-49BC-952C-817D78FB4CD5}.Release|Mixed Platforms.Build.0 = Release|Any CPU
		{D5496E79-469F-49BC-952C-817D78FB4CD5}.Release|x64.ActiveCfg = Release|Any CPU
		{D5496E79-469F-49BC-952C-817D78FB4CD5}.Release|x64.Build.0 = Release|Any CPU
		{D5496E79-469F-49BC-952C-817D78FB4CD5}.Release|x86.ActiveCfg = Release|Any CPU
		{D5496E79-469F-49BC-952C-817D78FB4CD5}.Release|x86.Build.0 = Release|Any CPU
		{6532382C-3FCC-49FD-A662-4409F903D070}.Debug|Any CPU.ActiveCfg = Debug|Any CPU
		{6532382C-3FCC-49FD-A662-4409F903D070}.Debug|Any CPU.Build.0 = Debug|Any CPU
		{6532382C-3FCC-49FD-A662-4409F903D070}.Debug|Mixed Platforms.ActiveCfg = Debug|Any CPU
		{6532382C-3FCC-49FD-A662-4409F903D070}.Debug|Mixed Platforms.Build.0 = Debug|Any CPU
		{6532382C-3FCC-49FD-A662-4409F903D070}.Debug|x64.ActiveCfg = Debug|Any CPU
		{6532382C-3FCC-49FD-A662-4409F903D070}.Debug|x64.Build.0 = Debug|Any CPU
		{6532382C-3FCC-49FD-A662-4409F903D070}.Debug|x86.ActiveCfg = Debug|Any CPU
		{6532382C-3FCC-49FD-A662-4409F903D070}.Debug|x86.Build.0 = Debug|Any CPU
		{6532382C-3FCC-49FD-A662-4409F903D070}.Release|Any CPU.ActiveCfg = Release|Any CPU
		{6532382C-3FCC-49FD-A662-4409F903D070}.Release|Any CPU.Build.0 = Release|Any CPU
		{6532382C-3FCC-49FD-A662-4409F903D070}.Release|Mixed Platforms.ActiveCfg = Release|Any CPU
		{6532382C-3FCC-49FD-A662-4409F903D070}.Release|Mixed Platforms.Build.0 = Release|Any CPU
		{6532382C-3FCC-49FD-A662-4409F903D070}.Release|x64.ActiveCfg = Release|Any CPU
		{6532382C-3FCC-49FD-A662-4409F903D070}.Release|x64.Build.0 = Release|Any CPU
		{6532382C-3FCC-49FD-A662-4409F903D070}.Release|x86.ActiveCfg = Release|Any CPU
		{6532382C-3FCC-49FD-A662-4409F903D070}.Release|x86.Build.0 = Release|Any CPU
	EndGlobalSection
	GlobalSection(SolutionProperties) = preSolution
		HideSolutionNode = FALSE
	EndGlobalSection
	GlobalSection(NestedProjects) = preSolution
		{3CDA014A-AA30-48E7-84C6-44BA1AA0C7DD} = {8AF0B3BE-7B01-45FF-8EA5-CCF0C596F7E7}
		{05FF69EA-EC65-4CD6-AC82-12D110E6D626} = {8AF0B3BE-7B01-45FF-8EA5-CCF0C596F7E7}
		{D0EBD311-D634-4254-B787-3573CE8E808C} = {05FF69EA-EC65-4CD6-AC82-12D110E6D626}
		{BF556CC4-9192-4D6B-9BA4-CDFF06FD0E53} = {D0EBD311-D634-4254-B787-3573CE8E808C}
		{C5B85D93-6717-4270-9C36-79EFC18441C5} = {05FF69EA-EC65-4CD6-AC82-12D110E6D626}
		{AC3DD973-B41A-4C1F-BF02-D6BE3214FC2D} = {DF7AB4DD-581E-4785-ACB6-BE22AC36B064}
		{B89D7860-CC8A-4E2B-97AD-42E03FD97766} = {6F7FE654-1B71-4433-B008-6DA0AB0FCBE0}
		{99E6AA95-7905-4997-A593-F21E11BDD2DB} = {3CDA014A-AA30-48E7-84C6-44BA1AA0C7DD}
		{D763DA6C-5FA1-4A50-B8F8-2117C11CF2C4} = {3CDA014A-AA30-48E7-84C6-44BA1AA0C7DD}
		{A0F95852-74DF-46F9-9848-F934F62C0D70} = {6F7FE654-1B71-4433-B008-6DA0AB0FCBE0}
		{38C7644F-11E4-4C98-A82B-63A9AC8D17AA} = {4F5A0512-21FC-45E3-BCC7-D21D3CE73053}
		{BD80F826-56A3-4A88-B466-DDFA0691FFB8} = {F80E132E-28EE-4CC6-B11C-1683ED75B1FC}
		{5B73EE4C-D365-437B-B3DC-8D8831BF74F3} = {AC3DD973-B41A-4C1F-BF02-D6BE3214FC2D}
		{4904C1E6-851F-4910-B947-5A1C3B0E789B} = {94A60DC9-ED76-4BB2-941B-681D08F3F548}
		{BBD4CD30-FCB8-45B5-8AEF-F1D4192BC8B2} = {AC3DD973-B41A-4C1F-BF02-D6BE3214FC2D}
		{A94A8072-04EB-4D9B-96A8-82C3C3CA21CD} = {94A60DC9-ED76-4BB2-941B-681D08F3F548}
		{A33041FF-1521-4CA0-BF53-AFB1C1BBF086} = {AC3DD973-B41A-4C1F-BF02-D6BE3214FC2D}
		{E86A1442-C73E-415F-8C67-0F6D79BBB1C3} = {AC3DD973-B41A-4C1F-BF02-D6BE3214FC2D}
		{20AB4681-8D42-459E-84C4-729A9E72BF94} = {AC3DD973-B41A-4C1F-BF02-D6BE3214FC2D}
		{158872DD-31B7-4DF7-8950-A9547CC220C2} = {AC3DD973-B41A-4C1F-BF02-D6BE3214FC2D}
		{0D1B8423-44F6-4ACE-8055-58D66E574F9D} = {B89D7860-CC8A-4E2B-97AD-42E03FD97766}
		{7F8C8890-F2EB-479B-94ED-74377045FCB6} = {AC3DD973-B41A-4C1F-BF02-D6BE3214FC2D}
		{456524B8-7F2A-45B9-9642-5CD4737D051F} = {4F5A0512-21FC-45E3-BCC7-D21D3CE73053}
		{F8006AE8-6107-4297-9E19-C2E55303FCC6} = {AC3DD973-B41A-4C1F-BF02-D6BE3214FC2D}
		{09097771-84FD-4DC8-A259-1CB0591714EA} = {A0F95852-74DF-46F9-9848-F934F62C0D70}
		{D381CE62-3B23-4BFE-847B-912F7992075B} = {B89D7860-CC8A-4E2B-97AD-42E03FD97766}
		{C06AF971-A922-4070-A335-1C5D6A16A6CE} = {B89D7860-CC8A-4E2B-97AD-42E03FD97766}
		{D54B96E7-46EB-4183-9C5D-898BE5DEBE2B} = {F80E132E-28EE-4CC6-B11C-1683ED75B1FC}
		{7DF4C47C-6CB5-4EC4-ABE1-956A74CB9D17} = {AC3DD973-B41A-4C1F-BF02-D6BE3214FC2D}
		{BB0C0B98-00F9-4244-87DF-B4B808FF69F1} = {AC3DD973-B41A-4C1F-BF02-D6BE3214FC2D}
		{DD0E9EC4-C176-481A-88FD-45CFD5BCAF4C} = {4F5A0512-21FC-45E3-BCC7-D21D3CE73053}
		{9BC05484-06DA-42E0-A36E-BDCBACACE4A1} = {94A60DC9-ED76-4BB2-941B-681D08F3F548}
		{396210A4-AEDA-4352-8458-1788083E336F} = {B89D7860-CC8A-4E2B-97AD-42E03FD97766}
		{03E26EC4-4663-41FB-8467-4BEDBB5A99E9} = {AC3DD973-B41A-4C1F-BF02-D6BE3214FC2D}
		{158615D0-3BE8-4B7D-A903-89A35D83A82F} = {A0F95852-74DF-46F9-9848-F934F62C0D70}
		{FF53C8F1-884D-4174-8168-5302DF628600} = {A0F95852-74DF-46F9-9848-F934F62C0D70}
		{B86E07CA-12B0-4E40-AA07-0CDDCA659FE4} = {A0F95852-74DF-46F9-9848-F934F62C0D70}
		{A2F3A026-4BE2-41F1-A9AB-77B8CB11B50C} = {F80E132E-28EE-4CC6-B11C-1683ED75B1FC}
		{5BF10FA7-95B7-42B4-8F17-65AE02AA65FE} = {6DF9D872-BD7D-468D-A8A5-655F4839816E}
		{D5496E79-469F-49BC-952C-817D78FB4CD5} = {6F7FE654-1B71-4433-B008-6DA0AB0FCBE0}
		{6532382C-3FCC-49FD-A662-4409F903D070} = {6F7FE654-1B71-4433-B008-6DA0AB0FCBE0}
	EndGlobalSection
	GlobalSection(TestCaseManagementSettings) = postSolution
		CategoryFile = dotNetRDF.vsmdi
	EndGlobalSection
EndGlobal
