Microsoft Visual Studio Solution File, Format Version 12.00
# Visual Studio Version 17
VisualStudioVersion = 17.0.32112.339
MinimumVisualStudioVersion = 10.0.40219.1
Project("{2150E333-8FDC-42A3-9474-1A3956D46DE8}") = "Libraries", "Libraries", "{3B3CCD52-CF1B-492C-A5F8-FBB626C5039C}"
EndProject
Project("{2150E333-8FDC-42A3-9474-1A3956D46DE8}") = "Testing", "Testing", "{F0F45D49-20AC-4407-8618-8C3650E34B97}"
EndProject
Project("{9A19103F-16F7-4668-BE54-9A1E7A4F7556}") = "dotNetRdf", "Libraries\dotNetRdf\dotNetRdf.csproj", "{90ABF384-7116-451A-BCE6-82872FD95792}"
EndProject
Project("{9A19103F-16F7-4668-BE54-9A1E7A4F7556}") = "dotNetRdf.Data.Virtuoso", "Libraries\dotNetRdf.Data.Virtuoso\dotNetRdf.Data.Virtuoso.csproj", "{E53A145B-A81A-4FCC-9E2A-4136856F414A}"
EndProject
Project("{9A19103F-16F7-4668-BE54-9A1E7A4F7556}") = "dotNetRdf.Query.FullText", "Libraries\dotNetRdf.Query.FullText\dotNetRdf.Query.FullText.csproj", "{D1839286-0E0F-42C6-BF6B-D2B177B7862A}"
EndProject
Project("{9A19103F-16F7-4668-BE54-9A1E7A4F7556}") = "dotNetRdf.Query.Spin", "Libraries\dotNetRdf.Query.Spin\dotNetRdf.Query.Spin.csproj", "{7D138362-4FB1-4B85-AE11-18D49C46BEC1}"
EndProject
Project("{9A19103F-16F7-4668-BE54-9A1E7A4F7556}") = "dotNetRdf.Tests", "Testing\dotNetRdf.Tests\dotNetRdf.Tests.csproj", "{A94C3243-F0CD-4AEB-B8F4-EC12CFFFCA12}"
EndProject
Project("{9A19103F-16F7-4668-BE54-9A1E7A4F7556}") = "dotNetRdf.Data.DataTables", "Libraries\dotNetRdf.Data.DataTables\dotNetRdf.Data.DataTables.csproj", "{63FDB648-1631-4452-8B60-E5A4225341FB}"
EndProject
Project("{2150E333-8FDC-42A3-9474-1A3956D46DE8}") = "Solution Items", "Solution Items", "{8A1831D5-14EF-4956-8F35-800960B16115}"
	ProjectSection(SolutionItems) = preProject
		.editorconfig = .editorconfig
		.gitignore = .gitignore
		appveyor.yml = appveyor.yml
		build.cake = build.cake
		Directory.Build.props = Directory.Build.props
		Directory.Build.targets = Directory.Build.targets
	EndProjectSection
EndProject
Project("{9A19103F-16F7-4668-BE54-9A1E7A4F7556}") = "SparqlAnalyzer", "Testing\SparqlAnalyzer\SparqlAnalyzer.csproj", "{B19AD698-11F5-486E-B534-00262F751700}"
EndProject
Project("{9A19103F-16F7-4668-BE54-9A1E7A4F7556}") = "dotNetRdf.Connectors.Fuseki.Tests", "Testing\dotNetRdf.Connectors.Fuseki.Tests\dotNetRdf.Connectors.Fuseki.Tests.csproj", "{77BC34F9-12AB-4EC6-9924-D0F4676F0D0E}"
EndProject
Project("{9A19103F-16F7-4668-BE54-9A1E7A4F7556}") = "dotNetRdf.Connectors.Tests", "Testing\dotNetRdf.Connectors.Tests\dotNetRdf.Connectors.Tests.csproj", "{D20F6C78-9DC7-4AFB-B69F-289733B516C3}"
EndProject
Project("{9A19103F-16F7-4668-BE54-9A1E7A4F7556}") = "dotNetRdf.Connectors.FourStore.Tests", "Testing\dotNetRdf.Connectors.FourStore.Tests\dotNetRdf.Connectors.FourStore.Tests.csproj", "{0A342FA3-8C22-49AB-8DBB-5044D2852A9E}"
EndProject
Project("{9A19103F-16F7-4668-BE54-9A1E7A4F7556}") = "dotNetRdf.Connectors.Sesame.Tests", "Testing\dotNetRdf.Connectors.Sesame.Tests\dotNetRdf.Connectors.Sesame.Tests.csproj", "{82D6BD63-210B-4694-BAA1-C2B01D6BEF5C}"
EndProject
Project("{9A19103F-16F7-4668-BE54-9A1E7A4F7556}") = "dotNetRdf.Connectors.Allegrograph.Tests", "Testing\dotNetRdf.Connectors.Allegrograph.Tests\dotNetRdf.Connectors.Allegrograph.Tests.csproj", "{7DCF7F90-42F7-4739-9E41-27CFC4A2424F}"
EndProject
Project("{9A19103F-16F7-4668-BE54-9A1E7A4F7556}") = "dotNetRdf.Connectors.Stardog.Tests", "Testing\dotNetRdf.Connectors.Stardog.Tests\dotNetRdf.Connectors.Stardog.Tests.csproj", "{2DD1CFE4-0CC8-4003-A6D9-D7830A0F2D4A}"
EndProject
Project("{9A19103F-16F7-4668-BE54-9A1E7A4F7556}") = "dotNetRdf.Connectors.Virtuoso.Tests", "Testing\dotNetRdf.Connectors.Virtuoso.Tests\dotNetRdf.Connectors.Virtuoso.Tests.csproj", "{C706FF67-D9DD-454C-97D2-7EB6B55730CA}"
EndProject
Project("{9A19103F-16F7-4668-BE54-9A1E7A4F7556}") = "dotNetRdf.Skos", "Libraries\dotNetRdf.Skos\dotNetRdf.Skos.csproj", "{41744666-E7E6-48BD-A4F1-631CCDCD69F1}"
EndProject
Project("{9A19103F-16F7-4668-BE54-9A1E7A4F7556}") = "dotNetRdf.Skos.Tests", "Testing\dotNetRdf.Skos.Tests\dotNetRdf.Skos.Tests.csproj", "{1B3E81C7-CEEA-405D-946A-05E630402571}"
EndProject
Project("{9A19103F-16F7-4668-BE54-9A1E7A4F7556}") = "dotNetRdf.Ontology", "Libraries\dotNetRdf.Ontology\dotNetRdf.Ontology.csproj", "{C496106D-9081-408B-9846-800FA213EC48}"
EndProject
Project("{9A19103F-16F7-4668-BE54-9A1E7A4F7556}") = "dotNetRdf.Ontology.Tests", "Testing\dotNetRdf.Ontology.Tests\dotNetRdf.Ontology.Tests.csproj", "{DCC69DD1-0AA0-486F-B2FA-13F204FF74FA}"
EndProject
Project("{9A19103F-16F7-4668-BE54-9A1E7A4F7556}") = "dotNetRdf.Inferencing", "Libraries\dotNetRdf.Inferencing\dotNetRdf.Inferencing.csproj", "{50376223-A24D-4D8A-94C6-1CFF770AD62A}"
EndProject
Project("{9A19103F-16F7-4668-BE54-9A1E7A4F7556}") = "dotNetRdf.Inferencing.Tests", "Testing\dotNetRdf.Inferencing.Tests\dotNetRdf.Inferencing.Tests.csproj", "{5DF953C8-A1BF-4881-AD79-647F9CFABA17}"
EndProject
Project("{9A19103F-16F7-4668-BE54-9A1E7A4F7556}") = "dotNetRdf.Shacl", "Libraries\dotNetRdf.Shacl\dotNetRdf.Shacl.csproj", "{1E10C5DC-F2A5-4606-A878-62500942DB29}"
EndProject
Project("{9A19103F-16F7-4668-BE54-9A1E7A4F7556}") = "dotNetRdf.Shacl.Tests", "Testing\dotNetRdf.Shacl.Tests\dotNetRdf.Shacl.Tests.csproj", "{6299F2C5-2602-4854-981D-63ECDE86A6C8}"
EndProject
Project("{9A19103F-16F7-4668-BE54-9A1E7A4F7556}") = "dotNetRdf.Dynamic", "Libraries\dotNetRdf.Dynamic\dotNetRdf.Dynamic.csproj", "{B32D0747-46AD-468B-A35F-34AABB5B166A}"
EndProject
Project("{9A19103F-16F7-4668-BE54-9A1E7A4F7556}") = "dotNetRdf.Dynamic.Tests", "Testing\dotNetRdf.Dynamic.Tests\dotNetRdf.Dynamic.Tests.csproj", "{EFE304E9-C8D4-4F8C-99A4-AAEF5ADAFDC3}"
EndProject
Project("{9A19103F-16F7-4668-BE54-9A1E7A4F7556}") = "dotNetRdf.TestSupport", "Testing\dotNetRdf.TestSupport\dotNetRdf.TestSupport.csproj", "{5B0EC247-EB83-498D-AB16-2BFF4789C4B0}"
EndProject
Project("{9A19103F-16F7-4668-BE54-9A1E7A4F7556}") = "dotNetRdf.AspNet", "Libraries\dotNetRdf.AspNet\dotNetRdf.AspNet.csproj", "{CD58360E-EE25-412E-A113-0AC2CD24F833}"
EndProject
Project("{9A19103F-16F7-4668-BE54-9A1E7A4F7556}") = "dotNetRdf.InMemory", "Libraries\dotNetRdf.InMemory\dotNetRdf.InMemory.csproj", "{45A0CE20-4C6E-4CBF-93F6-98ED0C0812C4}"
EndProject
Project("{9A19103F-16F7-4668-BE54-9A1E7A4F7556}") = "dotNetRdf.Client", "Libraries\dotNetRdf.Client\dotNetRdf.Client.csproj", "{03605F1C-3112-47BB-B50C-A5A39BA79064}"
EndProject
Project("{9A19103F-16F7-4668-BE54-9A1E7A4F7556}") = "dotNetRdf.HtmlSchema", "Libraries\dotNetRdf.HtmlSchema\dotNetRdf.HtmlSchema.csproj", "{B5D33B8E-0F35-43D0-B649-2F0822FE5D78}"
EndProject
Project("{9A19103F-16F7-4668-BE54-9A1E7A4F7556}") = "dotNetRdf.Data.DataTables.Tests", "Testing\dotNetRdf.Data.DataTables.Tests\dotNetRdf.Data.DataTables.Tests.csproj", "{4387CBC4-EDFD-4D48-AEB4-C340609B8F2D}"
EndProject
Project("{9A19103F-16F7-4668-BE54-9A1E7A4F7556}") = "dotNetRdf.Query.FullText.Tests", "Testing\dotNetRdf.Query.FullText.Tests\dotNetRdf.Query.FullText.Tests.csproj", "{7467A172-3DA1-44C2-9326-7883D8E550F6}"
EndProject
Project("{9A19103F-16F7-4668-BE54-9A1E7A4F7556}") = "dotNetRdf.HtmlSchema.Tests", "Testing\dotNetRdf.HtmlSchema.Tests\dotNetRdf.HtmlSchema.Tests.csproj", "{77F45239-2333-490D-BFDA-B7AA289EF83D}"
EndProject
Project("{9A19103F-16F7-4668-BE54-9A1E7A4F7556}") = "dotNetRdf.TestSuite.RdfStar", "Testing\dotNetRdf.TestSuite.RdfStar\dotNetRdf.TestSuite.RdfStar.csproj", "{34F1672D-1A9C-4BAB-9E28-DA06DE0A90B0}"
EndProject
Project("{9A19103F-16F7-4668-BE54-9A1E7A4F7556}") = "dotNetRdf.TestSuite.Rdf11", "Testing\dotNetRdf.TestSuite.Rdf11\dotNetRdf.TestSuite.Rdf11.csproj", "{5E5FE9B4-88DA-4868-B114-3123925C5E72}"
EndProject
Global
	GlobalSection(SolutionConfigurationPlatforms) = preSolution
		Debug|Any CPU = Debug|Any CPU
		Debug|x64 = Debug|x64
		Debug|x86 = Debug|x86
		Release|Any CPU = Release|Any CPU
		Release|x64 = Release|x64
		Release|x86 = Release|x86
	EndGlobalSection
	GlobalSection(ProjectConfigurationPlatforms) = postSolution
		{90ABF384-7116-451A-BCE6-82872FD95792}.Debug|Any CPU.ActiveCfg = Debug|Any CPU
		{90ABF384-7116-451A-BCE6-82872FD95792}.Debug|Any CPU.Build.0 = Debug|Any CPU
		{90ABF384-7116-451A-BCE6-82872FD95792}.Debug|x64.ActiveCfg = Debug|Any CPU
		{90ABF384-7116-451A-BCE6-82872FD95792}.Debug|x64.Build.0 = Debug|Any CPU
		{90ABF384-7116-451A-BCE6-82872FD95792}.Debug|x86.ActiveCfg = Debug|Any CPU
		{90ABF384-7116-451A-BCE6-82872FD95792}.Debug|x86.Build.0 = Debug|Any CPU
		{90ABF384-7116-451A-BCE6-82872FD95792}.Release|Any CPU.ActiveCfg = Release|Any CPU
		{90ABF384-7116-451A-BCE6-82872FD95792}.Release|Any CPU.Build.0 = Release|Any CPU
		{90ABF384-7116-451A-BCE6-82872FD95792}.Release|x64.ActiveCfg = Release|Any CPU
		{90ABF384-7116-451A-BCE6-82872FD95792}.Release|x64.Build.0 = Release|Any CPU
		{90ABF384-7116-451A-BCE6-82872FD95792}.Release|x86.ActiveCfg = Release|Any CPU
		{90ABF384-7116-451A-BCE6-82872FD95792}.Release|x86.Build.0 = Release|Any CPU
		{E53A145B-A81A-4FCC-9E2A-4136856F414A}.Debug|Any CPU.ActiveCfg = Debug|Any CPU
		{E53A145B-A81A-4FCC-9E2A-4136856F414A}.Debug|Any CPU.Build.0 = Debug|Any CPU
		{E53A145B-A81A-4FCC-9E2A-4136856F414A}.Debug|x64.ActiveCfg = Debug|Any CPU
		{E53A145B-A81A-4FCC-9E2A-4136856F414A}.Debug|x64.Build.0 = Debug|Any CPU
		{E53A145B-A81A-4FCC-9E2A-4136856F414A}.Debug|x86.ActiveCfg = Debug|Any CPU
		{E53A145B-A81A-4FCC-9E2A-4136856F414A}.Debug|x86.Build.0 = Debug|Any CPU
		{E53A145B-A81A-4FCC-9E2A-4136856F414A}.Release|Any CPU.ActiveCfg = Release|Any CPU
		{E53A145B-A81A-4FCC-9E2A-4136856F414A}.Release|Any CPU.Build.0 = Release|Any CPU
		{E53A145B-A81A-4FCC-9E2A-4136856F414A}.Release|x64.ActiveCfg = Release|Any CPU
		{E53A145B-A81A-4FCC-9E2A-4136856F414A}.Release|x64.Build.0 = Release|Any CPU
		{E53A145B-A81A-4FCC-9E2A-4136856F414A}.Release|x86.ActiveCfg = Release|Any CPU
		{E53A145B-A81A-4FCC-9E2A-4136856F414A}.Release|x86.Build.0 = Release|Any CPU
		{D1839286-0E0F-42C6-BF6B-D2B177B7862A}.Debug|Any CPU.ActiveCfg = Debug|Any CPU
		{D1839286-0E0F-42C6-BF6B-D2B177B7862A}.Debug|Any CPU.Build.0 = Debug|Any CPU
		{D1839286-0E0F-42C6-BF6B-D2B177B7862A}.Debug|x64.ActiveCfg = Debug|Any CPU
		{D1839286-0E0F-42C6-BF6B-D2B177B7862A}.Debug|x64.Build.0 = Debug|Any CPU
		{D1839286-0E0F-42C6-BF6B-D2B177B7862A}.Debug|x86.ActiveCfg = Debug|Any CPU
		{D1839286-0E0F-42C6-BF6B-D2B177B7862A}.Debug|x86.Build.0 = Debug|Any CPU
		{D1839286-0E0F-42C6-BF6B-D2B177B7862A}.Release|Any CPU.ActiveCfg = Release|Any CPU
		{D1839286-0E0F-42C6-BF6B-D2B177B7862A}.Release|Any CPU.Build.0 = Release|Any CPU
		{D1839286-0E0F-42C6-BF6B-D2B177B7862A}.Release|x64.ActiveCfg = Release|Any CPU
		{D1839286-0E0F-42C6-BF6B-D2B177B7862A}.Release|x64.Build.0 = Release|Any CPU
		{D1839286-0E0F-42C6-BF6B-D2B177B7862A}.Release|x86.ActiveCfg = Release|Any CPU
		{D1839286-0E0F-42C6-BF6B-D2B177B7862A}.Release|x86.Build.0 = Release|Any CPU
		{7D138362-4FB1-4B85-AE11-18D49C46BEC1}.Debug|Any CPU.ActiveCfg = Debug|Any CPU
		{7D138362-4FB1-4B85-AE11-18D49C46BEC1}.Debug|Any CPU.Build.0 = Debug|Any CPU
		{7D138362-4FB1-4B85-AE11-18D49C46BEC1}.Debug|x64.ActiveCfg = Debug|Any CPU
		{7D138362-4FB1-4B85-AE11-18D49C46BEC1}.Debug|x64.Build.0 = Debug|Any CPU
		{7D138362-4FB1-4B85-AE11-18D49C46BEC1}.Debug|x86.ActiveCfg = Debug|Any CPU
		{7D138362-4FB1-4B85-AE11-18D49C46BEC1}.Debug|x86.Build.0 = Debug|Any CPU
		{7D138362-4FB1-4B85-AE11-18D49C46BEC1}.Release|Any CPU.ActiveCfg = Release|Any CPU
		{7D138362-4FB1-4B85-AE11-18D49C46BEC1}.Release|Any CPU.Build.0 = Release|Any CPU
		{7D138362-4FB1-4B85-AE11-18D49C46BEC1}.Release|x64.ActiveCfg = Release|Any CPU
		{7D138362-4FB1-4B85-AE11-18D49C46BEC1}.Release|x64.Build.0 = Release|Any CPU
		{7D138362-4FB1-4B85-AE11-18D49C46BEC1}.Release|x86.ActiveCfg = Release|Any CPU
		{7D138362-4FB1-4B85-AE11-18D49C46BEC1}.Release|x86.Build.0 = Release|Any CPU
		{A94C3243-F0CD-4AEB-B8F4-EC12CFFFCA12}.Debug|Any CPU.ActiveCfg = Debug|Any CPU
		{A94C3243-F0CD-4AEB-B8F4-EC12CFFFCA12}.Debug|Any CPU.Build.0 = Debug|Any CPU
		{A94C3243-F0CD-4AEB-B8F4-EC12CFFFCA12}.Debug|x64.ActiveCfg = Debug|Any CPU
		{A94C3243-F0CD-4AEB-B8F4-EC12CFFFCA12}.Debug|x64.Build.0 = Debug|Any CPU
		{A94C3243-F0CD-4AEB-B8F4-EC12CFFFCA12}.Debug|x86.ActiveCfg = Debug|Any CPU
		{A94C3243-F0CD-4AEB-B8F4-EC12CFFFCA12}.Debug|x86.Build.0 = Debug|Any CPU
		{A94C3243-F0CD-4AEB-B8F4-EC12CFFFCA12}.Release|Any CPU.ActiveCfg = Release|Any CPU
		{A94C3243-F0CD-4AEB-B8F4-EC12CFFFCA12}.Release|Any CPU.Build.0 = Release|Any CPU
		{A94C3243-F0CD-4AEB-B8F4-EC12CFFFCA12}.Release|x64.ActiveCfg = Release|Any CPU
		{A94C3243-F0CD-4AEB-B8F4-EC12CFFFCA12}.Release|x64.Build.0 = Release|Any CPU
		{A94C3243-F0CD-4AEB-B8F4-EC12CFFFCA12}.Release|x86.ActiveCfg = Release|Any CPU
		{A94C3243-F0CD-4AEB-B8F4-EC12CFFFCA12}.Release|x86.Build.0 = Release|Any CPU
		{63FDB648-1631-4452-8B60-E5A4225341FB}.Debug|Any CPU.ActiveCfg = Debug|Any CPU
		{63FDB648-1631-4452-8B60-E5A4225341FB}.Debug|Any CPU.Build.0 = Debug|Any CPU
		{63FDB648-1631-4452-8B60-E5A4225341FB}.Debug|x64.ActiveCfg = Debug|Any CPU
		{63FDB648-1631-4452-8B60-E5A4225341FB}.Debug|x64.Build.0 = Debug|Any CPU
		{63FDB648-1631-4452-8B60-E5A4225341FB}.Debug|x86.ActiveCfg = Debug|Any CPU
		{63FDB648-1631-4452-8B60-E5A4225341FB}.Debug|x86.Build.0 = Debug|Any CPU
		{63FDB648-1631-4452-8B60-E5A4225341FB}.Release|Any CPU.ActiveCfg = Release|Any CPU
		{63FDB648-1631-4452-8B60-E5A4225341FB}.Release|Any CPU.Build.0 = Release|Any CPU
		{63FDB648-1631-4452-8B60-E5A4225341FB}.Release|x64.ActiveCfg = Release|Any CPU
		{63FDB648-1631-4452-8B60-E5A4225341FB}.Release|x64.Build.0 = Release|Any CPU
		{63FDB648-1631-4452-8B60-E5A4225341FB}.Release|x86.ActiveCfg = Release|Any CPU
		{63FDB648-1631-4452-8B60-E5A4225341FB}.Release|x86.Build.0 = Release|Any CPU
		{B19AD698-11F5-486E-B534-00262F751700}.Debug|Any CPU.ActiveCfg = Debug|Any CPU
		{B19AD698-11F5-486E-B534-00262F751700}.Debug|Any CPU.Build.0 = Debug|Any CPU
		{B19AD698-11F5-486E-B534-00262F751700}.Debug|x64.ActiveCfg = Debug|Any CPU
		{B19AD698-11F5-486E-B534-00262F751700}.Debug|x64.Build.0 = Debug|Any CPU
		{B19AD698-11F5-486E-B534-00262F751700}.Debug|x86.ActiveCfg = Debug|Any CPU
		{B19AD698-11F5-486E-B534-00262F751700}.Debug|x86.Build.0 = Debug|Any CPU
		{B19AD698-11F5-486E-B534-00262F751700}.Release|Any CPU.ActiveCfg = Release|Any CPU
		{B19AD698-11F5-486E-B534-00262F751700}.Release|Any CPU.Build.0 = Release|Any CPU
		{B19AD698-11F5-486E-B534-00262F751700}.Release|x64.ActiveCfg = Release|Any CPU
		{B19AD698-11F5-486E-B534-00262F751700}.Release|x64.Build.0 = Release|Any CPU
		{B19AD698-11F5-486E-B534-00262F751700}.Release|x86.ActiveCfg = Release|Any CPU
		{B19AD698-11F5-486E-B534-00262F751700}.Release|x86.Build.0 = Release|Any CPU
		{77BC34F9-12AB-4EC6-9924-D0F4676F0D0E}.Debug|Any CPU.ActiveCfg = Debug|Any CPU
		{77BC34F9-12AB-4EC6-9924-D0F4676F0D0E}.Debug|Any CPU.Build.0 = Debug|Any CPU
		{77BC34F9-12AB-4EC6-9924-D0F4676F0D0E}.Debug|x64.ActiveCfg = Debug|Any CPU
		{77BC34F9-12AB-4EC6-9924-D0F4676F0D0E}.Debug|x64.Build.0 = Debug|Any CPU
		{77BC34F9-12AB-4EC6-9924-D0F4676F0D0E}.Debug|x86.ActiveCfg = Debug|Any CPU
		{77BC34F9-12AB-4EC6-9924-D0F4676F0D0E}.Debug|x86.Build.0 = Debug|Any CPU
		{77BC34F9-12AB-4EC6-9924-D0F4676F0D0E}.Release|Any CPU.ActiveCfg = Release|Any CPU
		{77BC34F9-12AB-4EC6-9924-D0F4676F0D0E}.Release|Any CPU.Build.0 = Release|Any CPU
		{77BC34F9-12AB-4EC6-9924-D0F4676F0D0E}.Release|x64.ActiveCfg = Release|Any CPU
		{77BC34F9-12AB-4EC6-9924-D0F4676F0D0E}.Release|x64.Build.0 = Release|Any CPU
		{77BC34F9-12AB-4EC6-9924-D0F4676F0D0E}.Release|x86.ActiveCfg = Release|Any CPU
		{77BC34F9-12AB-4EC6-9924-D0F4676F0D0E}.Release|x86.Build.0 = Release|Any CPU
		{D20F6C78-9DC7-4AFB-B69F-289733B516C3}.Debug|Any CPU.ActiveCfg = Debug|Any CPU
		{D20F6C78-9DC7-4AFB-B69F-289733B516C3}.Debug|Any CPU.Build.0 = Debug|Any CPU
		{D20F6C78-9DC7-4AFB-B69F-289733B516C3}.Debug|x64.ActiveCfg = Debug|Any CPU
		{D20F6C78-9DC7-4AFB-B69F-289733B516C3}.Debug|x64.Build.0 = Debug|Any CPU
		{D20F6C78-9DC7-4AFB-B69F-289733B516C3}.Debug|x86.ActiveCfg = Debug|Any CPU
		{D20F6C78-9DC7-4AFB-B69F-289733B516C3}.Debug|x86.Build.0 = Debug|Any CPU
		{D20F6C78-9DC7-4AFB-B69F-289733B516C3}.Release|Any CPU.ActiveCfg = Release|Any CPU
		{D20F6C78-9DC7-4AFB-B69F-289733B516C3}.Release|Any CPU.Build.0 = Release|Any CPU
		{D20F6C78-9DC7-4AFB-B69F-289733B516C3}.Release|x64.ActiveCfg = Release|Any CPU
		{D20F6C78-9DC7-4AFB-B69F-289733B516C3}.Release|x64.Build.0 = Release|Any CPU
		{D20F6C78-9DC7-4AFB-B69F-289733B516C3}.Release|x86.ActiveCfg = Release|Any CPU
		{D20F6C78-9DC7-4AFB-B69F-289733B516C3}.Release|x86.Build.0 = Release|Any CPU
		{0A342FA3-8C22-49AB-8DBB-5044D2852A9E}.Debug|Any CPU.ActiveCfg = Debug|Any CPU
		{0A342FA3-8C22-49AB-8DBB-5044D2852A9E}.Debug|Any CPU.Build.0 = Debug|Any CPU
		{0A342FA3-8C22-49AB-8DBB-5044D2852A9E}.Debug|x64.ActiveCfg = Debug|Any CPU
		{0A342FA3-8C22-49AB-8DBB-5044D2852A9E}.Debug|x64.Build.0 = Debug|Any CPU
		{0A342FA3-8C22-49AB-8DBB-5044D2852A9E}.Debug|x86.ActiveCfg = Debug|Any CPU
		{0A342FA3-8C22-49AB-8DBB-5044D2852A9E}.Debug|x86.Build.0 = Debug|Any CPU
		{0A342FA3-8C22-49AB-8DBB-5044D2852A9E}.Release|Any CPU.ActiveCfg = Release|Any CPU
		{0A342FA3-8C22-49AB-8DBB-5044D2852A9E}.Release|Any CPU.Build.0 = Release|Any CPU
		{0A342FA3-8C22-49AB-8DBB-5044D2852A9E}.Release|x64.ActiveCfg = Release|Any CPU
		{0A342FA3-8C22-49AB-8DBB-5044D2852A9E}.Release|x64.Build.0 = Release|Any CPU
		{0A342FA3-8C22-49AB-8DBB-5044D2852A9E}.Release|x86.ActiveCfg = Release|Any CPU
		{0A342FA3-8C22-49AB-8DBB-5044D2852A9E}.Release|x86.Build.0 = Release|Any CPU
		{82D6BD63-210B-4694-BAA1-C2B01D6BEF5C}.Debug|Any CPU.ActiveCfg = Debug|Any CPU
		{82D6BD63-210B-4694-BAA1-C2B01D6BEF5C}.Debug|Any CPU.Build.0 = Debug|Any CPU
		{82D6BD63-210B-4694-BAA1-C2B01D6BEF5C}.Debug|x64.ActiveCfg = Debug|Any CPU
		{82D6BD63-210B-4694-BAA1-C2B01D6BEF5C}.Debug|x64.Build.0 = Debug|Any CPU
		{82D6BD63-210B-4694-BAA1-C2B01D6BEF5C}.Debug|x86.ActiveCfg = Debug|Any CPU
		{82D6BD63-210B-4694-BAA1-C2B01D6BEF5C}.Debug|x86.Build.0 = Debug|Any CPU
		{82D6BD63-210B-4694-BAA1-C2B01D6BEF5C}.Release|Any CPU.ActiveCfg = Release|Any CPU
		{82D6BD63-210B-4694-BAA1-C2B01D6BEF5C}.Release|Any CPU.Build.0 = Release|Any CPU
		{82D6BD63-210B-4694-BAA1-C2B01D6BEF5C}.Release|x64.ActiveCfg = Release|Any CPU
		{82D6BD63-210B-4694-BAA1-C2B01D6BEF5C}.Release|x64.Build.0 = Release|Any CPU
		{82D6BD63-210B-4694-BAA1-C2B01D6BEF5C}.Release|x86.ActiveCfg = Release|Any CPU
		{82D6BD63-210B-4694-BAA1-C2B01D6BEF5C}.Release|x86.Build.0 = Release|Any CPU
		{7DCF7F90-42F7-4739-9E41-27CFC4A2424F}.Debug|Any CPU.ActiveCfg = Debug|Any CPU
		{7DCF7F90-42F7-4739-9E41-27CFC4A2424F}.Debug|Any CPU.Build.0 = Debug|Any CPU
		{7DCF7F90-42F7-4739-9E41-27CFC4A2424F}.Debug|x64.ActiveCfg = Debug|Any CPU
		{7DCF7F90-42F7-4739-9E41-27CFC4A2424F}.Debug|x64.Build.0 = Debug|Any CPU
		{7DCF7F90-42F7-4739-9E41-27CFC4A2424F}.Debug|x86.ActiveCfg = Debug|Any CPU
		{7DCF7F90-42F7-4739-9E41-27CFC4A2424F}.Debug|x86.Build.0 = Debug|Any CPU
		{7DCF7F90-42F7-4739-9E41-27CFC4A2424F}.Release|Any CPU.ActiveCfg = Release|Any CPU
		{7DCF7F90-42F7-4739-9E41-27CFC4A2424F}.Release|Any CPU.Build.0 = Release|Any CPU
		{7DCF7F90-42F7-4739-9E41-27CFC4A2424F}.Release|x64.ActiveCfg = Release|Any CPU
		{7DCF7F90-42F7-4739-9E41-27CFC4A2424F}.Release|x64.Build.0 = Release|Any CPU
		{7DCF7F90-42F7-4739-9E41-27CFC4A2424F}.Release|x86.ActiveCfg = Release|Any CPU
		{7DCF7F90-42F7-4739-9E41-27CFC4A2424F}.Release|x86.Build.0 = Release|Any CPU
		{2DD1CFE4-0CC8-4003-A6D9-D7830A0F2D4A}.Debug|Any CPU.ActiveCfg = Debug|Any CPU
		{2DD1CFE4-0CC8-4003-A6D9-D7830A0F2D4A}.Debug|Any CPU.Build.0 = Debug|Any CPU
		{2DD1CFE4-0CC8-4003-A6D9-D7830A0F2D4A}.Debug|x64.ActiveCfg = Debug|Any CPU
		{2DD1CFE4-0CC8-4003-A6D9-D7830A0F2D4A}.Debug|x64.Build.0 = Debug|Any CPU
		{2DD1CFE4-0CC8-4003-A6D9-D7830A0F2D4A}.Debug|x86.ActiveCfg = Debug|Any CPU
		{2DD1CFE4-0CC8-4003-A6D9-D7830A0F2D4A}.Debug|x86.Build.0 = Debug|Any CPU
		{2DD1CFE4-0CC8-4003-A6D9-D7830A0F2D4A}.Release|Any CPU.ActiveCfg = Release|Any CPU
		{2DD1CFE4-0CC8-4003-A6D9-D7830A0F2D4A}.Release|Any CPU.Build.0 = Release|Any CPU
		{2DD1CFE4-0CC8-4003-A6D9-D7830A0F2D4A}.Release|x64.ActiveCfg = Release|Any CPU
		{2DD1CFE4-0CC8-4003-A6D9-D7830A0F2D4A}.Release|x64.Build.0 = Release|Any CPU
		{2DD1CFE4-0CC8-4003-A6D9-D7830A0F2D4A}.Release|x86.ActiveCfg = Release|Any CPU
		{2DD1CFE4-0CC8-4003-A6D9-D7830A0F2D4A}.Release|x86.Build.0 = Release|Any CPU
		{C706FF67-D9DD-454C-97D2-7EB6B55730CA}.Debug|Any CPU.ActiveCfg = Debug|Any CPU
		{C706FF67-D9DD-454C-97D2-7EB6B55730CA}.Debug|Any CPU.Build.0 = Debug|Any CPU
		{C706FF67-D9DD-454C-97D2-7EB6B55730CA}.Debug|x64.ActiveCfg = Debug|Any CPU
		{C706FF67-D9DD-454C-97D2-7EB6B55730CA}.Debug|x64.Build.0 = Debug|Any CPU
		{C706FF67-D9DD-454C-97D2-7EB6B55730CA}.Debug|x86.ActiveCfg = Debug|Any CPU
		{C706FF67-D9DD-454C-97D2-7EB6B55730CA}.Debug|x86.Build.0 = Debug|Any CPU
		{C706FF67-D9DD-454C-97D2-7EB6B55730CA}.Release|Any CPU.ActiveCfg = Release|Any CPU
		{C706FF67-D9DD-454C-97D2-7EB6B55730CA}.Release|Any CPU.Build.0 = Release|Any CPU
		{C706FF67-D9DD-454C-97D2-7EB6B55730CA}.Release|x64.ActiveCfg = Release|Any CPU
		{C706FF67-D9DD-454C-97D2-7EB6B55730CA}.Release|x64.Build.0 = Release|Any CPU
		{C706FF67-D9DD-454C-97D2-7EB6B55730CA}.Release|x86.ActiveCfg = Release|Any CPU
		{C706FF67-D9DD-454C-97D2-7EB6B55730CA}.Release|x86.Build.0 = Release|Any CPU
		{41744666-E7E6-48BD-A4F1-631CCDCD69F1}.Debug|Any CPU.ActiveCfg = Debug|Any CPU
		{41744666-E7E6-48BD-A4F1-631CCDCD69F1}.Debug|Any CPU.Build.0 = Debug|Any CPU
		{41744666-E7E6-48BD-A4F1-631CCDCD69F1}.Debug|x64.ActiveCfg = Debug|Any CPU
		{41744666-E7E6-48BD-A4F1-631CCDCD69F1}.Debug|x64.Build.0 = Debug|Any CPU
		{41744666-E7E6-48BD-A4F1-631CCDCD69F1}.Debug|x86.ActiveCfg = Debug|Any CPU
		{41744666-E7E6-48BD-A4F1-631CCDCD69F1}.Debug|x86.Build.0 = Debug|Any CPU
		{41744666-E7E6-48BD-A4F1-631CCDCD69F1}.Release|Any CPU.ActiveCfg = Release|Any CPU
		{41744666-E7E6-48BD-A4F1-631CCDCD69F1}.Release|Any CPU.Build.0 = Release|Any CPU
		{41744666-E7E6-48BD-A4F1-631CCDCD69F1}.Release|x64.ActiveCfg = Release|Any CPU
		{41744666-E7E6-48BD-A4F1-631CCDCD69F1}.Release|x64.Build.0 = Release|Any CPU
		{41744666-E7E6-48BD-A4F1-631CCDCD69F1}.Release|x86.ActiveCfg = Release|Any CPU
		{41744666-E7E6-48BD-A4F1-631CCDCD69F1}.Release|x86.Build.0 = Release|Any CPU
		{1B3E81C7-CEEA-405D-946A-05E630402571}.Debug|Any CPU.ActiveCfg = Debug|Any CPU
		{1B3E81C7-CEEA-405D-946A-05E630402571}.Debug|Any CPU.Build.0 = Debug|Any CPU
		{1B3E81C7-CEEA-405D-946A-05E630402571}.Debug|x64.ActiveCfg = Debug|Any CPU
		{1B3E81C7-CEEA-405D-946A-05E630402571}.Debug|x64.Build.0 = Debug|Any CPU
		{1B3E81C7-CEEA-405D-946A-05E630402571}.Debug|x86.ActiveCfg = Debug|Any CPU
		{1B3E81C7-CEEA-405D-946A-05E630402571}.Debug|x86.Build.0 = Debug|Any CPU
		{1B3E81C7-CEEA-405D-946A-05E630402571}.Release|Any CPU.ActiveCfg = Release|Any CPU
		{1B3E81C7-CEEA-405D-946A-05E630402571}.Release|Any CPU.Build.0 = Release|Any CPU
		{1B3E81C7-CEEA-405D-946A-05E630402571}.Release|x64.ActiveCfg = Release|Any CPU
		{1B3E81C7-CEEA-405D-946A-05E630402571}.Release|x64.Build.0 = Release|Any CPU
		{1B3E81C7-CEEA-405D-946A-05E630402571}.Release|x86.ActiveCfg = Release|Any CPU
		{1B3E81C7-CEEA-405D-946A-05E630402571}.Release|x86.Build.0 = Release|Any CPU
		{C496106D-9081-408B-9846-800FA213EC48}.Debug|Any CPU.ActiveCfg = Debug|Any CPU
		{C496106D-9081-408B-9846-800FA213EC48}.Debug|Any CPU.Build.0 = Debug|Any CPU
		{C496106D-9081-408B-9846-800FA213EC48}.Debug|x64.ActiveCfg = Debug|Any CPU
		{C496106D-9081-408B-9846-800FA213EC48}.Debug|x64.Build.0 = Debug|Any CPU
		{C496106D-9081-408B-9846-800FA213EC48}.Debug|x86.ActiveCfg = Debug|Any CPU
		{C496106D-9081-408B-9846-800FA213EC48}.Debug|x86.Build.0 = Debug|Any CPU
		{C496106D-9081-408B-9846-800FA213EC48}.Release|Any CPU.ActiveCfg = Release|Any CPU
		{C496106D-9081-408B-9846-800FA213EC48}.Release|Any CPU.Build.0 = Release|Any CPU
		{C496106D-9081-408B-9846-800FA213EC48}.Release|x64.ActiveCfg = Release|Any CPU
		{C496106D-9081-408B-9846-800FA213EC48}.Release|x64.Build.0 = Release|Any CPU
		{C496106D-9081-408B-9846-800FA213EC48}.Release|x86.ActiveCfg = Release|Any CPU
		{C496106D-9081-408B-9846-800FA213EC48}.Release|x86.Build.0 = Release|Any CPU
		{DCC69DD1-0AA0-486F-B2FA-13F204FF74FA}.Debug|Any CPU.ActiveCfg = Debug|Any CPU
		{DCC69DD1-0AA0-486F-B2FA-13F204FF74FA}.Debug|Any CPU.Build.0 = Debug|Any CPU
		{DCC69DD1-0AA0-486F-B2FA-13F204FF74FA}.Debug|x64.ActiveCfg = Debug|Any CPU
		{DCC69DD1-0AA0-486F-B2FA-13F204FF74FA}.Debug|x64.Build.0 = Debug|Any CPU
		{DCC69DD1-0AA0-486F-B2FA-13F204FF74FA}.Debug|x86.ActiveCfg = Debug|Any CPU
		{DCC69DD1-0AA0-486F-B2FA-13F204FF74FA}.Debug|x86.Build.0 = Debug|Any CPU
		{DCC69DD1-0AA0-486F-B2FA-13F204FF74FA}.Release|Any CPU.ActiveCfg = Release|Any CPU
		{DCC69DD1-0AA0-486F-B2FA-13F204FF74FA}.Release|Any CPU.Build.0 = Release|Any CPU
		{DCC69DD1-0AA0-486F-B2FA-13F204FF74FA}.Release|x64.ActiveCfg = Release|Any CPU
		{DCC69DD1-0AA0-486F-B2FA-13F204FF74FA}.Release|x64.Build.0 = Release|Any CPU
		{DCC69DD1-0AA0-486F-B2FA-13F204FF74FA}.Release|x86.ActiveCfg = Release|Any CPU
		{DCC69DD1-0AA0-486F-B2FA-13F204FF74FA}.Release|x86.Build.0 = Release|Any CPU
		{50376223-A24D-4D8A-94C6-1CFF770AD62A}.Debug|Any CPU.ActiveCfg = Debug|Any CPU
		{50376223-A24D-4D8A-94C6-1CFF770AD62A}.Debug|Any CPU.Build.0 = Debug|Any CPU
		{50376223-A24D-4D8A-94C6-1CFF770AD62A}.Debug|x64.ActiveCfg = Debug|Any CPU
		{50376223-A24D-4D8A-94C6-1CFF770AD62A}.Debug|x64.Build.0 = Debug|Any CPU
		{50376223-A24D-4D8A-94C6-1CFF770AD62A}.Debug|x86.ActiveCfg = Debug|Any CPU
		{50376223-A24D-4D8A-94C6-1CFF770AD62A}.Debug|x86.Build.0 = Debug|Any CPU
		{50376223-A24D-4D8A-94C6-1CFF770AD62A}.Release|Any CPU.ActiveCfg = Release|Any CPU
		{50376223-A24D-4D8A-94C6-1CFF770AD62A}.Release|Any CPU.Build.0 = Release|Any CPU
		{50376223-A24D-4D8A-94C6-1CFF770AD62A}.Release|x64.ActiveCfg = Release|Any CPU
		{50376223-A24D-4D8A-94C6-1CFF770AD62A}.Release|x64.Build.0 = Release|Any CPU
		{50376223-A24D-4D8A-94C6-1CFF770AD62A}.Release|x86.ActiveCfg = Release|Any CPU
		{50376223-A24D-4D8A-94C6-1CFF770AD62A}.Release|x86.Build.0 = Release|Any CPU
		{5DF953C8-A1BF-4881-AD79-647F9CFABA17}.Debug|Any CPU.ActiveCfg = Debug|Any CPU
		{5DF953C8-A1BF-4881-AD79-647F9CFABA17}.Debug|Any CPU.Build.0 = Debug|Any CPU
		{5DF953C8-A1BF-4881-AD79-647F9CFABA17}.Debug|x64.ActiveCfg = Debug|Any CPU
		{5DF953C8-A1BF-4881-AD79-647F9CFABA17}.Debug|x64.Build.0 = Debug|Any CPU
		{5DF953C8-A1BF-4881-AD79-647F9CFABA17}.Debug|x86.ActiveCfg = Debug|Any CPU
		{5DF953C8-A1BF-4881-AD79-647F9CFABA17}.Debug|x86.Build.0 = Debug|Any CPU
		{5DF953C8-A1BF-4881-AD79-647F9CFABA17}.Release|Any CPU.ActiveCfg = Release|Any CPU
		{5DF953C8-A1BF-4881-AD79-647F9CFABA17}.Release|Any CPU.Build.0 = Release|Any CPU
		{5DF953C8-A1BF-4881-AD79-647F9CFABA17}.Release|x64.ActiveCfg = Release|Any CPU
		{5DF953C8-A1BF-4881-AD79-647F9CFABA17}.Release|x64.Build.0 = Release|Any CPU
		{5DF953C8-A1BF-4881-AD79-647F9CFABA17}.Release|x86.ActiveCfg = Release|Any CPU
		{5DF953C8-A1BF-4881-AD79-647F9CFABA17}.Release|x86.Build.0 = Release|Any CPU
		{1E10C5DC-F2A5-4606-A878-62500942DB29}.Debug|Any CPU.ActiveCfg = Debug|Any CPU
		{1E10C5DC-F2A5-4606-A878-62500942DB29}.Debug|Any CPU.Build.0 = Debug|Any CPU
		{1E10C5DC-F2A5-4606-A878-62500942DB29}.Debug|x64.ActiveCfg = Debug|Any CPU
		{1E10C5DC-F2A5-4606-A878-62500942DB29}.Debug|x64.Build.0 = Debug|Any CPU
		{1E10C5DC-F2A5-4606-A878-62500942DB29}.Debug|x86.ActiveCfg = Debug|Any CPU
		{1E10C5DC-F2A5-4606-A878-62500942DB29}.Debug|x86.Build.0 = Debug|Any CPU
		{1E10C5DC-F2A5-4606-A878-62500942DB29}.Release|Any CPU.ActiveCfg = Release|Any CPU
		{1E10C5DC-F2A5-4606-A878-62500942DB29}.Release|Any CPU.Build.0 = Release|Any CPU
		{1E10C5DC-F2A5-4606-A878-62500942DB29}.Release|x64.ActiveCfg = Release|Any CPU
		{1E10C5DC-F2A5-4606-A878-62500942DB29}.Release|x64.Build.0 = Release|Any CPU
		{1E10C5DC-F2A5-4606-A878-62500942DB29}.Release|x86.ActiveCfg = Release|Any CPU
		{1E10C5DC-F2A5-4606-A878-62500942DB29}.Release|x86.Build.0 = Release|Any CPU
		{6299F2C5-2602-4854-981D-63ECDE86A6C8}.Debug|Any CPU.ActiveCfg = Debug|Any CPU
		{6299F2C5-2602-4854-981D-63ECDE86A6C8}.Debug|Any CPU.Build.0 = Debug|Any CPU
		{6299F2C5-2602-4854-981D-63ECDE86A6C8}.Debug|x64.ActiveCfg = Debug|Any CPU
		{6299F2C5-2602-4854-981D-63ECDE86A6C8}.Debug|x64.Build.0 = Debug|Any CPU
		{6299F2C5-2602-4854-981D-63ECDE86A6C8}.Debug|x86.ActiveCfg = Debug|Any CPU
		{6299F2C5-2602-4854-981D-63ECDE86A6C8}.Debug|x86.Build.0 = Debug|Any CPU
		{6299F2C5-2602-4854-981D-63ECDE86A6C8}.Release|Any CPU.ActiveCfg = Release|Any CPU
		{6299F2C5-2602-4854-981D-63ECDE86A6C8}.Release|Any CPU.Build.0 = Release|Any CPU
		{6299F2C5-2602-4854-981D-63ECDE86A6C8}.Release|x64.ActiveCfg = Release|Any CPU
		{6299F2C5-2602-4854-981D-63ECDE86A6C8}.Release|x64.Build.0 = Release|Any CPU
		{6299F2C5-2602-4854-981D-63ECDE86A6C8}.Release|x86.ActiveCfg = Release|Any CPU
		{6299F2C5-2602-4854-981D-63ECDE86A6C8}.Release|x86.Build.0 = Release|Any CPU
		{B32D0747-46AD-468B-A35F-34AABB5B166A}.Debug|Any CPU.ActiveCfg = Debug|Any CPU
		{B32D0747-46AD-468B-A35F-34AABB5B166A}.Debug|Any CPU.Build.0 = Debug|Any CPU
		{B32D0747-46AD-468B-A35F-34AABB5B166A}.Debug|x64.ActiveCfg = Debug|Any CPU
		{B32D0747-46AD-468B-A35F-34AABB5B166A}.Debug|x64.Build.0 = Debug|Any CPU
		{B32D0747-46AD-468B-A35F-34AABB5B166A}.Debug|x86.ActiveCfg = Debug|Any CPU
		{B32D0747-46AD-468B-A35F-34AABB5B166A}.Debug|x86.Build.0 = Debug|Any CPU
		{B32D0747-46AD-468B-A35F-34AABB5B166A}.Release|Any CPU.ActiveCfg = Release|Any CPU
		{B32D0747-46AD-468B-A35F-34AABB5B166A}.Release|Any CPU.Build.0 = Release|Any CPU
		{B32D0747-46AD-468B-A35F-34AABB5B166A}.Release|x64.ActiveCfg = Release|Any CPU
		{B32D0747-46AD-468B-A35F-34AABB5B166A}.Release|x64.Build.0 = Release|Any CPU
		{B32D0747-46AD-468B-A35F-34AABB5B166A}.Release|x86.ActiveCfg = Release|Any CPU
		{B32D0747-46AD-468B-A35F-34AABB5B166A}.Release|x86.Build.0 = Release|Any CPU
		{EFE304E9-C8D4-4F8C-99A4-AAEF5ADAFDC3}.Debug|Any CPU.ActiveCfg = Debug|Any CPU
		{EFE304E9-C8D4-4F8C-99A4-AAEF5ADAFDC3}.Debug|Any CPU.Build.0 = Debug|Any CPU
		{EFE304E9-C8D4-4F8C-99A4-AAEF5ADAFDC3}.Debug|x64.ActiveCfg = Debug|Any CPU
		{EFE304E9-C8D4-4F8C-99A4-AAEF5ADAFDC3}.Debug|x64.Build.0 = Debug|Any CPU
		{EFE304E9-C8D4-4F8C-99A4-AAEF5ADAFDC3}.Debug|x86.ActiveCfg = Debug|Any CPU
		{EFE304E9-C8D4-4F8C-99A4-AAEF5ADAFDC3}.Debug|x86.Build.0 = Debug|Any CPU
		{EFE304E9-C8D4-4F8C-99A4-AAEF5ADAFDC3}.Release|Any CPU.ActiveCfg = Release|Any CPU
		{EFE304E9-C8D4-4F8C-99A4-AAEF5ADAFDC3}.Release|Any CPU.Build.0 = Release|Any CPU
		{EFE304E9-C8D4-4F8C-99A4-AAEF5ADAFDC3}.Release|x64.ActiveCfg = Release|Any CPU
		{EFE304E9-C8D4-4F8C-99A4-AAEF5ADAFDC3}.Release|x64.Build.0 = Release|Any CPU
		{EFE304E9-C8D4-4F8C-99A4-AAEF5ADAFDC3}.Release|x86.ActiveCfg = Release|Any CPU
		{EFE304E9-C8D4-4F8C-99A4-AAEF5ADAFDC3}.Release|x86.Build.0 = Release|Any CPU
		{5B0EC247-EB83-498D-AB16-2BFF4789C4B0}.Debug|Any CPU.ActiveCfg = Debug|Any CPU
		{5B0EC247-EB83-498D-AB16-2BFF4789C4B0}.Debug|Any CPU.Build.0 = Debug|Any CPU
		{5B0EC247-EB83-498D-AB16-2BFF4789C4B0}.Debug|x64.ActiveCfg = Debug|Any CPU
		{5B0EC247-EB83-498D-AB16-2BFF4789C4B0}.Debug|x64.Build.0 = Debug|Any CPU
		{5B0EC247-EB83-498D-AB16-2BFF4789C4B0}.Debug|x86.ActiveCfg = Debug|Any CPU
		{5B0EC247-EB83-498D-AB16-2BFF4789C4B0}.Debug|x86.Build.0 = Debug|Any CPU
		{5B0EC247-EB83-498D-AB16-2BFF4789C4B0}.Release|Any CPU.ActiveCfg = Release|Any CPU
		{5B0EC247-EB83-498D-AB16-2BFF4789C4B0}.Release|Any CPU.Build.0 = Release|Any CPU
		{5B0EC247-EB83-498D-AB16-2BFF4789C4B0}.Release|x64.ActiveCfg = Release|Any CPU
		{5B0EC247-EB83-498D-AB16-2BFF4789C4B0}.Release|x64.Build.0 = Release|Any CPU
		{5B0EC247-EB83-498D-AB16-2BFF4789C4B0}.Release|x86.ActiveCfg = Release|Any CPU
		{5B0EC247-EB83-498D-AB16-2BFF4789C4B0}.Release|x86.Build.0 = Release|Any CPU
		{CD58360E-EE25-412E-A113-0AC2CD24F833}.Debug|Any CPU.ActiveCfg = Debug|Any CPU
		{CD58360E-EE25-412E-A113-0AC2CD24F833}.Debug|Any CPU.Build.0 = Debug|Any CPU
		{CD58360E-EE25-412E-A113-0AC2CD24F833}.Debug|x64.ActiveCfg = Debug|Any CPU
		{CD58360E-EE25-412E-A113-0AC2CD24F833}.Debug|x64.Build.0 = Debug|Any CPU
		{CD58360E-EE25-412E-A113-0AC2CD24F833}.Debug|x86.ActiveCfg = Debug|Any CPU
		{CD58360E-EE25-412E-A113-0AC2CD24F833}.Debug|x86.Build.0 = Debug|Any CPU
		{CD58360E-EE25-412E-A113-0AC2CD24F833}.Release|Any CPU.ActiveCfg = Release|Any CPU
		{CD58360E-EE25-412E-A113-0AC2CD24F833}.Release|Any CPU.Build.0 = Release|Any CPU
		{CD58360E-EE25-412E-A113-0AC2CD24F833}.Release|x64.ActiveCfg = Release|Any CPU
		{CD58360E-EE25-412E-A113-0AC2CD24F833}.Release|x64.Build.0 = Release|Any CPU
		{CD58360E-EE25-412E-A113-0AC2CD24F833}.Release|x86.ActiveCfg = Release|Any CPU
		{CD58360E-EE25-412E-A113-0AC2CD24F833}.Release|x86.Build.0 = Release|Any CPU
		{45A0CE20-4C6E-4CBF-93F6-98ED0C0812C4}.Debug|Any CPU.ActiveCfg = Debug|Any CPU
		{45A0CE20-4C6E-4CBF-93F6-98ED0C0812C4}.Debug|Any CPU.Build.0 = Debug|Any CPU
		{45A0CE20-4C6E-4CBF-93F6-98ED0C0812C4}.Debug|x64.ActiveCfg = Debug|Any CPU
		{45A0CE20-4C6E-4CBF-93F6-98ED0C0812C4}.Debug|x64.Build.0 = Debug|Any CPU
		{45A0CE20-4C6E-4CBF-93F6-98ED0C0812C4}.Debug|x86.ActiveCfg = Debug|Any CPU
		{45A0CE20-4C6E-4CBF-93F6-98ED0C0812C4}.Debug|x86.Build.0 = Debug|Any CPU
		{45A0CE20-4C6E-4CBF-93F6-98ED0C0812C4}.Release|Any CPU.ActiveCfg = Release|Any CPU
		{45A0CE20-4C6E-4CBF-93F6-98ED0C0812C4}.Release|Any CPU.Build.0 = Release|Any CPU
		{45A0CE20-4C6E-4CBF-93F6-98ED0C0812C4}.Release|x64.ActiveCfg = Release|Any CPU
		{45A0CE20-4C6E-4CBF-93F6-98ED0C0812C4}.Release|x64.Build.0 = Release|Any CPU
		{45A0CE20-4C6E-4CBF-93F6-98ED0C0812C4}.Release|x86.ActiveCfg = Release|Any CPU
		{45A0CE20-4C6E-4CBF-93F6-98ED0C0812C4}.Release|x86.Build.0 = Release|Any CPU
		{03605F1C-3112-47BB-B50C-A5A39BA79064}.Debug|Any CPU.ActiveCfg = Debug|Any CPU
		{03605F1C-3112-47BB-B50C-A5A39BA79064}.Debug|Any CPU.Build.0 = Debug|Any CPU
		{03605F1C-3112-47BB-B50C-A5A39BA79064}.Debug|x64.ActiveCfg = Debug|Any CPU
		{03605F1C-3112-47BB-B50C-A5A39BA79064}.Debug|x64.Build.0 = Debug|Any CPU
		{03605F1C-3112-47BB-B50C-A5A39BA79064}.Debug|x86.ActiveCfg = Debug|Any CPU
		{03605F1C-3112-47BB-B50C-A5A39BA79064}.Debug|x86.Build.0 = Debug|Any CPU
		{03605F1C-3112-47BB-B50C-A5A39BA79064}.Release|Any CPU.ActiveCfg = Release|Any CPU
		{03605F1C-3112-47BB-B50C-A5A39BA79064}.Release|Any CPU.Build.0 = Release|Any CPU
		{03605F1C-3112-47BB-B50C-A5A39BA79064}.Release|x64.ActiveCfg = Release|Any CPU
		{03605F1C-3112-47BB-B50C-A5A39BA79064}.Release|x64.Build.0 = Release|Any CPU
		{03605F1C-3112-47BB-B50C-A5A39BA79064}.Release|x86.ActiveCfg = Release|Any CPU
		{03605F1C-3112-47BB-B50C-A5A39BA79064}.Release|x86.Build.0 = Release|Any CPU
		{B5D33B8E-0F35-43D0-B649-2F0822FE5D78}.Debug|Any CPU.ActiveCfg = Debug|Any CPU
		{B5D33B8E-0F35-43D0-B649-2F0822FE5D78}.Debug|Any CPU.Build.0 = Debug|Any CPU
		{B5D33B8E-0F35-43D0-B649-2F0822FE5D78}.Debug|x64.ActiveCfg = Debug|Any CPU
		{B5D33B8E-0F35-43D0-B649-2F0822FE5D78}.Debug|x64.Build.0 = Debug|Any CPU
		{B5D33B8E-0F35-43D0-B649-2F0822FE5D78}.Debug|x86.ActiveCfg = Debug|Any CPU
		{B5D33B8E-0F35-43D0-B649-2F0822FE5D78}.Debug|x86.Build.0 = Debug|Any CPU
		{B5D33B8E-0F35-43D0-B649-2F0822FE5D78}.Release|Any CPU.ActiveCfg = Release|Any CPU
		{B5D33B8E-0F35-43D0-B649-2F0822FE5D78}.Release|Any CPU.Build.0 = Release|Any CPU
		{B5D33B8E-0F35-43D0-B649-2F0822FE5D78}.Release|x64.ActiveCfg = Release|Any CPU
		{B5D33B8E-0F35-43D0-B649-2F0822FE5D78}.Release|x64.Build.0 = Release|Any CPU
		{B5D33B8E-0F35-43D0-B649-2F0822FE5D78}.Release|x86.ActiveCfg = Release|Any CPU
		{B5D33B8E-0F35-43D0-B649-2F0822FE5D78}.Release|x86.Build.0 = Release|Any CPU
		{4387CBC4-EDFD-4D48-AEB4-C340609B8F2D}.Debug|Any CPU.ActiveCfg = Debug|Any CPU
		{4387CBC4-EDFD-4D48-AEB4-C340609B8F2D}.Debug|Any CPU.Build.0 = Debug|Any CPU
		{4387CBC4-EDFD-4D48-AEB4-C340609B8F2D}.Debug|x64.ActiveCfg = Debug|Any CPU
		{4387CBC4-EDFD-4D48-AEB4-C340609B8F2D}.Debug|x64.Build.0 = Debug|Any CPU
		{4387CBC4-EDFD-4D48-AEB4-C340609B8F2D}.Debug|x86.ActiveCfg = Debug|Any CPU
		{4387CBC4-EDFD-4D48-AEB4-C340609B8F2D}.Debug|x86.Build.0 = Debug|Any CPU
		{4387CBC4-EDFD-4D48-AEB4-C340609B8F2D}.Release|Any CPU.ActiveCfg = Release|Any CPU
		{4387CBC4-EDFD-4D48-AEB4-C340609B8F2D}.Release|Any CPU.Build.0 = Release|Any CPU
		{4387CBC4-EDFD-4D48-AEB4-C340609B8F2D}.Release|x64.ActiveCfg = Release|Any CPU
		{4387CBC4-EDFD-4D48-AEB4-C340609B8F2D}.Release|x64.Build.0 = Release|Any CPU
		{4387CBC4-EDFD-4D48-AEB4-C340609B8F2D}.Release|x86.ActiveCfg = Release|Any CPU
		{4387CBC4-EDFD-4D48-AEB4-C340609B8F2D}.Release|x86.Build.0 = Release|Any CPU
		{7467A172-3DA1-44C2-9326-7883D8E550F6}.Debug|Any CPU.ActiveCfg = Debug|Any CPU
		{7467A172-3DA1-44C2-9326-7883D8E550F6}.Debug|Any CPU.Build.0 = Debug|Any CPU
		{7467A172-3DA1-44C2-9326-7883D8E550F6}.Debug|x64.ActiveCfg = Debug|Any CPU
		{7467A172-3DA1-44C2-9326-7883D8E550F6}.Debug|x64.Build.0 = Debug|Any CPU
		{7467A172-3DA1-44C2-9326-7883D8E550F6}.Debug|x86.ActiveCfg = Debug|Any CPU
		{7467A172-3DA1-44C2-9326-7883D8E550F6}.Debug|x86.Build.0 = Debug|Any CPU
		{7467A172-3DA1-44C2-9326-7883D8E550F6}.Release|Any CPU.ActiveCfg = Release|Any CPU
		{7467A172-3DA1-44C2-9326-7883D8E550F6}.Release|Any CPU.Build.0 = Release|Any CPU
		{7467A172-3DA1-44C2-9326-7883D8E550F6}.Release|x64.ActiveCfg = Release|Any CPU
		{7467A172-3DA1-44C2-9326-7883D8E550F6}.Release|x64.Build.0 = Release|Any CPU
		{7467A172-3DA1-44C2-9326-7883D8E550F6}.Release|x86.ActiveCfg = Release|Any CPU
		{7467A172-3DA1-44C2-9326-7883D8E550F6}.Release|x86.Build.0 = Release|Any CPU
		{77F45239-2333-490D-BFDA-B7AA289EF83D}.Debug|Any CPU.ActiveCfg = Debug|Any CPU
		{77F45239-2333-490D-BFDA-B7AA289EF83D}.Debug|Any CPU.Build.0 = Debug|Any CPU
		{77F45239-2333-490D-BFDA-B7AA289EF83D}.Debug|x64.ActiveCfg = Debug|Any CPU
		{77F45239-2333-490D-BFDA-B7AA289EF83D}.Debug|x64.Build.0 = Debug|Any CPU
		{77F45239-2333-490D-BFDA-B7AA289EF83D}.Debug|x86.ActiveCfg = Debug|Any CPU
		{77F45239-2333-490D-BFDA-B7AA289EF83D}.Debug|x86.Build.0 = Debug|Any CPU
		{77F45239-2333-490D-BFDA-B7AA289EF83D}.Release|Any CPU.ActiveCfg = Release|Any CPU
		{77F45239-2333-490D-BFDA-B7AA289EF83D}.Release|Any CPU.Build.0 = Release|Any CPU
		{77F45239-2333-490D-BFDA-B7AA289EF83D}.Release|x64.ActiveCfg = Release|Any CPU
		{77F45239-2333-490D-BFDA-B7AA289EF83D}.Release|x64.Build.0 = Release|Any CPU
		{77F45239-2333-490D-BFDA-B7AA289EF83D}.Release|x86.ActiveCfg = Release|Any CPU
		{77F45239-2333-490D-BFDA-B7AA289EF83D}.Release|x86.Build.0 = Release|Any CPU
		{34F1672D-1A9C-4BAB-9E28-DA06DE0A90B0}.Debug|Any CPU.ActiveCfg = Debug|Any CPU
		{34F1672D-1A9C-4BAB-9E28-DA06DE0A90B0}.Debug|Any CPU.Build.0 = Debug|Any CPU
		{34F1672D-1A9C-4BAB-9E28-DA06DE0A90B0}.Debug|x64.ActiveCfg = Debug|Any CPU
		{34F1672D-1A9C-4BAB-9E28-DA06DE0A90B0}.Debug|x64.Build.0 = Debug|Any CPU
		{34F1672D-1A9C-4BAB-9E28-DA06DE0A90B0}.Debug|x86.ActiveCfg = Debug|Any CPU
		{34F1672D-1A9C-4BAB-9E28-DA06DE0A90B0}.Debug|x86.Build.0 = Debug|Any CPU
		{34F1672D-1A9C-4BAB-9E28-DA06DE0A90B0}.Release|Any CPU.ActiveCfg = Release|Any CPU
		{34F1672D-1A9C-4BAB-9E28-DA06DE0A90B0}.Release|Any CPU.Build.0 = Release|Any CPU
		{34F1672D-1A9C-4BAB-9E28-DA06DE0A90B0}.Release|x64.ActiveCfg = Release|Any CPU
		{34F1672D-1A9C-4BAB-9E28-DA06DE0A90B0}.Release|x64.Build.0 = Release|Any CPU
		{34F1672D-1A9C-4BAB-9E28-DA06DE0A90B0}.Release|x86.ActiveCfg = Release|Any CPU
		{34F1672D-1A9C-4BAB-9E28-DA06DE0A90B0}.Release|x86.Build.0 = Release|Any CPU
		{5E5FE9B4-88DA-4868-B114-3123925C5E72}.Debug|Any CPU.ActiveCfg = Debug|Any CPU
		{5E5FE9B4-88DA-4868-B114-3123925C5E72}.Debug|Any CPU.Build.0 = Debug|Any CPU
		{5E5FE9B4-88DA-4868-B114-3123925C5E72}.Debug|x64.ActiveCfg = Debug|Any CPU
		{5E5FE9B4-88DA-4868-B114-3123925C5E72}.Debug|x64.Build.0 = Debug|Any CPU
		{5E5FE9B4-88DA-4868-B114-3123925C5E72}.Debug|x86.ActiveCfg = Debug|Any CPU
		{5E5FE9B4-88DA-4868-B114-3123925C5E72}.Debug|x86.Build.0 = Debug|Any CPU
		{5E5FE9B4-88DA-4868-B114-3123925C5E72}.Release|Any CPU.ActiveCfg = Release|Any CPU
		{5E5FE9B4-88DA-4868-B114-3123925C5E72}.Release|Any CPU.Build.0 = Release|Any CPU
		{5E5FE9B4-88DA-4868-B114-3123925C5E72}.Release|x64.ActiveCfg = Release|Any CPU
		{5E5FE9B4-88DA-4868-B114-3123925C5E72}.Release|x64.Build.0 = Release|Any CPU
		{5E5FE9B4-88DA-4868-B114-3123925C5E72}.Release|x86.ActiveCfg = Release|Any CPU
		{5E5FE9B4-88DA-4868-B114-3123925C5E72}.Release|x86.Build.0 = Release|Any CPU
	EndGlobalSection
	GlobalSection(SolutionProperties) = preSolution
		HideSolutionNode = FALSE
	EndGlobalSection
	GlobalSection(NestedProjects) = preSolution
		{90ABF384-7116-451A-BCE6-82872FD95792} = {3B3CCD52-CF1B-492C-A5F8-FBB626C5039C}
		{E53A145B-A81A-4FCC-9E2A-4136856F414A} = {3B3CCD52-CF1B-492C-A5F8-FBB626C5039C}
		{D1839286-0E0F-42C6-BF6B-D2B177B7862A} = {3B3CCD52-CF1B-492C-A5F8-FBB626C5039C}
		{7D138362-4FB1-4B85-AE11-18D49C46BEC1} = {3B3CCD52-CF1B-492C-A5F8-FBB626C5039C}
		{A94C3243-F0CD-4AEB-B8F4-EC12CFFFCA12} = {F0F45D49-20AC-4407-8618-8C3650E34B97}
		{63FDB648-1631-4452-8B60-E5A4225341FB} = {3B3CCD52-CF1B-492C-A5F8-FBB626C5039C}
		{B19AD698-11F5-486E-B534-00262F751700} = {F0F45D49-20AC-4407-8618-8C3650E34B97}
		{77BC34F9-12AB-4EC6-9924-D0F4676F0D0E} = {F0F45D49-20AC-4407-8618-8C3650E34B97}
		{D20F6C78-9DC7-4AFB-B69F-289733B516C3} = {F0F45D49-20AC-4407-8618-8C3650E34B97}
		{0A342FA3-8C22-49AB-8DBB-5044D2852A9E} = {F0F45D49-20AC-4407-8618-8C3650E34B97}
		{82D6BD63-210B-4694-BAA1-C2B01D6BEF5C} = {F0F45D49-20AC-4407-8618-8C3650E34B97}
		{7DCF7F90-42F7-4739-9E41-27CFC4A2424F} = {F0F45D49-20AC-4407-8618-8C3650E34B97}
		{2DD1CFE4-0CC8-4003-A6D9-D7830A0F2D4A} = {F0F45D49-20AC-4407-8618-8C3650E34B97}
		{C706FF67-D9DD-454C-97D2-7EB6B55730CA} = {F0F45D49-20AC-4407-8618-8C3650E34B97}
		{41744666-E7E6-48BD-A4F1-631CCDCD69F1} = {3B3CCD52-CF1B-492C-A5F8-FBB626C5039C}
		{1B3E81C7-CEEA-405D-946A-05E630402571} = {F0F45D49-20AC-4407-8618-8C3650E34B97}
		{C496106D-9081-408B-9846-800FA213EC48} = {3B3CCD52-CF1B-492C-A5F8-FBB626C5039C}
		{DCC69DD1-0AA0-486F-B2FA-13F204FF74FA} = {F0F45D49-20AC-4407-8618-8C3650E34B97}
		{50376223-A24D-4D8A-94C6-1CFF770AD62A} = {3B3CCD52-CF1B-492C-A5F8-FBB626C5039C}
		{5DF953C8-A1BF-4881-AD79-647F9CFABA17} = {F0F45D49-20AC-4407-8618-8C3650E34B97}
		{1E10C5DC-F2A5-4606-A878-62500942DB29} = {3B3CCD52-CF1B-492C-A5F8-FBB626C5039C}
		{6299F2C5-2602-4854-981D-63ECDE86A6C8} = {F0F45D49-20AC-4407-8618-8C3650E34B97}
		{B32D0747-46AD-468B-A35F-34AABB5B166A} = {3B3CCD52-CF1B-492C-A5F8-FBB626C5039C}
		{EFE304E9-C8D4-4F8C-99A4-AAEF5ADAFDC3} = {F0F45D49-20AC-4407-8618-8C3650E34B97}
		{5B0EC247-EB83-498D-AB16-2BFF4789C4B0} = {F0F45D49-20AC-4407-8618-8C3650E34B97}
		{CD58360E-EE25-412E-A113-0AC2CD24F833} = {3B3CCD52-CF1B-492C-A5F8-FBB626C5039C}
		{45A0CE20-4C6E-4CBF-93F6-98ED0C0812C4} = {3B3CCD52-CF1B-492C-A5F8-FBB626C5039C}
		{03605F1C-3112-47BB-B50C-A5A39BA79064} = {3B3CCD52-CF1B-492C-A5F8-FBB626C5039C}
		{B5D33B8E-0F35-43D0-B649-2F0822FE5D78} = {3B3CCD52-CF1B-492C-A5F8-FBB626C5039C}
		{4387CBC4-EDFD-4D48-AEB4-C340609B8F2D} = {F0F45D49-20AC-4407-8618-8C3650E34B97}
		{7467A172-3DA1-44C2-9326-7883D8E550F6} = {F0F45D49-20AC-4407-8618-8C3650E34B97}
		{77F45239-2333-490D-BFDA-B7AA289EF83D} = {F0F45D49-20AC-4407-8618-8C3650E34B97}
		{34F1672D-1A9C-4BAB-9E28-DA06DE0A90B0} = {F0F45D49-20AC-4407-8618-8C3650E34B97}
		{5E5FE9B4-88DA-4868-B114-3123925C5E72} = {F0F45D49-20AC-4407-8618-8C3650E34B97}
	EndGlobalSection
	GlobalSection(ExtensibilityGlobals) = postSolution
		SolutionGuid = {801E5D6F-1615-444B-BDE4-8A6A30FE0520}
	EndGlobalSection
EndGlobal
